// !$*UTF8*$!
{
	archiveVersion = 1;
	classes = {
	};
	objectVersion = 46;
	objects = {

/* Begin PBXBuildFile section */
		009099A69C3F44A1926C1A62 /* CDVCamera.m in Sources */ = {isa = PBXBuildFile; fileRef = 6BE2F9D2CA6B46839604882A /* CDVCamera.m */; };
		0207DA581B56EA530066E2B4 /* Images.xcassets in Resources */ = {isa = PBXBuildFile; fileRef = 0207DA571B56EA530066E2B4 /* Images.xcassets */; };
		09C5E734B25E4E449D38D673 /* sha1.c in Sources */ = {isa = PBXBuildFile; fileRef = C92084F98855490B88C00D26 /* sha1.c */; };
		0AC1C639A3BD4DE6B2D66091 /* ImageIO.framework in Frameworks */ = {isa = PBXBuildFile; fileRef = AE4E30ABB9DD43038F520E7D /* ImageIO.framework */; settings = {ATTRIBUTES = (Weak, ); }; };
		0E239017DA254E5589B9F335 /* CDVCapture.m in Sources */ = {isa = PBXBuildFile; fileRef = A4754FE25817477290F9FE76 /* CDVCapture.m */; };
		11820E8EBBDD439FB4BF9C0C /* prng.c in Sources */ = {isa = PBXBuildFile; fileRef = 1B44BC529ED343E6A4CEEE52 /* prng.c */; };
		13308AA2B0604E3FB78C1BEA /* CodePushJWTCryptoKey.m in Sources */ = {isa = PBXBuildFile; fileRef = ECCD425B39A94B839228C19D /* CodePushJWTCryptoKey.m */; };
		1A4344D9C8144BFCA6C1B41C /* CDVLocation.m in Sources */ = {isa = PBXBuildFile; fileRef = 414053D465EF425BBA3015A5 /* CDVLocation.m */; };
		1D3623260D0F684500981E51 /* AppDelegate.m in Sources */ = {isa = PBXBuildFile; fileRef = 1D3623250D0F684500981E51 /* AppDelegate.m */; };
		1D5FC87BD3334106BBFA4FD4 /* unzip.c in Sources */ = {isa = PBXBuildFile; fileRef = 8B2779049CFF483DA7E3BB2D /* unzip.c */; };
		1D60589B0D05DD56006BFB54 /* main.m in Sources */ = {isa = PBXBuildFile; fileRef = 29B97316FDCFA39411CA2CEA /* main.m */; };
		1FE164E006544A8BA20BB2C4 /* CDVFile.m in Sources */ = {isa = PBXBuildFile; fileRef = 24685DB05D75477C86B1AAFE /* CDVFile.m */; };
		26F4133C23FF408D846ECFA5 /* CDVInAppBrowser.m in Sources */ = {isa = PBXBuildFile; fileRef = 3E38EDCE9A9E40BE9A37C434 /* CDVInAppBrowser.m */; };
		282756885DB54979B402C6B3 /* CDVLocalFilesystem.m in Sources */ = {isa = PBXBuildFile; fileRef = 91E6B40A27894ACDA638BD9E /* CDVLocalFilesystem.m */; };
		29DE2B4A854844F78AECA01F /* CDVClipboard.m in Sources */ = {isa = PBXBuildFile; fileRef = F9991CBE089C44FF841C8129 /* CDVClipboard.m */; };
		2C1ADF5A0B8E40D491EE6E99 /* CodePushMF_Base64Additions.m in Sources */ = {isa = PBXBuildFile; fileRef = 11698AB5762949FD9F6BAD47 /* CodePushMF_Base64Additions.m */; };
		301BF552109A68D80062928A /* libCordova.a in Frameworks */ = {isa = PBXBuildFile; fileRef = 301BF535109A57CC0062928A /* libCordova.a */; };
		302D95F114D2391D003F00A1 /* MainViewController.m in Sources */ = {isa = PBXBuildFile; fileRef = 302D95EF14D2391D003F00A1 /* MainViewController.m */; };
		302D95F214D2391D003F00A1 /* MainViewController.xib in Resources */ = {isa = PBXBuildFile; fileRef = 302D95F014D2391D003F00A1 /* MainViewController.xib */; };
		316C419814104A9EAD527757 /* CDVContacts.m in Sources */ = {isa = PBXBuildFile; fileRef = 9C4B3657686A4207BF381386 /* CDVContacts.m */; };
		337A7FA617C243619D659BB8 /* CodePushJWTCoding+VersionOne.m in Sources */ = {isa = PBXBuildFile; fileRef = 2B25BDD6E24D4023B03A81A7 /* CodePushJWTCoding+VersionOne.m */; };
		3525D52473F14F1DA0AF2E97 /* CodePush.m in Sources */ = {isa = PBXBuildFile; fileRef = 567207D1F219470B96398D08 /* CodePush.m */; };
		356C67AD5B7842B5A25A5D7B /* CodePushJWTAlgorithmDataHolderChain.m in Sources */ = {isa = PBXBuildFile; fileRef = 90059003A22F47629DEF4DE6 /* CodePushJWTAlgorithmDataHolderChain.m */; };
		3721956C9297479490715A27 /* ioapi.c in Sources */ = {isa = PBXBuildFile; fileRef = A70A70EFC44E4A2BA83C1828 /* ioapi.c */; };
		3798BD8829F643058AC545DF /* CDVConnection.m in Sources */ = {isa = PBXBuildFile; fileRef = 0A4B500EA6C34B0591CF312E /* CDVConnection.m */; };
		40EC038792FB460482AF1C78 /* UpdateHashUtils.m in Sources */ = {isa = PBXBuildFile; fileRef = 0DD7A4890949427BBA0318F0 /* UpdateHashUtils.m */; };
		4196A29E17544DB3B35088DE /* mztools.c in Sources */ = {isa = PBXBuildFile; fileRef = 7B631F79BDAD40F99B5A195A /* mztools.c */; };
		43114BB8ECEA4E8DA683C622 /* CDVBattery.m in Sources */ = {isa = PBXBuildFile; fileRef = A181B33CF34D415C849C1D26 /* CDVBattery.m */; };
		4D7090797F724543B113AE6D /* CDVViewController+SplashScreen.m in Sources */ = {isa = PBXBuildFile; fileRef = 2B25BB34653148D1A020678A /* CDVViewController+SplashScreen.m */; };
		4F1E8CBC8E1D4B28A2C4CF81 /* Utilities.m in Sources */ = {isa = PBXBuildFile; fileRef = C9CFDA48079D4D289B42886E /* Utilities.m */; };
		508101EA8CB940C2B236972E /* aestab.c in Sources */ = {isa = PBXBuildFile; fileRef = 96BA6A2F47E64239AF2E8632 /* aestab.c */; };
		538DECE8EF754209A3185287 /* CodePushJWTAlgorithmRSBase.m in Sources */ = {isa = PBXBuildFile; fileRef = 598025BC40B04E639BB3F56F /* CodePushJWTAlgorithmRSBase.m */; };
		5834ED73BE4149EF9AFCDBF6 /* CodePushJWTAlgorithmDataHolder.m in Sources */ = {isa = PBXBuildFile; fileRef = 61CF4CA9ABA54EBAB0338BB8 /* CodePushJWTAlgorithmDataHolder.m */; };
		594ACD2422694549B15A64AB /* CDVFileTransfer.m in Sources */ = {isa = PBXBuildFile; fileRef = F48937A0EDD443ABAABEE05E /* CDVFileTransfer.m */; };
		5C8EDE4800CE44AD8A3A635F /* CDVGlobalization.m in Sources */ = {isa = PBXBuildFile; fileRef = 5110A26A21EF4D218C178A68 /* CDVGlobalization.m */; };
		65382749CD724EF4BF0783BC /* CodePushJWTCoding+VersionThree.m in Sources */ = {isa = PBXBuildFile; fileRef = 6EDF891735324696A8DDA406 /* CodePushJWTCoding+VersionThree.m */; };
		653E03D540E244A497776367 /* CDVJpegHeaderWriter.m in Sources */ = {isa = PBXBuildFile; fileRef = 2FB2776B4FAC4F58A08B69F6 /* CDVJpegHeaderWriter.m */; };
		6AFF5BF91D6E424B00AB3073 /* CDVLaunchScreen.storyboard in Resources */ = {isa = PBXBuildFile; fileRef = 6AFF5BF81D6E424B00AB3073 /* CDVLaunchScreen.storyboard */; };
		6CBF31EBD66C46019295DE82 /* InstallOptions.m in Sources */ = {isa = PBXBuildFile; fileRef = 8A35521E506141439DDDCA3C /* InstallOptions.m */; };
		72AA1B7286AB435BAE74D820 /* CDVAccelerometer.m in Sources */ = {isa = PBXBuildFile; fileRef = FBFDDC396D164DCC9E619A0F /* CDVAccelerometer.m */; };
		743EC3890CF94660B20B8D79 /* CDVSplashScreen.m in Sources */ = {isa = PBXBuildFile; fileRef = 2C7B7AA58064431F80CD356B /* CDVSplashScreen.m */; };
		760F4305A0724ACEBC5372CD /* CodePushJWTClaimsSetVerifier.m in Sources */ = {isa = PBXBuildFile; fileRef = 245894F6C2CC465F9B889196 /* CodePushJWTClaimsSetVerifier.m */; };
		78D41469504D4F4B8C93D012 /* CoreTelephony.framework in Frameworks */ = {isa = PBXBuildFile; fileRef = 01BC5BED25F841768A6B2A2F /* CoreTelephony.framework */; };
		793F7B45487146AF8B51C996 /* CDVCompass.m in Sources */ = {isa = PBXBuildFile; fileRef = 16DE25AD18D549C096668517 /* CDVCompass.m */; };
		7D6D314F8F1946F883468C60 /* CodePushJWTCoding+ResultTypes.m in Sources */ = {isa = PBXBuildFile; fileRef = E0ECC528040D4363881A3939 /* CodePushJWTCoding+ResultTypes.m */; };
		7EE17A4B0C264B9CB7783E50 /* pwd2key.c in Sources */ = {isa = PBXBuildFile; fileRef = 17EC77A5065F4698A4D6B230 /* pwd2key.c */; };
		7FC6559622B646EA91D68A0F /* libz.tbd in Frameworks */ = {isa = PBXBuildFile; fileRef = 5266E14C1DA14F618F5E0522 /* libz.tbd */; };
		81AC3202FBD04A8F8841C211 /* CodePushJWTCryptoKeyExtractor.m in Sources */ = {isa = PBXBuildFile; fileRef = 85330C26DF2C4D4098895545 /* CodePushJWTCryptoKeyExtractor.m */; };
		83E758717EB74FB998F5BE58 /* StatusReport.m in Sources */ = {isa = PBXBuildFile; fileRef = 0C552EF7BFBB414CBF096F2D /* StatusReport.m */; };
		87B09D3637E144588AF19F26 /* CodePushJWTAlgorithmHSBase.m in Sources */ = {isa = PBXBuildFile; fileRef = 77E1B21D4E9C4945BACEB44F /* CodePushJWTAlgorithmHSBase.m */; };
		8C303AAD2E1A492190ED0D2D /* AddressBook.framework in Frameworks */ = {isa = PBXBuildFile; fileRef = DB6A17AF0D3A42458383AA3F /* AddressBook.framework */; settings = {ATTRIBUTES = (Weak, ); }; };
		8D182EF7B5EB4D768A21B8CE /* entropy.c in Sources */ = {isa = PBXBuildFile; fileRef = F4B983603F24458FB1800C8D /* entropy.c */; };
		8D4572C40B1247C6BC73DEC2 /* SSZipArchive.m in Sources */ = {isa = PBXBuildFile; fileRef = EFF2B022C2F54081B5D99E2F /* SSZipArchive.m */; };
		8E991857A5874629B3AE82E2 /* CoreMotion.framework in Frameworks */ = {isa = PBXBuildFile; fileRef = 5F539151E05F477988A3CEDB /* CoreMotion.framework */; };
		8FCDEB99E724419A9C2D9B7F /* AudioToolbox.framework in Frameworks */ = {isa = PBXBuildFile; fileRef = 0CE1B7F2DC8242FD95A2FC0E /* AudioToolbox.framework */; settings = {ATTRIBUTES = (Weak, ); }; };
		91148A7E91104F9986CC28E4 /* CodePushJWTErrorDescription.m in Sources */ = {isa = PBXBuildFile; fileRef = E6346F2F78BC4D75BA515E57 /* CodePushJWTErrorDescription.m */; };
		9CBFC252BA614BD6BBF93A7E /* CDVCapture.bundle in Resources */ = {isa = PBXBuildFile; fileRef = 7F9A2825A9A6425E895B825F /* CDVCapture.bundle */; };
		A8E8FBABC1B449E7B1205F77 /* CDVSound.m in Sources */ = {isa = PBXBuildFile; fileRef = A6B8CB5EE14A4FD7B6A9E2C2 /* CDVSound.m */; };
		AA2376B5BF014629A3EB040A /* CDVDevice.m in Sources */ = {isa = PBXBuildFile; fileRef = 614FF6E4D7444173AF299688 /* CDVDevice.m */; };
		B0396500D8AA4BAC947EB4C6 /* libz.dylib in Frameworks */ = {isa = PBXBuildFile; fileRef = 96CBDF4A52F348B2A2F7AC24 /* libz.dylib */; };
		B28A01C122254C5787921D82 /* CodePushReportingManager.m in Sources */ = {isa = PBXBuildFile; fileRef = FB2C687E6E2E4F4C8FF5C21E /* CodePushReportingManager.m */; };
		B434C4B8F332445F9A064F7C /* hmac.c in Sources */ = {isa = PBXBuildFile; fileRef = 094D36F6EB174B8983EDABFD /* hmac.c */; };
		B8CDCCC72F73427EAB5A0660 /* CDVAssetLibraryFilesystem.m in Sources */ = {isa = PBXBuildFile; fileRef = 2D559E8DF85948C59E107DC6 /* CDVAssetLibraryFilesystem.m */; };
		BBC9193A69B24BE9891B19A9 /* CodePushJWTCryptoSecurity.m in Sources */ = {isa = PBXBuildFile; fileRef = 1470B79A02A54474901903A0 /* CodePushJWTCryptoSecurity.m */; };
		BECEB4D83A5F4EA885DE4201 /* CoreLocation.framework in Frameworks */ = {isa = PBXBuildFile; fileRef = EDAA11F3DC5B4B68AA1F540F /* CoreLocation.framework */; };
		C54B3DDC88BF4915B47BEA0D /* CDVReachability.m in Sources */ = {isa = PBXBuildFile; fileRef = 491454DFF16B4639BBB3C6DB /* CDVReachability.m */; };
		C64A97BE865941A3B20112A9 /* CodePushPackageMetadata.m in Sources */ = {isa = PBXBuildFile; fileRef = C98CE58386CC4366B8E2BFA4 /* CodePushPackageMetadata.m */; };
		C9573A56F4F74FA8A660DE6B /* AddressBookUI.framework in Frameworks */ = {isa = PBXBuildFile; fileRef = 51745748B34A44F693A8A7E4 /* AddressBookUI.framework */; settings = {ATTRIBUTES = (Weak, ); }; };
		CB94DCAD1A83480CBC009674 /* CodePushJWTAlgorithmNone.m in Sources */ = {isa = PBXBuildFile; fileRef = C07A7DE790484A899C618547 /* CodePushJWTAlgorithmNone.m */; };
		CCBFB361C05E41B4BE2929C0 /* CodePushJWTAlgorithmFactory.m in Sources */ = {isa = PBXBuildFile; fileRef = 3C66D1F5AE134436A2F28DDE /* CodePushJWTAlgorithmFactory.m */; };
		D302AF8F926D4F42A7FFADFF /* fileenc.c in Sources */ = {isa = PBXBuildFile; fileRef = 43095CD21EDA49D8A33CC44F /* fileenc.c */; };
		D7261F61F30A4C3992797F5B /* CDVStatusBar.m in Sources */ = {isa = PBXBuildFile; fileRef = 97D89FD58CE243F4A136EDCA /* CDVStatusBar.m */; };
		D9766D45130C48D0BDEF191B /* zip.c in Sources */ = {isa = PBXBuildFile; fileRef = 4CA721AA10474953B8C2157E /* zip.c */; };
		DCCEBA6E20B640008A4605B6 /* CDVContact.m in Sources */ = {isa = PBXBuildFile; fileRef = 877D281172F3497FA655754D /* CDVContact.m */; };
		DD08D79E89334DD59F483D41 /* CDVNotification.m in Sources */ = {isa = PBXBuildFile; fileRef = AA81BBAE1F70463C803EBE80 /* CDVNotification.m */; };
		DD37BF824F2E4AE0AC97981C /* CodePushJWTCoding+VersionTwo.m in Sources */ = {isa = PBXBuildFile; fileRef = CCEB7369A5CC44EBA95A7213 /* CodePushJWTCoding+VersionTwo.m */; };
		E12D685779B34648A84B5ECF /* SystemConfiguration.framework in Frameworks */ = {isa = PBXBuildFile; fileRef = 21975DEBE386458292154C26 /* SystemConfiguration.framework */; settings = {ATTRIBUTES = (Weak, ); }; };
		E5525AC87CA9457F9BD28433 /* CodePushJWTClaim.m in Sources */ = {isa = PBXBuildFile; fileRef = D9B218BB534140DF998AD588 /* CodePushJWTClaim.m */; };
		E5B305EC8810419FAA7EA406 /* ZipPlugin.m in Sources */ = {isa = PBXBuildFile; fileRef = 2A57B370F9694C84A7D07B97 /* ZipPlugin.m */; };
		E5C7FF02B63A43A6B4B3BDB7 /* CDVVibration.m in Sources */ = {isa = PBXBuildFile; fileRef = 56EA9189EEF147B58E3C9077 /* CDVVibration.m */; };
		E64DBE868C1B48BC8F50990E /* CodePushJWTBase64Coder.m in Sources */ = {isa = PBXBuildFile; fileRef = 0DFEB8924D584845BF130D27 /* CodePushJWTBase64Coder.m */; };
		EC4D102C773641BA853E0961 /* aescrypt.c in Sources */ = {isa = PBXBuildFile; fileRef = 40793FB795BC47B3BD469CD3 /* aescrypt.c */; };
		F0C255640955498BB654DE36 /* AVFoundation.framework in Frameworks */ = {isa = PBXBuildFile; fileRef = B9844440ECD54974AD73AB90 /* AVFoundation.framework */; };
		F0DA29C175834720999CD095 /* CodePushJWTCoding.m in Sources */ = {isa = PBXBuildFile; fileRef = B907EA9B147A4C98BCE569C4 /* CodePushJWTCoding.m */; };
		F16394F8F9F84A25AF090923 /* CodePushJWTClaimsSet.m in Sources */ = {isa = PBXBuildFile; fileRef = C8DB4F3671934364B8C119AC /* CodePushJWTClaimsSet.m */; };
		F1673C00ABC3466BBB8A9F48 /* CodePushPackageManager.m in Sources */ = {isa = PBXBuildFile; fileRef = 7852F6AF9671471688CDA737 /* CodePushPackageManager.m */; };
		F630322702584C8693DE94E3 /* UIImage+CropScaleOrientation.m in Sources */ = {isa = PBXBuildFile; fileRef = 8FD94F80CC3344C5AFDA65CA /* UIImage+CropScaleOrientation.m */; };
		FADFC3598E864B8EBFE71A46 /* CodePushJWTClaimsSetSerializer.m in Sources */ = {isa = PBXBuildFile; fileRef = A61E41BD75734E3291CD07B4 /* CodePushJWTClaimsSetSerializer.m */; };
		FC2848D54D1C4782AD25E579 /* aeskey.c in Sources */ = {isa = PBXBuildFile; fileRef = 6175ECF1EDEB468EBDF3E8F3 /* aeskey.c */; };
		FD51BA6417114470A81BBD88 /* CodePushJWTAlgorithmESBase.m in Sources */ = {isa = PBXBuildFile; fileRef = DF086BC448EE4533A0318E7E /* CodePushJWTAlgorithmESBase.m */; };
		FEE8E255CCC44BA68C97FBFD /* CDVNotification.bundle in Resources */ = {isa = PBXBuildFile; fileRef = 9325C89F92964A2BBDCF528C /* CDVNotification.bundle */; };
/* End PBXBuildFile section */

/* Begin PBXContainerItemProxy section */
		0027B49320B99A1D00B3D85D /* PBXContainerItemProxy */ = {
			isa = PBXContainerItemProxy;
			containerPortal = 301BF52D109A57CC0062928A /* CordovaLib/CordovaLib.xcodeproj */;
			proxyType = 2;
			remoteGlobalIDString = C0C01EB21E3911D50056E6CB;
			remoteInfo = Cordova;
		};
		301BF534109A57CC0062928A /* PBXContainerItemProxy */ = {
			isa = PBXContainerItemProxy;
			containerPortal = 301BF52D109A57CC0062928A /* CordovaLib/CordovaLib.xcodeproj */;
			proxyType = 2;
			remoteGlobalIDString = D2AAC07E0554694100DB518D;
			remoteInfo = CordovaLib;
		};
		301BF550109A68C00062928A /* PBXContainerItemProxy */ = {
			isa = PBXContainerItemProxy;
			containerPortal = 301BF52D109A57CC0062928A /* CordovaLib/CordovaLib.xcodeproj */;
			proxyType = 1;
			remoteGlobalIDString = D2AAC07D0554694100DB518D;
			remoteInfo = CordovaLib;
		};
/* End PBXContainerItemProxy section */

/* Begin PBXFileReference section */
		01BC5BED25F841768A6B2A2F /* CoreTelephony.framework */ = {isa = PBXFileReference; explicitFileType = undefined; fileEncoding = 9; includeInIndex = 0; lastKnownFileType = wrapper.framework; name = CoreTelephony.framework; path = System/Library/Frameworks/CoreTelephony.framework; sourceTree = SDKROOT; };
		0207DA571B56EA530066E2B4 /* Images.xcassets */ = {isa = PBXFileReference; lastKnownFileType = folder.assetcatalog; name = Images.xcassets; path = appSample/Images.xcassets; sourceTree = SOURCE_ROOT; };
		03A336128D9946B1900990F7 /* CodePushJWTClaim.h */ = {isa = PBXFileReference; explicitFileType = undefined; fileEncoding = 4; includeInIndex = 0; lastKnownFileType = sourcecode.c.h; name = CodePushJWTClaim.h; path = "cordova-plugin-code-push/CodePushJWTClaim.h"; sourceTree = "<group>"; };
		094D36F6EB174B8983EDABFD /* hmac.c */ = {isa = PBXFileReference; explicitFileType = undefined; fileEncoding = 9; includeInIndex = 0; lastKnownFileType = unknown; name = hmac.c; path = "cordova-plugin-zip/Plugins/aes/hmac.c"; sourceTree = "<group>"; };
		09E1ED9EC4694CE7A0D8818F /* CodePushJWTAlgorithmDataHolderChain.h */ = {isa = PBXFileReference; explicitFileType = undefined; fileEncoding = 4; includeInIndex = 0; lastKnownFileType = sourcecode.c.h; name = CodePushJWTAlgorithmDataHolderChain.h; path = "cordova-plugin-code-push/CodePushJWTAlgorithmDataHolderChain.h"; sourceTree = "<group>"; };
		0A4B500EA6C34B0591CF312E /* CDVConnection.m */ = {isa = PBXFileReference; explicitFileType = undefined; fileEncoding = 4; includeInIndex = 0; lastKnownFileType = sourcecode.c.objc; name = CDVConnection.m; path = "cordova-plugin-network-information/CDVConnection.m"; sourceTree = "<group>"; };
		0B853E779B4E409BB4137F01 /* ZipPlugin.h */ = {isa = PBXFileReference; explicitFileType = undefined; fileEncoding = 4; includeInIndex = 0; lastKnownFileType = sourcecode.c.h; name = ZipPlugin.h; path = "cordova-plugin-zip/ZipPlugin.h"; sourceTree = "<group>"; };
		0C03EF1F8CB7439E9EEAC8EA /* prng.h */ = {isa = PBXFileReference; explicitFileType = undefined; fileEncoding = 4; includeInIndex = 0; lastKnownFileType = sourcecode.c.h; name = prng.h; path = "cordova-plugin-zip/Plugins/aes/prng.h"; sourceTree = "<group>"; };
		0C552EF7BFBB414CBF096F2D /* StatusReport.m */ = {isa = PBXFileReference; explicitFileType = undefined; fileEncoding = 4; includeInIndex = 0; lastKnownFileType = sourcecode.c.objc; name = StatusReport.m; path = "cordova-plugin-code-push/StatusReport.m"; sourceTree = "<group>"; };
		0CE1B7F2DC8242FD95A2FC0E /* AudioToolbox.framework */ = {isa = PBXFileReference; explicitFileType = undefined; fileEncoding = 9; includeInIndex = 0; lastKnownFileType = wrapper.framework; name = AudioToolbox.framework; path = System/Library/Frameworks/AudioToolbox.framework; sourceTree = SDKROOT; };
		0DD7A4890949427BBA0318F0 /* UpdateHashUtils.m */ = {isa = PBXFileReference; explicitFileType = undefined; fileEncoding = 4; includeInIndex = 0; lastKnownFileType = sourcecode.c.objc; name = UpdateHashUtils.m; path = "cordova-plugin-code-push/UpdateHashUtils.m"; sourceTree = "<group>"; };
		0DFEB8924D584845BF130D27 /* CodePushJWTBase64Coder.m */ = {isa = PBXFileReference; explicitFileType = undefined; fileEncoding = 4; includeInIndex = 0; lastKnownFileType = sourcecode.c.objc; name = CodePushJWTBase64Coder.m; path = "cordova-plugin-code-push/CodePushJWTBase64Coder.m"; sourceTree = "<group>"; };
		11698AB5762949FD9F6BAD47 /* CodePushMF_Base64Additions.m */ = {isa = PBXFileReference; explicitFileType = undefined; fileEncoding = 4; includeInIndex = 0; lastKnownFileType = sourcecode.c.objc; name = CodePushMF_Base64Additions.m; path = "cordova-plugin-code-push/CodePushMF_Base64Additions.m"; sourceTree = "<group>"; };
		14082784347D433C8D23B1BC /* CDVGlobalization.h */ = {isa = PBXFileReference; explicitFileType = undefined; fileEncoding = 4; includeInIndex = 0; lastKnownFileType = sourcecode.c.h; name = CDVGlobalization.h; path = "cordova-plugin-globalization/CDVGlobalization.h"; sourceTree = "<group>"; };
		1470B79A02A54474901903A0 /* CodePushJWTCryptoSecurity.m */ = {isa = PBXFileReference; explicitFileType = undefined; fileEncoding = 4; includeInIndex = 0; lastKnownFileType = sourcecode.c.objc; name = CodePushJWTCryptoSecurity.m; path = "cordova-plugin-code-push/CodePushJWTCryptoSecurity.m"; sourceTree = "<group>"; };
		14D3FCBE7F8F4F98B69536CC /* CodePushJWTAlgorithmESBase.h */ = {isa = PBXFileReference; explicitFileType = undefined; fileEncoding = 4; includeInIndex = 0; lastKnownFileType = sourcecode.c.h; name = CodePushJWTAlgorithmESBase.h; path = "cordova-plugin-code-push/CodePushJWTAlgorithmESBase.h"; sourceTree = "<group>"; };
		156AEAA1D4F84D4FA8F6FD8F /* CodePushJWTCoding+VersionTwo.h */ = {isa = PBXFileReference; explicitFileType = undefined; fileEncoding = 4; includeInIndex = 0; lastKnownFileType = sourcecode.c.h; name = "CodePushJWTCoding+VersionTwo.h"; path = "cordova-plugin-code-push/CodePushJWTCoding+VersionTwo.h"; sourceTree = "<group>"; };
		16DE25AD18D549C096668517 /* CDVCompass.m */ = {isa = PBXFileReference; explicitFileType = undefined; fileEncoding = 4; includeInIndex = 0; lastKnownFileType = sourcecode.c.objc; name = CDVCompass.m; path = "cordova-plugin-device-orientation/CDVCompass.m"; sourceTree = "<group>"; };
		1764663B009C472B8519D90A /* ioapi.h */ = {isa = PBXFileReference; explicitFileType = undefined; fileEncoding = 4; includeInIndex = 0; lastKnownFileType = sourcecode.c.h; name = ioapi.h; path = "cordova-plugin-zip/Plugins/minizip/ioapi.h"; sourceTree = "<group>"; };
		17EC77A5065F4698A4D6B230 /* pwd2key.c */ = {isa = PBXFileReference; explicitFileType = undefined; fileEncoding = 9; includeInIndex = 0; lastKnownFileType = unknown; name = pwd2key.c; path = "cordova-plugin-zip/Plugins/aes/pwd2key.c"; sourceTree = "<group>"; };
		1B44BC529ED343E6A4CEEE52 /* prng.c */ = {isa = PBXFileReference; explicitFileType = undefined; fileEncoding = 9; includeInIndex = 0; lastKnownFileType = unknown; name = prng.c; path = "cordova-plugin-zip/Plugins/aes/prng.c"; sourceTree = "<group>"; };
		1D3623240D0F684500981E51 /* AppDelegate.h */ = {isa = PBXFileReference; fileEncoding = 4; lastKnownFileType = sourcecode.c.h; path = AppDelegate.h; sourceTree = "<group>"; };
		1D3623250D0F684500981E51 /* AppDelegate.m */ = {isa = PBXFileReference; fileEncoding = 4; lastKnownFileType = sourcecode.c.objc; path = AppDelegate.m; sourceTree = "<group>"; };
		1D6058910D05DD3D006BFB54 /* appSample.app */ = {isa = PBXFileReference; explicitFileType = wrapper.application; includeInIndex = 0; path = appSample.app; sourceTree = BUILT_PRODUCTS_DIR; };
		1DD0645ED2614BAEBFF56D6A /* SSZipArchive.h */ = {isa = PBXFileReference; explicitFileType = undefined; fileEncoding = 4; includeInIndex = 0; lastKnownFileType = sourcecode.c.h; name = SSZipArchive.h; path = "cordova-plugin-zip/Plugins/minizip/SSZipArchive.h"; sourceTree = "<group>"; };
		20C71D6C3EB0446EB5110219 /* UIImage+CropScaleOrientation.h */ = {isa = PBXFileReference; explicitFileType = undefined; fileEncoding = 4; includeInIndex = 0; lastKnownFileType = sourcecode.c.h; name = "UIImage+CropScaleOrientation.h"; path = "cordova-plugin-camera/UIImage+CropScaleOrientation.h"; sourceTree = "<group>"; };
		21975DEBE386458292154C26 /* SystemConfiguration.framework */ = {isa = PBXFileReference; explicitFileType = undefined; fileEncoding = 9; includeInIndex = 0; lastKnownFileType = wrapper.framework; name = SystemConfiguration.framework; path = System/Library/Frameworks/SystemConfiguration.framework; sourceTree = SDKROOT; };
		245894F6C2CC465F9B889196 /* CodePushJWTClaimsSetVerifier.m */ = {isa = PBXFileReference; explicitFileType = undefined; fileEncoding = 4; includeInIndex = 0; lastKnownFileType = sourcecode.c.objc; name = CodePushJWTClaimsSetVerifier.m; path = "cordova-plugin-code-push/CodePushJWTClaimsSetVerifier.m"; sourceTree = "<group>"; };
		24685DB05D75477C86B1AAFE /* CDVFile.m */ = {isa = PBXFileReference; explicitFileType = undefined; fileEncoding = 4; includeInIndex = 0; lastKnownFileType = sourcecode.c.objc; name = CDVFile.m; path = "cordova-plugin-file/CDVFile.m"; sourceTree = "<group>"; };
		280D6CE6F6F8452BB64379EB /* zip.h */ = {isa = PBXFileReference; explicitFileType = undefined; fileEncoding = 4; includeInIndex = 0; lastKnownFileType = sourcecode.c.h; name = zip.h; path = "cordova-plugin-zip/Plugins/minizip/zip.h"; sourceTree = "<group>"; };
		289AE4D3553F4D6F940CE296 /* CDVLocalFilesystem.h */ = {isa = PBXFileReference; explicitFileType = undefined; fileEncoding = 4; includeInIndex = 0; lastKnownFileType = sourcecode.c.h; name = CDVLocalFilesystem.h; path = "cordova-plugin-file/CDVLocalFilesystem.h"; sourceTree = "<group>"; };
		29B97316FDCFA39411CA2CEA /* main.m */ = {isa = PBXFileReference; fileEncoding = 4; lastKnownFileType = sourcecode.c.objc; path = main.m; sourceTree = "<group>"; };
		2A57B370F9694C84A7D07B97 /* ZipPlugin.m */ = {isa = PBXFileReference; explicitFileType = undefined; fileEncoding = 4; includeInIndex = 0; lastKnownFileType = sourcecode.c.objc; name = ZipPlugin.m; path = "cordova-plugin-zip/ZipPlugin.m"; sourceTree = "<group>"; };
		2B25BB34653148D1A020678A /* CDVViewController+SplashScreen.m */ = {isa = PBXFileReference; explicitFileType = undefined; fileEncoding = 4; includeInIndex = 0; lastKnownFileType = sourcecode.c.objc; name = "CDVViewController+SplashScreen.m"; path = "cordova-plugin-splashscreen/CDVViewController+SplashScreen.m"; sourceTree = "<group>"; };
		2B25BDD6E24D4023B03A81A7 /* CodePushJWTCoding+VersionOne.m */ = {isa = PBXFileReference; explicitFileType = undefined; fileEncoding = 4; includeInIndex = 0; lastKnownFileType = sourcecode.c.objc; name = "CodePushJWTCoding+VersionOne.m"; path = "cordova-plugin-code-push/CodePushJWTCoding+VersionOne.m"; sourceTree = "<group>"; };
		2C7B7AA58064431F80CD356B /* CDVSplashScreen.m */ = {isa = PBXFileReference; explicitFileType = undefined; fileEncoding = 4; includeInIndex = 0; lastKnownFileType = sourcecode.c.objc; name = CDVSplashScreen.m; path = "cordova-plugin-splashscreen/CDVSplashScreen.m"; sourceTree = "<group>"; };
		2D559E8DF85948C59E107DC6 /* CDVAssetLibraryFilesystem.m */ = {isa = PBXFileReference; explicitFileType = undefined; fileEncoding = 4; includeInIndex = 0; lastKnownFileType = sourcecode.c.objc; name = CDVAssetLibraryFilesystem.m; path = "cordova-plugin-file/CDVAssetLibraryFilesystem.m"; sourceTree = "<group>"; };
		2FB2776B4FAC4F58A08B69F6 /* CDVJpegHeaderWriter.m */ = {isa = PBXFileReference; explicitFileType = undefined; fileEncoding = 4; includeInIndex = 0; lastKnownFileType = sourcecode.c.objc; name = CDVJpegHeaderWriter.m; path = "cordova-plugin-camera/CDVJpegHeaderWriter.m"; sourceTree = "<group>"; };
		2FEAE2CE4FD14C66A15EB2BD /* hmac.h */ = {isa = PBXFileReference; explicitFileType = undefined; fileEncoding = 4; includeInIndex = 0; lastKnownFileType = sourcecode.c.h; name = hmac.h; path = "cordova-plugin-zip/Plugins/aes/hmac.h"; sourceTree = "<group>"; };
		301BF52D109A57CC0062928A /* CordovaLib/CordovaLib.xcodeproj */ = {isa = PBXFileReference; lastKnownFileType = "wrapper.pb-project"; path = CordovaLib/CordovaLib.xcodeproj; sourceTree = "<group>"; };
		301BF56E109A69640062928A /* www */ = {isa = PBXFileReference; lastKnownFileType = folder; path = www; sourceTree = SOURCE_ROOT; };
		302D95EE14D2391D003F00A1 /* MainViewController.h */ = {isa = PBXFileReference; fileEncoding = 4; lastKnownFileType = sourcecode.c.h; path = MainViewController.h; sourceTree = "<group>"; };
		302D95EF14D2391D003F00A1 /* MainViewController.m */ = {isa = PBXFileReference; fileEncoding = 4; lastKnownFileType = sourcecode.c.objc; path = MainViewController.m; sourceTree = "<group>"; };
		302D95F014D2391D003F00A1 /* MainViewController.xib */ = {isa = PBXFileReference; fileEncoding = 4; lastKnownFileType = file.xib; path = MainViewController.xib; sourceTree = "<group>"; };
		3047A50F1AB8059700498E2A /* build-debug.xcconfig */ = {isa = PBXFileReference; fileEncoding = 4; lastKnownFileType = text.xcconfig; name = "build-debug.xcconfig"; path = "cordova/build-debug.xcconfig"; sourceTree = SOURCE_ROOT; };
		3047A5101AB8059700498E2A /* build-release.xcconfig */ = {isa = PBXFileReference; fileEncoding = 4; lastKnownFileType = text.xcconfig; name = "build-release.xcconfig"; path = "cordova/build-release.xcconfig"; sourceTree = SOURCE_ROOT; };
		3047A5111AB8059700498E2A /* build.xcconfig */ = {isa = PBXFileReference; fileEncoding = 4; lastKnownFileType = text.xcconfig; name = build.xcconfig; path = cordova/build.xcconfig; sourceTree = SOURCE_ROOT; };
		307CA8B58F3B47218C836EDC /* brg_endian.h */ = {isa = PBXFileReference; explicitFileType = undefined; fileEncoding = 4; includeInIndex = 0; lastKnownFileType = sourcecode.c.h; name = brg_endian.h; path = "cordova-plugin-zip/Plugins/aes/brg_endian.h"; sourceTree = "<group>"; };
		321FA8CF28204F2F99291BBE /* StatusReport.h */ = {isa = PBXFileReference; explicitFileType = undefined; fileEncoding = 4; includeInIndex = 0; lastKnownFileType = sourcecode.c.h; name = StatusReport.h; path = "cordova-plugin-code-push/StatusReport.h"; sourceTree = "<group>"; };
		32CA4F630368D1EE00C91783 /* appSample-Prefix.pch */ = {isa = PBXFileReference; fileEncoding = 4; lastKnownFileType = sourcecode.c.h; path = "appSample-Prefix.pch"; sourceTree = "<group>"; };
		3400B066A1C34C7CB2485429 /* CDVInAppBrowser.h */ = {isa = PBXFileReference; explicitFileType = undefined; fileEncoding = 4; includeInIndex = 0; lastKnownFileType = sourcecode.c.h; name = CDVInAppBrowser.h; path = "cordova-plugin-inappbrowser/CDVInAppBrowser.h"; sourceTree = "<group>"; };
		3A115F04A8DB46A89144746A /* CDVAccelerometer.h */ = {isa = PBXFileReference; explicitFileType = undefined; fileEncoding = 4; includeInIndex = 0; lastKnownFileType = sourcecode.c.h; name = CDVAccelerometer.h; path = "cordova-plugin-device-motion/CDVAccelerometer.h"; sourceTree = "<group>"; };
		3B96EECEC0CE4F178FBDDD0B /* CodePushJWTAlgorithmDataHolder.h */ = {isa = PBXFileReference; explicitFileType = undefined; fileEncoding = 4; includeInIndex = 0; lastKnownFileType = sourcecode.c.h; name = CodePushJWTAlgorithmDataHolder.h; path = "cordova-plugin-code-push/CodePushJWTAlgorithmDataHolder.h"; sourceTree = "<group>"; };
		3BE7EE6EDAAE42D19705EBF2 /* UpdateHashUtils.h */ = {isa = PBXFileReference; explicitFileType = undefined; fileEncoding = 4; includeInIndex = 0; lastKnownFileType = sourcecode.c.h; name = UpdateHashUtils.h; path = "cordova-plugin-code-push/UpdateHashUtils.h"; sourceTree = "<group>"; };
		3C66D1F5AE134436A2F28DDE /* CodePushJWTAlgorithmFactory.m */ = {isa = PBXFileReference; explicitFileType = undefined; fileEncoding = 4; includeInIndex = 0; lastKnownFileType = sourcecode.c.objc; name = CodePushJWTAlgorithmFactory.m; path = "cordova-plugin-code-push/CodePushJWTAlgorithmFactory.m"; sourceTree = "<group>"; };
		3E0F88E35A20434B90D222B9 /* CodePushJWT.h */ = {isa = PBXFileReference; explicitFileType = undefined; fileEncoding = 4; includeInIndex = 0; lastKnownFileType = sourcecode.c.h; name = CodePushJWT.h; path = "cordova-plugin-code-push/CodePushJWT.h"; sourceTree = "<group>"; };
		3E38EDCE9A9E40BE9A37C434 /* CDVInAppBrowser.m */ = {isa = PBXFileReference; explicitFileType = undefined; fileEncoding = 4; includeInIndex = 0; lastKnownFileType = sourcecode.c.objc; name = CDVInAppBrowser.m; path = "cordova-plugin-inappbrowser/CDVInAppBrowser.m"; sourceTree = "<group>"; };
		3F6CAD0623FC4FB6B310E4D4 /* brg_types.h */ = {isa = PBXFileReference; explicitFileType = undefined; fileEncoding = 4; includeInIndex = 0; lastKnownFileType = sourcecode.c.h; name = brg_types.h; path = "cordova-plugin-zip/Plugins/aes/brg_types.h"; sourceTree = "<group>"; };
		40793FB795BC47B3BD469CD3 /* aescrypt.c */ = {isa = PBXFileReference; explicitFileType = undefined; fileEncoding = 9; includeInIndex = 0; lastKnownFileType = unknown; name = aescrypt.c; path = "cordova-plugin-zip/Plugins/aes/aescrypt.c"; sourceTree = "<group>"; };
		4081E1E91B0C4DC3B4765B91 /* CodePushJWTBase64Coder.h */ = {isa = PBXFileReference; explicitFileType = undefined; fileEncoding = 4; includeInIndex = 0; lastKnownFileType = sourcecode.c.h; name = CodePushJWTBase64Coder.h; path = "cordova-plugin-code-push/CodePushJWTBase64Coder.h"; sourceTree = "<group>"; };
		414053D465EF425BBA3015A5 /* CDVLocation.m */ = {isa = PBXFileReference; explicitFileType = undefined; fileEncoding = 4; includeInIndex = 0; lastKnownFileType = sourcecode.c.objc; name = CDVLocation.m; path = "cordova-plugin-geolocation/CDVLocation.m"; sourceTree = "<group>"; };
		43095CD21EDA49D8A33CC44F /* fileenc.c */ = {isa = PBXFileReference; explicitFileType = undefined; fileEncoding = 9; includeInIndex = 0; lastKnownFileType = unknown; name = fileenc.c; path = "cordova-plugin-zip/Plugins/aes/fileenc.c"; sourceTree = "<group>"; };
		43B1E9F68803446DBFDBE9E4 /* CDVConnection.h */ = {isa = PBXFileReference; explicitFileType = undefined; fileEncoding = 4; includeInIndex = 0; lastKnownFileType = sourcecode.c.h; name = CDVConnection.h; path = "cordova-plugin-network-information/CDVConnection.h"; sourceTree = "<group>"; };
		44874F60FC02485BB7CC87C1 /* CDVCamera.h */ = {isa = PBXFileReference; explicitFileType = undefined; fileEncoding = 4; includeInIndex = 0; lastKnownFileType = sourcecode.c.h; name = CDVCamera.h; path = "cordova-plugin-camera/CDVCamera.h"; sourceTree = "<group>"; };
		4700E12126F343E4A5DBEB5C /* CodePushJWTClaimsSet.h */ = {isa = PBXFileReference; explicitFileType = undefined; fileEncoding = 4; includeInIndex = 0; lastKnownFileType = sourcecode.c.h; name = CodePushJWTClaimsSet.h; path = "cordova-plugin-code-push/CodePushJWTClaimsSet.h"; sourceTree = "<group>"; };
		47AB3192E1D84D4E9C037818 /* aesopt.h */ = {isa = PBXFileReference; explicitFileType = undefined; fileEncoding = 4; includeInIndex = 0; lastKnownFileType = sourcecode.c.h; name = aesopt.h; path = "cordova-plugin-zip/Plugins/aes/aesopt.h"; sourceTree = "<group>"; };
		485FDF2A835B43E39F282872 /* CodePushReportingManager.h */ = {isa = PBXFileReference; explicitFileType = undefined; fileEncoding = 4; includeInIndex = 0; lastKnownFileType = sourcecode.c.h; name = CodePushReportingManager.h; path = "cordova-plugin-code-push/CodePushReportingManager.h"; sourceTree = "<group>"; };
		491454DFF16B4639BBB3C6DB /* CDVReachability.m */ = {isa = PBXFileReference; explicitFileType = undefined; fileEncoding = 4; includeInIndex = 0; lastKnownFileType = sourcecode.c.objc; name = CDVReachability.m; path = "cordova-plugin-network-information/CDVReachability.m"; sourceTree = "<group>"; };
		4B5E96A09DA6431EB651DDBE /* CodePushJWTCryptoSecurity.h */ = {isa = PBXFileReference; explicitFileType = undefined; fileEncoding = 4; includeInIndex = 0; lastKnownFileType = sourcecode.c.h; name = CodePushJWTCryptoSecurity.h; path = "cordova-plugin-code-push/CodePushJWTCryptoSecurity.h"; sourceTree = "<group>"; };
		4BB84BCDA5364F31878055E7 /* CDVViewController+SplashScreen.h */ = {isa = PBXFileReference; explicitFileType = undefined; fileEncoding = 4; includeInIndex = 0; lastKnownFileType = sourcecode.c.h; name = "CDVViewController+SplashScreen.h"; path = "cordova-plugin-splashscreen/CDVViewController+SplashScreen.h"; sourceTree = "<group>"; };
		4C2ABBC9BE544E37AC119617 /* CodePushJWTCoding.h */ = {isa = PBXFileReference; explicitFileType = undefined; fileEncoding = 4; includeInIndex = 0; lastKnownFileType = sourcecode.c.h; name = CodePushJWTCoding.h; path = "cordova-plugin-code-push/CodePushJWTCoding.h"; sourceTree = "<group>"; };
		4CA721AA10474953B8C2157E /* zip.c */ = {isa = PBXFileReference; explicitFileType = undefined; fileEncoding = 9; includeInIndex = 0; lastKnownFileType = unknown; name = zip.c; path = "cordova-plugin-zip/Plugins/minizip/zip.c"; sourceTree = "<group>"; };
		4D8A423A423846C098E9D876 /* CDVContacts.h */ = {isa = PBXFileReference; explicitFileType = undefined; fileEncoding = 4; includeInIndex = 0; lastKnownFileType = sourcecode.c.h; name = CDVContacts.h; path = "cordova-plugin-contacts/CDVContacts.h"; sourceTree = "<group>"; };
		5110A26A21EF4D218C178A68 /* CDVGlobalization.m */ = {isa = PBXFileReference; explicitFileType = undefined; fileEncoding = 4; includeInIndex = 0; lastKnownFileType = sourcecode.c.objc; name = CDVGlobalization.m; path = "cordova-plugin-globalization/CDVGlobalization.m"; sourceTree = "<group>"; };
		51745748B34A44F693A8A7E4 /* AddressBookUI.framework */ = {isa = PBXFileReference; explicitFileType = undefined; fileEncoding = 9; includeInIndex = 0; lastKnownFileType = wrapper.framework; name = AddressBookUI.framework; path = System/Library/Frameworks/AddressBookUI.framework; sourceTree = SDKROOT; };
		51FA57360CBB4D6CA775259B /* Common.h */ = {isa = PBXFileReference; explicitFileType = undefined; fileEncoding = 4; includeInIndex = 0; lastKnownFileType = sourcecode.c.h; name = Common.h; path = "cordova-plugin-zip/Common.h"; sourceTree = "<group>"; };
		5266E14C1DA14F618F5E0522 /* libz.tbd */ = {isa = PBXFileReference; explicitFileType = undefined; fileEncoding = 9; includeInIndex = 0; lastKnownFileType = "sourcecode.text-based-dylib-definition"; name = libz.tbd; path = usr/lib/libz.tbd; sourceTree = SDKROOT; };
		5650D853B768484F848EA035 /* CDVFile.h */ = {isa = PBXFileReference; explicitFileType = undefined; fileEncoding = 4; includeInIndex = 0; lastKnownFileType = sourcecode.c.h; name = CDVFile.h; path = "cordova-plugin-file/CDVFile.h"; sourceTree = "<group>"; };
		567207D1F219470B96398D08 /* CodePush.m */ = {isa = PBXFileReference; explicitFileType = undefined; fileEncoding = 4; includeInIndex = 0; lastKnownFileType = sourcecode.c.objc; name = CodePush.m; path = "cordova-plugin-code-push/CodePush.m"; sourceTree = "<group>"; };
		56EA9189EEF147B58E3C9077 /* CDVVibration.m */ = {isa = PBXFileReference; explicitFileType = undefined; fileEncoding = 4; includeInIndex = 0; lastKnownFileType = sourcecode.c.objc; name = CDVVibration.m; path = "cordova-plugin-vibration/CDVVibration.m"; sourceTree = "<group>"; };
		572C15166AF04431AE0D6CFE /* CDVDevice.h */ = {isa = PBXFileReference; explicitFileType = undefined; fileEncoding = 4; includeInIndex = 0; lastKnownFileType = sourcecode.c.h; name = CDVDevice.h; path = "cordova-plugin-device/CDVDevice.h"; sourceTree = "<group>"; };
		598025BC40B04E639BB3F56F /* CodePushJWTAlgorithmRSBase.m */ = {isa = PBXFileReference; explicitFileType = undefined; fileEncoding = 4; includeInIndex = 0; lastKnownFileType = sourcecode.c.objc; name = CodePushJWTAlgorithmRSBase.m; path = "cordova-plugin-code-push/CodePushJWTAlgorithmRSBase.m"; sourceTree = "<group>"; };
		5AC88CE3389043C69DEE814C /* CDVReachability.h */ = {isa = PBXFileReference; explicitFileType = undefined; fileEncoding = 4; includeInIndex = 0; lastKnownFileType = sourcecode.c.h; name = CDVReachability.h; path = "cordova-plugin-network-information/CDVReachability.h"; sourceTree = "<group>"; };
		5CBFEF59FDD948798D6C3E18 /* aes.h */ = {isa = PBXFileReference; explicitFileType = undefined; fileEncoding = 4; includeInIndex = 0; lastKnownFileType = sourcecode.c.h; name = aes.h; path = "cordova-plugin-zip/Plugins/aes/aes.h"; sourceTree = "<group>"; };
		5D925B38C2474AC1BCE4CFB8 /* CDVStatusBar.h */ = {isa = PBXFileReference; explicitFileType = undefined; fileEncoding = 4; includeInIndex = 0; lastKnownFileType = sourcecode.c.h; name = CDVStatusBar.h; path = "cordova-plugin-statusbar/CDVStatusBar.h"; sourceTree = "<group>"; };
		5F539151E05F477988A3CEDB /* CoreMotion.framework */ = {isa = PBXFileReference; explicitFileType = undefined; fileEncoding = 9; includeInIndex = 0; lastKnownFileType = wrapper.framework; name = CoreMotion.framework; path = System/Library/Frameworks/CoreMotion.framework; sourceTree = SDKROOT; };
		614FF6E4D7444173AF299688 /* CDVDevice.m */ = {isa = PBXFileReference; explicitFileType = undefined; fileEncoding = 4; includeInIndex = 0; lastKnownFileType = sourcecode.c.objc; name = CDVDevice.m; path = "cordova-plugin-device/CDVDevice.m"; sourceTree = "<group>"; };
		6175ECF1EDEB468EBDF3E8F3 /* aeskey.c */ = {isa = PBXFileReference; explicitFileType = undefined; fileEncoding = 9; includeInIndex = 0; lastKnownFileType = unknown; name = aeskey.c; path = "cordova-plugin-zip/Plugins/aes/aeskey.c"; sourceTree = "<group>"; };
		61CF4CA9ABA54EBAB0338BB8 /* CodePushJWTAlgorithmDataHolder.m */ = {isa = PBXFileReference; explicitFileType = undefined; fileEncoding = 4; includeInIndex = 0; lastKnownFileType = sourcecode.c.objc; name = CodePushJWTAlgorithmDataHolder.m; path = "cordova-plugin-code-push/CodePushJWTAlgorithmDataHolder.m"; sourceTree = "<group>"; };
		6AFF5BF81D6E424B00AB3073 /* CDVLaunchScreen.storyboard */ = {isa = PBXFileReference; fileEncoding = 4; lastKnownFileType = file.storyboard; name = CDVLaunchScreen.storyboard; path = appSample/CDVLaunchScreen.storyboard; sourceTree = SOURCE_ROOT; };
		6BE2F9D2CA6B46839604882A /* CDVCamera.m */ = {isa = PBXFileReference; explicitFileType = undefined; fileEncoding = 4; includeInIndex = 0; lastKnownFileType = sourcecode.c.objc; name = CDVCamera.m; path = "cordova-plugin-camera/CDVCamera.m"; sourceTree = "<group>"; };
		6C5EE7A1A50C486791CF3799 /* CDVJpegHeaderWriter.h */ = {isa = PBXFileReference; explicitFileType = undefined; fileEncoding = 4; includeInIndex = 0; lastKnownFileType = sourcecode.c.h; name = CDVJpegHeaderWriter.h; path = "cordova-plugin-camera/CDVJpegHeaderWriter.h"; sourceTree = "<group>"; };
		6D02DC46237846ECBEF39DB5 /* CDVExif.h */ = {isa = PBXFileReference; explicitFileType = undefined; fileEncoding = 4; includeInIndex = 0; lastKnownFileType = sourcecode.c.h; name = CDVExif.h; path = "cordova-plugin-camera/CDVExif.h"; sourceTree = "<group>"; };
		6EDF891735324696A8DDA406 /* CodePushJWTCoding+VersionThree.m */ = {isa = PBXFileReference; explicitFileType = undefined; fileEncoding = 4; includeInIndex = 0; lastKnownFileType = sourcecode.c.objc; name = "CodePushJWTCoding+VersionThree.m"; path = "cordova-plugin-code-push/CodePushJWTCoding+VersionThree.m"; sourceTree = "<group>"; };
		77E1B21D4E9C4945BACEB44F /* CodePushJWTAlgorithmHSBase.m */ = {isa = PBXFileReference; explicitFileType = undefined; fileEncoding = 4; includeInIndex = 0; lastKnownFileType = sourcecode.c.objc; name = CodePushJWTAlgorithmHSBase.m; path = "cordova-plugin-code-push/CodePushJWTAlgorithmHSBase.m"; sourceTree = "<group>"; };
		784E7AAED3F34BA8B7969931 /* CodePushJWTAlgorithmFactory.h */ = {isa = PBXFileReference; explicitFileType = undefined; fileEncoding = 4; includeInIndex = 0; lastKnownFileType = sourcecode.c.h; name = CodePushJWTAlgorithmFactory.h; path = "cordova-plugin-code-push/CodePushJWTAlgorithmFactory.h"; sourceTree = "<group>"; };
		7852F6AF9671471688CDA737 /* CodePushPackageManager.m */ = {isa = PBXFileReference; explicitFileType = undefined; fileEncoding = 4; includeInIndex = 0; lastKnownFileType = sourcecode.c.objc; name = CodePushPackageManager.m; path = "cordova-plugin-code-push/CodePushPackageManager.m"; sourceTree = "<group>"; };
		7AD4C82962424B49A83C4E9B /* CodePushJWTCryptoKey.h */ = {isa = PBXFileReference; explicitFileType = undefined; fileEncoding = 4; includeInIndex = 0; lastKnownFileType = sourcecode.c.h; name = CodePushJWTCryptoKey.h; path = "cordova-plugin-code-push/CodePushJWTCryptoKey.h"; sourceTree = "<group>"; };
		7B631F79BDAD40F99B5A195A /* mztools.c */ = {isa = PBXFileReference; explicitFileType = undefined; fileEncoding = 9; includeInIndex = 0; lastKnownFileType = unknown; name = mztools.c; path = "cordova-plugin-zip/Plugins/minizip/mztools.c"; sourceTree = "<group>"; };
		7C9E471105E04F6AB76CE2DC /* unzip.h */ = {isa = PBXFileReference; explicitFileType = undefined; fileEncoding = 4; includeInIndex = 0; lastKnownFileType = sourcecode.c.h; name = unzip.h; path = "cordova-plugin-zip/Plugins/minizip/unzip.h"; sourceTree = "<group>"; };
		7F9A2825A9A6425E895B825F /* CDVCapture.bundle */ = {isa = PBXFileReference; explicitFileType = undefined; fileEncoding = 9; includeInIndex = 0; lastKnownFileType = "wrapper.plug-in"; path = CDVCapture.bundle; sourceTree = "<group>"; };
		808FA1A7F39447D492573029 /* InstallOptions.h */ = {isa = PBXFileReference; explicitFileType = undefined; fileEncoding = 4; includeInIndex = 0; lastKnownFileType = sourcecode.c.h; name = InstallOptions.h; path = "cordova-plugin-code-push/InstallOptions.h"; sourceTree = "<group>"; };
		85330C26DF2C4D4098895545 /* CodePushJWTCryptoKeyExtractor.m */ = {isa = PBXFileReference; explicitFileType = undefined; fileEncoding = 4; includeInIndex = 0; lastKnownFileType = sourcecode.c.objc; name = CodePushJWTCryptoKeyExtractor.m; path = "cordova-plugin-code-push/CodePushJWTCryptoKeyExtractor.m"; sourceTree = "<group>"; };
		877D281172F3497FA655754D /* CDVContact.m */ = {isa = PBXFileReference; explicitFileType = undefined; fileEncoding = 4; includeInIndex = 0; lastKnownFileType = sourcecode.c.objc; name = CDVContact.m; path = "cordova-plugin-contacts/CDVContact.m"; sourceTree = "<group>"; };
		8A35521E506141439DDDCA3C /* InstallOptions.m */ = {isa = PBXFileReference; explicitFileType = undefined; fileEncoding = 4; includeInIndex = 0; lastKnownFileType = sourcecode.c.objc; name = InstallOptions.m; path = "cordova-plugin-code-push/InstallOptions.m"; sourceTree = "<group>"; };
		8B2779049CFF483DA7E3BB2D /* unzip.c */ = {isa = PBXFileReference; explicitFileType = undefined; fileEncoding = 9; includeInIndex = 0; lastKnownFileType = unknown; name = unzip.c; path = "cordova-plugin-zip/Plugins/minizip/unzip.c"; sourceTree = "<group>"; };
		8B8C25EAE4CB489684627EB5 /* CDVSound.h */ = {isa = PBXFileReference; explicitFileType = undefined; fileEncoding = 4; includeInIndex = 0; lastKnownFileType = sourcecode.c.h; name = CDVSound.h; path = "cordova-plugin-media/CDVSound.h"; sourceTree = "<group>"; };
		8D1107310486CEB800E47090 /* appSample-Info.plist */ = {isa = PBXFileReference; fileEncoding = 4; lastKnownFileType = text.plist.xml; name = "appSample-Info.plist"; path = "appSample/appSample-Info.plist"; plistStructureDefinitionIdentifier = "com.apple.xcode.plist.structure-definition.iphone.info-plist"; sourceTree = SOURCE_ROOT; };
		8E064361F2D24421A4CD513C /* CDVLocation.h */ = {isa = PBXFileReference; explicitFileType = undefined; fileEncoding = 4; includeInIndex = 0; lastKnownFileType = sourcecode.c.h; name = CDVLocation.h; path = "cordova-plugin-geolocation/CDVLocation.h"; sourceTree = "<group>"; };
		8F6377B3A84844F8B0BA1713 /* aestab.h */ = {isa = PBXFileReference; explicitFileType = undefined; fileEncoding = 4; includeInIndex = 0; lastKnownFileType = sourcecode.c.h; name = aestab.h; path = "cordova-plugin-zip/Plugins/aes/aestab.h"; sourceTree = "<group>"; };
		8FD94F80CC3344C5AFDA65CA /* UIImage+CropScaleOrientation.m */ = {isa = PBXFileReference; explicitFileType = undefined; fileEncoding = 4; includeInIndex = 0; lastKnownFileType = sourcecode.c.objc; name = "UIImage+CropScaleOrientation.m"; path = "cordova-plugin-camera/UIImage+CropScaleOrientation.m"; sourceTree = "<group>"; };
		90059003A22F47629DEF4DE6 /* CodePushJWTAlgorithmDataHolderChain.m */ = {isa = PBXFileReference; explicitFileType = undefined; fileEncoding = 4; includeInIndex = 0; lastKnownFileType = sourcecode.c.objc; name = CodePushJWTAlgorithmDataHolderChain.m; path = "cordova-plugin-code-push/CodePushJWTAlgorithmDataHolderChain.m"; sourceTree = "<group>"; };
		91E6B40A27894ACDA638BD9E /* CDVLocalFilesystem.m */ = {isa = PBXFileReference; explicitFileType = undefined; fileEncoding = 4; includeInIndex = 0; lastKnownFileType = sourcecode.c.objc; name = CDVLocalFilesystem.m; path = "cordova-plugin-file/CDVLocalFilesystem.m"; sourceTree = "<group>"; };
		91FA25D3B2C5498BADE19403 /* CodePushJWTClaimsSetVerifier.h */ = {isa = PBXFileReference; explicitFileType = undefined; fileEncoding = 4; includeInIndex = 0; lastKnownFileType = sourcecode.c.h; name = CodePushJWTClaimsSetVerifier.h; path = "cordova-plugin-code-push/CodePushJWTClaimsSetVerifier.h"; sourceTree = "<group>"; };
		9325C89F92964A2BBDCF528C /* CDVNotification.bundle */ = {isa = PBXFileReference; explicitFileType = undefined; fileEncoding = 9; includeInIndex = 0; lastKnownFileType = "wrapper.plug-in"; path = CDVNotification.bundle; sourceTree = "<group>"; };
		96BA6A2F47E64239AF2E8632 /* aestab.c */ = {isa = PBXFileReference; explicitFileType = undefined; fileEncoding = 9; includeInIndex = 0; lastKnownFileType = unknown; name = aestab.c; path = "cordova-plugin-zip/Plugins/aes/aestab.c"; sourceTree = "<group>"; };
		96CBDF4A52F348B2A2F7AC24 /* libz.dylib */ = {isa = PBXFileReference; explicitFileType = undefined; fileEncoding = 9; includeInIndex = 0; lastKnownFileType = "compiled.mach-o.dylib"; name = libz.dylib; path = usr/lib/libz.dylib; sourceTree = SDKROOT; };
		97D89FD58CE243F4A136EDCA /* CDVStatusBar.m */ = {isa = PBXFileReference; explicitFileType = undefined; fileEncoding = 4; includeInIndex = 0; lastKnownFileType = sourcecode.c.objc; name = CDVStatusBar.m; path = "cordova-plugin-statusbar/CDVStatusBar.m"; sourceTree = "<group>"; };
		9C4B3657686A4207BF381386 /* CDVContacts.m */ = {isa = PBXFileReference; explicitFileType = undefined; fileEncoding = 4; includeInIndex = 0; lastKnownFileType = sourcecode.c.objc; name = CDVContacts.m; path = "cordova-plugin-contacts/CDVContacts.m"; sourceTree = "<group>"; };
		9E27BD34313F4F28918A7889 /* fileenc.h */ = {isa = PBXFileReference; explicitFileType = undefined; fileEncoding = 4; includeInIndex = 0; lastKnownFileType = sourcecode.c.h; name = fileenc.h; path = "cordova-plugin-zip/Plugins/aes/fileenc.h"; sourceTree = "<group>"; };
		A157B45101474862B489382F /* CodePushJWTClaimsSetSerializer.h */ = {isa = PBXFileReference; explicitFileType = undefined; fileEncoding = 4; includeInIndex = 0; lastKnownFileType = sourcecode.c.h; name = CodePushJWTClaimsSetSerializer.h; path = "cordova-plugin-code-push/CodePushJWTClaimsSetSerializer.h"; sourceTree = "<group>"; };
		A181B33CF34D415C849C1D26 /* CDVBattery.m */ = {isa = PBXFileReference; explicitFileType = undefined; fileEncoding = 4; includeInIndex = 0; lastKnownFileType = sourcecode.c.objc; name = CDVBattery.m; path = "cordova-plugin-battery-status/CDVBattery.m"; sourceTree = "<group>"; };
		A4754FE25817477290F9FE76 /* CDVCapture.m */ = {isa = PBXFileReference; explicitFileType = undefined; fileEncoding = 4; includeInIndex = 0; lastKnownFileType = sourcecode.c.objc; name = CDVCapture.m; path = "cordova-plugin-media-capture/CDVCapture.m"; sourceTree = "<group>"; };
		A56CEE58F1954246BB93625E /* CodePushJWTDeprecations.h */ = {isa = PBXFileReference; explicitFileType = undefined; fileEncoding = 4; includeInIndex = 0; lastKnownFileType = sourcecode.c.h; name = CodePushJWTDeprecations.h; path = "cordova-plugin-code-push/CodePushJWTDeprecations.h"; sourceTree = "<group>"; };
		A61E41BD75734E3291CD07B4 /* CodePushJWTClaimsSetSerializer.m */ = {isa = PBXFileReference; explicitFileType = undefined; fileEncoding = 4; includeInIndex = 0; lastKnownFileType = sourcecode.c.objc; name = CodePushJWTClaimsSetSerializer.m; path = "cordova-plugin-code-push/CodePushJWTClaimsSetSerializer.m"; sourceTree = "<group>"; };
		A6B8CB5EE14A4FD7B6A9E2C2 /* CDVSound.m */ = {isa = PBXFileReference; explicitFileType = undefined; fileEncoding = 4; includeInIndex = 0; lastKnownFileType = sourcecode.c.objc; name = CDVSound.m; path = "cordova-plugin-media/CDVSound.m"; sourceTree = "<group>"; };
		A70A70EFC44E4A2BA83C1828 /* ioapi.c */ = {isa = PBXFileReference; explicitFileType = undefined; fileEncoding = 9; includeInIndex = 0; lastKnownFileType = unknown; name = ioapi.c; path = "cordova-plugin-zip/Plugins/minizip/ioapi.c"; sourceTree = "<group>"; };
		A74D776187E84478A3D4B61F /* CDVContact.h */ = {isa = PBXFileReference; explicitFileType = undefined; fileEncoding = 4; includeInIndex = 0; lastKnownFileType = sourcecode.c.h; name = CDVContact.h; path = "cordova-plugin-contacts/CDVContact.h"; sourceTree = "<group>"; };
		AA6728ACC1CF4A35813EF9FE /* CodePushPackageManager.h */ = {isa = PBXFileReference; explicitFileType = undefined; fileEncoding = 4; includeInIndex = 0; lastKnownFileType = sourcecode.c.h; name = CodePushPackageManager.h; path = "cordova-plugin-code-push/CodePushPackageManager.h"; sourceTree = "<group>"; };
		AA81BBAE1F70463C803EBE80 /* CDVNotification.m */ = {isa = PBXFileReference; explicitFileType = undefined; fileEncoding = 4; includeInIndex = 0; lastKnownFileType = sourcecode.c.objc; name = CDVNotification.m; path = "cordova-plugin-dialogs/CDVNotification.m"; sourceTree = "<group>"; };
		AB054AF04FF841479B03DB5C /* CodePushJWTErrorDescription.h */ = {isa = PBXFileReference; explicitFileType = undefined; fileEncoding = 4; includeInIndex = 0; lastKnownFileType = sourcecode.c.h; name = CodePushJWTErrorDescription.h; path = "cordova-plugin-code-push/CodePushJWTErrorDescription.h"; sourceTree = "<group>"; };
		ABD353E53ACB4D3C93A0C60A /* CDVNotification.h */ = {isa = PBXFileReference; explicitFileType = undefined; fileEncoding = 4; includeInIndex = 0; lastKnownFileType = sourcecode.c.h; name = CDVNotification.h; path = "cordova-plugin-dialogs/CDVNotification.h"; sourceTree = "<group>"; };
		AC556A3DBF314509B3C97712 /* CodePush.h */ = {isa = PBXFileReference; explicitFileType = undefined; fileEncoding = 4; includeInIndex = 0; lastKnownFileType = sourcecode.c.h; name = CodePush.h; path = "cordova-plugin-code-push/CodePush.h"; sourceTree = "<group>"; };
		ADD87B7AA1CB4F9A83794755 /* Utilities.h */ = {isa = PBXFileReference; explicitFileType = undefined; fileEncoding = 4; includeInIndex = 0; lastKnownFileType = sourcecode.c.h; name = Utilities.h; path = "cordova-plugin-code-push/Utilities.h"; sourceTree = "<group>"; };
		AE4E30ABB9DD43038F520E7D /* ImageIO.framework */ = {isa = PBXFileReference; explicitFileType = undefined; fileEncoding = 9; includeInIndex = 0; lastKnownFileType = wrapper.framework; name = ImageIO.framework; path = System/Library/Frameworks/ImageIO.framework; sourceTree = SDKROOT; };
		B5082923D7E14815A1CA360D /* entropy.h */ = {isa = PBXFileReference; explicitFileType = undefined; fileEncoding = 4; includeInIndex = 0; lastKnownFileType = sourcecode.c.h; name = entropy.h; path = "cordova-plugin-zip/Plugins/aes/entropy.h"; sourceTree = "<group>"; };
		B7C350FD078747958C248222 /* aes_via_ace.h */ = {isa = PBXFileReference; explicitFileType = undefined; fileEncoding = 4; includeInIndex = 0; lastKnownFileType = sourcecode.c.h; name = aes_via_ace.h; path = "cordova-plugin-zip/Plugins/aes/aes_via_ace.h"; sourceTree = "<group>"; };
		B905B953F13D4FBFB2697F81 /* CodePushMF_Base64Additions.h */ = {isa = PBXFileReference; explicitFileType = undefined; fileEncoding = 4; includeInIndex = 0; lastKnownFileType = sourcecode.c.h; name = CodePushMF_Base64Additions.h; path = "cordova-plugin-code-push/CodePushMF_Base64Additions.h"; sourceTree = "<group>"; };
		B907EA9B147A4C98BCE569C4 /* CodePushJWTCoding.m */ = {isa = PBXFileReference; explicitFileType = undefined; fileEncoding = 4; includeInIndex = 0; lastKnownFileType = sourcecode.c.objc; name = CodePushJWTCoding.m; path = "cordova-plugin-code-push/CodePushJWTCoding.m"; sourceTree = "<group>"; };
		B9844440ECD54974AD73AB90 /* AVFoundation.framework */ = {isa = PBXFileReference; explicitFileType = undefined; fileEncoding = 9; includeInIndex = 0; lastKnownFileType = wrapper.framework; name = AVFoundation.framework; path = System/Library/Frameworks/AVFoundation.framework; sourceTree = SDKROOT; };
		BB984219487C45D091DBC7AB /* CDVSplashScreen.h */ = {isa = PBXFileReference; explicitFileType = undefined; fileEncoding = 4; includeInIndex = 0; lastKnownFileType = sourcecode.c.h; name = CDVSplashScreen.h; path = "cordova-plugin-splashscreen/CDVSplashScreen.h"; sourceTree = "<group>"; };
		BDC5FCB7983A4CB68386E730 /* CodePushJWTAlgorithm.h */ = {isa = PBXFileReference; explicitFileType = undefined; fileEncoding = 4; includeInIndex = 0; lastKnownFileType = sourcecode.c.h; name = CodePushJWTAlgorithm.h; path = "cordova-plugin-code-push/CodePushJWTAlgorithm.h"; sourceTree = "<group>"; };
		C07A7DE790484A899C618547 /* CodePushJWTAlgorithmNone.m */ = {isa = PBXFileReference; explicitFileType = undefined; fileEncoding = 4; includeInIndex = 0; lastKnownFileType = sourcecode.c.objc; name = CodePushJWTAlgorithmNone.m; path = "cordova-plugin-code-push/CodePushJWTAlgorithmNone.m"; sourceTree = "<group>"; };
		C86DE58B7CC146438CFB6722 /* sha1.h */ = {isa = PBXFileReference; explicitFileType = undefined; fileEncoding = 4; includeInIndex = 0; lastKnownFileType = sourcecode.c.h; name = sha1.h; path = "cordova-plugin-zip/Plugins/aes/sha1.h"; sourceTree = "<group>"; };
		C8DB4F3671934364B8C119AC /* CodePushJWTClaimsSet.m */ = {isa = PBXFileReference; explicitFileType = undefined; fileEncoding = 4; includeInIndex = 0; lastKnownFileType = sourcecode.c.objc; name = CodePushJWTClaimsSet.m; path = "cordova-plugin-code-push/CodePushJWTClaimsSet.m"; sourceTree = "<group>"; };
		C92084F98855490B88C00D26 /* sha1.c */ = {isa = PBXFileReference; explicitFileType = undefined; fileEncoding = 9; includeInIndex = 0; lastKnownFileType = unknown; name = sha1.c; path = "cordova-plugin-zip/Plugins/aes/sha1.c"; sourceTree = "<group>"; };
		C98CE58386CC4366B8E2BFA4 /* CodePushPackageMetadata.m */ = {isa = PBXFileReference; explicitFileType = undefined; fileEncoding = 4; includeInIndex = 0; lastKnownFileType = sourcecode.c.objc; name = CodePushPackageMetadata.m; path = "cordova-plugin-code-push/CodePushPackageMetadata.m"; sourceTree = "<group>"; };
		C9CFDA48079D4D289B42886E /* Utilities.m */ = {isa = PBXFileReference; explicitFileType = undefined; fileEncoding = 4; includeInIndex = 0; lastKnownFileType = sourcecode.c.objc; name = Utilities.m; path = "cordova-plugin-code-push/Utilities.m"; sourceTree = "<group>"; };
		CC4EBB64725049EDA8A4C3DC /* CDVVibration.h */ = {isa = PBXFileReference; explicitFileType = undefined; fileEncoding = 4; includeInIndex = 0; lastKnownFileType = sourcecode.c.h; name = CDVVibration.h; path = "cordova-plugin-vibration/CDVVibration.h"; sourceTree = "<group>"; };
		CCEB7369A5CC44EBA95A7213 /* CodePushJWTCoding+VersionTwo.m */ = {isa = PBXFileReference; explicitFileType = undefined; fileEncoding = 4; includeInIndex = 0; lastKnownFileType = sourcecode.c.objc; name = "CodePushJWTCoding+VersionTwo.m"; path = "cordova-plugin-code-push/CodePushJWTCoding+VersionTwo.m"; sourceTree = "<group>"; };
		CF725FBB643C490BA5B025C0 /* CDVCapture.h */ = {isa = PBXFileReference; explicitFileType = undefined; fileEncoding = 4; includeInIndex = 0; lastKnownFileType = sourcecode.c.h; name = CDVCapture.h; path = "cordova-plugin-media-capture/CDVCapture.h"; sourceTree = "<group>"; };
		D2E93C248DE7417BBFE9EFBE /* CDVAssetLibraryFilesystem.h */ = {isa = PBXFileReference; explicitFileType = undefined; fileEncoding = 4; includeInIndex = 0; lastKnownFileType = sourcecode.c.h; name = CDVAssetLibraryFilesystem.h; path = "cordova-plugin-file/CDVAssetLibraryFilesystem.h"; sourceTree = "<group>"; };
		D3EC386703D5405B95710D84 /* CodePushJWTCoding+VersionOne.h */ = {isa = PBXFileReference; explicitFileType = undefined; fileEncoding = 4; includeInIndex = 0; lastKnownFileType = sourcecode.c.h; name = "CodePushJWTCoding+VersionOne.h"; path = "cordova-plugin-code-push/CodePushJWTCoding+VersionOne.h"; sourceTree = "<group>"; };
		D45748A5627443AF9089D60A /* CodePushJWTCryptoKeyExtractor.h */ = {isa = PBXFileReference; explicitFileType = undefined; fileEncoding = 4; includeInIndex = 0; lastKnownFileType = sourcecode.c.h; name = CodePushJWTCryptoKeyExtractor.h; path = "cordova-plugin-code-push/CodePushJWTCryptoKeyExtractor.h"; sourceTree = "<group>"; };
		D9B218BB534140DF998AD588 /* CodePushJWTClaim.m */ = {isa = PBXFileReference; explicitFileType = undefined; fileEncoding = 4; includeInIndex = 0; lastKnownFileType = sourcecode.c.objc; name = CodePushJWTClaim.m; path = "cordova-plugin-code-push/CodePushJWTClaim.m"; sourceTree = "<group>"; };
		DB6A17AF0D3A42458383AA3F /* AddressBook.framework */ = {isa = PBXFileReference; explicitFileType = undefined; fileEncoding = 9; includeInIndex = 0; lastKnownFileType = wrapper.framework; name = AddressBook.framework; path = System/Library/Frameworks/AddressBook.framework; sourceTree = SDKROOT; };
		DF086BC448EE4533A0318E7E /* CodePushJWTAlgorithmESBase.m */ = {isa = PBXFileReference; explicitFileType = undefined; fileEncoding = 4; includeInIndex = 0; lastKnownFileType = sourcecode.c.objc; name = CodePushJWTAlgorithmESBase.m; path = "cordova-plugin-code-push/CodePushJWTAlgorithmESBase.m"; sourceTree = "<group>"; };
		DF7717DEF6F14F0394E12FF7 /* InstallMode.h */ = {isa = PBXFileReference; explicitFileType = undefined; fileEncoding = 4; includeInIndex = 0; lastKnownFileType = sourcecode.c.h; name = InstallMode.h; path = "cordova-plugin-code-push/InstallMode.h"; sourceTree = "<group>"; };
		E0ECC528040D4363881A3939 /* CodePushJWTCoding+ResultTypes.m */ = {isa = PBXFileReference; explicitFileType = undefined; fileEncoding = 4; includeInIndex = 0; lastKnownFileType = sourcecode.c.objc; name = "CodePushJWTCoding+ResultTypes.m"; path = "cordova-plugin-code-push/CodePushJWTCoding+ResultTypes.m"; sourceTree = "<group>"; };
		E13529F8B4B34D8E9823ED1C /* CodePushJWTCoding+VersionThree.h */ = {isa = PBXFileReference; explicitFileType = undefined; fileEncoding = 4; includeInIndex = 0; lastKnownFileType = sourcecode.c.h; name = "CodePushJWTCoding+VersionThree.h"; path = "cordova-plugin-code-push/CodePushJWTCoding+VersionThree.h"; sourceTree = "<group>"; };
		E228F07D3ACE4A86B7395226 /* CodePushJWTAlgorithmRSBase.h */ = {isa = PBXFileReference; explicitFileType = undefined; fileEncoding = 4; includeInIndex = 0; lastKnownFileType = sourcecode.c.h; name = CodePushJWTAlgorithmRSBase.h; path = "cordova-plugin-code-push/CodePushJWTAlgorithmRSBase.h"; sourceTree = "<group>"; };
		E5CFC783FAEC46BFA5933778 /* CDVCompass.h */ = {isa = PBXFileReference; explicitFileType = undefined; fileEncoding = 4; includeInIndex = 0; lastKnownFileType = sourcecode.c.h; name = CDVCompass.h; path = "cordova-plugin-device-orientation/CDVCompass.h"; sourceTree = "<group>"; };
		E6346F2F78BC4D75BA515E57 /* CodePushJWTErrorDescription.m */ = {isa = PBXFileReference; explicitFileType = undefined; fileEncoding = 4; includeInIndex = 0; lastKnownFileType = sourcecode.c.objc; name = CodePushJWTErrorDescription.m; path = "cordova-plugin-code-push/CodePushJWTErrorDescription.m"; sourceTree = "<group>"; };
		E673E3BACD364968B553D6A1 /* CodePushJWTAlgorithmNone.h */ = {isa = PBXFileReference; explicitFileType = undefined; fileEncoding = 4; includeInIndex = 0; lastKnownFileType = sourcecode.c.h; name = CodePushJWTAlgorithmNone.h; path = "cordova-plugin-code-push/CodePushJWTAlgorithmNone.h"; sourceTree = "<group>"; };
		EA3C50BCE4244A0B84D0D873 /* crypt.h */ = {isa = PBXFileReference; explicitFileType = undefined; fileEncoding = 4; includeInIndex = 0; lastKnownFileType = sourcecode.c.h; name = crypt.h; path = "cordova-plugin-zip/Plugins/minizip/crypt.h"; sourceTree = "<group>"; };
		EB87FDF31871DA8E0020F90C /* www */ = {isa = PBXFileReference; lastKnownFileType = folder; name = www; path = ../../www; sourceTree = "<group>"; };
		EB87FDF41871DAF40020F90C /* config.xml */ = {isa = PBXFileReference; lastKnownFileType = text.xml; name = config.xml; path = ../../config.xml; sourceTree = "<group>"; };
		ECCD425B39A94B839228C19D /* CodePushJWTCryptoKey.m */ = {isa = PBXFileReference; explicitFileType = undefined; fileEncoding = 4; includeInIndex = 0; lastKnownFileType = sourcecode.c.objc; name = CodePushJWTCryptoKey.m; path = "cordova-plugin-code-push/CodePushJWTCryptoKey.m"; sourceTree = "<group>"; };
		ED33DF2A687741AEAF9F8254 /* Bridging-Header.h */ = {isa = PBXFileReference; fileEncoding = 4; lastKnownFileType = sourcecode.c.h; path = "Bridging-Header.h"; sourceTree = "<group>"; };
		EDA7D85FA8A44C29BFC369B6 /* CDVFileTransfer.h */ = {isa = PBXFileReference; explicitFileType = undefined; fileEncoding = 4; includeInIndex = 0; lastKnownFileType = sourcecode.c.h; name = CDVFileTransfer.h; path = "cordova-plugin-file-transfer/CDVFileTransfer.h"; sourceTree = "<group>"; };
		EDAA11F3DC5B4B68AA1F540F /* CoreLocation.framework */ = {isa = PBXFileReference; explicitFileType = undefined; fileEncoding = 9; includeInIndex = 0; lastKnownFileType = wrapper.framework; name = CoreLocation.framework; path = System/Library/Frameworks/CoreLocation.framework; sourceTree = SDKROOT; };
		EF198199C57947018F16F980 /* CodePushPackageMetadata.h */ = {isa = PBXFileReference; explicitFileType = undefined; fileEncoding = 4; includeInIndex = 0; lastKnownFileType = sourcecode.c.h; name = CodePushPackageMetadata.h; path = "cordova-plugin-code-push/CodePushPackageMetadata.h"; sourceTree = "<group>"; };
		EFF2B022C2F54081B5D99E2F /* SSZipArchive.m */ = {isa = PBXFileReference; explicitFileType = undefined; fileEncoding = 4; includeInIndex = 0; lastKnownFileType = sourcecode.c.objc; name = SSZipArchive.m; path = "cordova-plugin-zip/Plugins/minizip/SSZipArchive.m"; sourceTree = "<group>"; };
		F32361AF27474D65A20012F8 /* CodePushJWTAlgorithmHSBase.h */ = {isa = PBXFileReference; explicitFileType = undefined; fileEncoding = 4; includeInIndex = 0; lastKnownFileType = sourcecode.c.h; name = CodePushJWTAlgorithmHSBase.h; path = "cordova-plugin-code-push/CodePushJWTAlgorithmHSBase.h"; sourceTree = "<group>"; };
		F48937A0EDD443ABAABEE05E /* CDVFileTransfer.m */ = {isa = PBXFileReference; explicitFileType = undefined; fileEncoding = 4; includeInIndex = 0; lastKnownFileType = sourcecode.c.objc; name = CDVFileTransfer.m; path = "cordova-plugin-file-transfer/CDVFileTransfer.m"; sourceTree = "<group>"; };
		F4B983603F24458FB1800C8D /* entropy.c */ = {isa = PBXFileReference; explicitFileType = undefined; fileEncoding = 9; includeInIndex = 0; lastKnownFileType = unknown; name = entropy.c; path = "cordova-plugin-zip/Plugins/aes/entropy.c"; sourceTree = "<group>"; };
		F574290CE46A49C8BEEC808A /* CDVClipboard.h */ = {isa = PBXFileReference; explicitFileType = undefined; fileEncoding = 4; includeInIndex = 0; lastKnownFileType = sourcecode.c.h; name = CDVClipboard.h; path = "cordova-clipboard/CDVClipboard.h"; sourceTree = "<group>"; };
		F5E4EE6AF32E4AC094CC70AC /* CodePushJWTCoding+ResultTypes.h */ = {isa = PBXFileReference; explicitFileType = undefined; fileEncoding = 4; includeInIndex = 0; lastKnownFileType = sourcecode.c.h; name = "CodePushJWTCoding+ResultTypes.h"; path = "cordova-plugin-code-push/CodePushJWTCoding+ResultTypes.h"; sourceTree = "<group>"; };
		F7D5CBA1FFD741C2BAC83001 /* pwd2key.h */ = {isa = PBXFileReference; explicitFileType = undefined; fileEncoding = 4; includeInIndex = 0; lastKnownFileType = sourcecode.c.h; name = pwd2key.h; path = "cordova-plugin-zip/Plugins/aes/pwd2key.h"; sourceTree = "<group>"; };
		F840E1F0165FE0F500CFE078 /* config.xml */ = {isa = PBXFileReference; lastKnownFileType = text.xml; name = config.xml; path = appSample/config.xml; sourceTree = "<group>"; };
		F8F4DE0A4DCC416C92910CEC /* mztools.h */ = {isa = PBXFileReference; explicitFileType = undefined; fileEncoding = 4; includeInIndex = 0; lastKnownFileType = sourcecode.c.h; name = mztools.h; path = "cordova-plugin-zip/Plugins/minizip/mztools.h"; sourceTree = "<group>"; };
		F995F4047AAD42828182DCA7 /* CodePushJWTRSAlgorithm.h */ = {isa = PBXFileReference; explicitFileType = undefined; fileEncoding = 4; includeInIndex = 0; lastKnownFileType = sourcecode.c.h; name = CodePushJWTRSAlgorithm.h; path = "cordova-plugin-code-push/CodePushJWTRSAlgorithm.h"; sourceTree = "<group>"; };
		F9991CBE089C44FF841C8129 /* CDVClipboard.m */ = {isa = PBXFileReference; explicitFileType = undefined; fileEncoding = 4; includeInIndex = 0; lastKnownFileType = sourcecode.c.objc; name = CDVClipboard.m; path = "cordova-clipboard/CDVClipboard.m"; sourceTree = "<group>"; };
		FB2C687E6E2E4F4C8FF5C21E /* CodePushReportingManager.m */ = {isa = PBXFileReference; explicitFileType = undefined; fileEncoding = 4; includeInIndex = 0; lastKnownFileType = sourcecode.c.objc; name = CodePushReportingManager.m; path = "cordova-plugin-code-push/CodePushReportingManager.m"; sourceTree = "<group>"; };
		FBFDDC396D164DCC9E619A0F /* CDVAccelerometer.m */ = {isa = PBXFileReference; explicitFileType = undefined; fileEncoding = 4; includeInIndex = 0; lastKnownFileType = sourcecode.c.objc; name = CDVAccelerometer.m; path = "cordova-plugin-device-motion/CDVAccelerometer.m"; sourceTree = "<group>"; };
		FC3B0EBE5C6548DC8F3E445A /* CDVBattery.h */ = {isa = PBXFileReference; explicitFileType = undefined; fileEncoding = 4; includeInIndex = 0; lastKnownFileType = sourcecode.c.h; name = CDVBattery.h; path = "cordova-plugin-battery-status/CDVBattery.h"; sourceTree = "<group>"; };
/* End PBXFileReference section */

/* Begin PBXFrameworksBuildPhase section */
		1D60588F0D05DD3D006BFB54 /* Frameworks */ = {
			isa = PBXFrameworksBuildPhase;
			buildActionMask = 2147483647;
			files = (
				301BF552109A68D80062928A /* libCordova.a in Frameworks */,
				0AC1C639A3BD4DE6B2D66091 /* ImageIO.framework in Frameworks */,
				BECEB4D83A5F4EA885DE4201 /* CoreLocation.framework in Frameworks */,
				F0C255640955498BB654DE36 /* AVFoundation.framework in Frameworks */,
				8FCDEB99E724419A9C2D9B7F /* AudioToolbox.framework in Frameworks */,
				7FC6559622B646EA91D68A0F /* libz.tbd in Frameworks */,
				8C303AAD2E1A492190ED0D2D /* AddressBook.framework in Frameworks */,
				C9573A56F4F74FA8A660DE6B /* AddressBookUI.framework in Frameworks */,
				8E991857A5874629B3AE82E2 /* CoreMotion.framework in Frameworks */,
				E12D685779B34648A84B5ECF /* SystemConfiguration.framework in Frameworks */,
				78D41469504D4F4B8C93D012 /* CoreTelephony.framework in Frameworks */,
				B0396500D8AA4BAC947EB4C6 /* libz.dylib in Frameworks */,
			);
			runOnlyForDeploymentPostprocessing = 0;
		};
/* End PBXFrameworksBuildPhase section */

/* Begin PBXGroup section */
		080E96DDFE201D6D7F000001 /* Classes */ = {
			isa = PBXGroup;
			children = (
				302D95EE14D2391D003F00A1 /* MainViewController.h */,
				302D95EF14D2391D003F00A1 /* MainViewController.m */,
				302D95F014D2391D003F00A1 /* MainViewController.xib */,
				1D3623240D0F684500981E51 /* AppDelegate.h */,
				1D3623250D0F684500981E51 /* AppDelegate.m */,
			);
			name = Classes;
			path = appSample/Classes;
			sourceTree = SOURCE_ROOT;
		};
		19C28FACFE9D520D11CA2CBB /* Products */ = {
			isa = PBXGroup;
			children = (
				1D6058910D05DD3D006BFB54 /* appSample.app */,
			);
			name = Products;
			sourceTree = "<group>";
		};
		29B97314FDCFA39411CA2CEA /* CustomTemplate */ = {
			isa = PBXGroup;
			children = (
				EB87FDF41871DAF40020F90C /* config.xml */,
				EB87FDF31871DA8E0020F90C /* www */,
				EB87FDF11871DA420020F90C /* Staging */,
				301BF52D109A57CC0062928A /* CordovaLib/CordovaLib.xcodeproj */,
				080E96DDFE201D6D7F000001 /* Classes */,
				307C750510C5A3420062BCA9 /* Plugins */,
				29B97315FDCFA39411CA2CEA /* Other Sources */,
				29B97317FDCFA39411CA2CEA /* Resources */,
				29B97323FDCFA39411CA2CEA /* Frameworks */,
				19C28FACFE9D520D11CA2CBB /* Products */,
			);
			name = CustomTemplate;
			sourceTree = "<group>";
		};
		29B97315FDCFA39411CA2CEA /* Other Sources */ = {
			isa = PBXGroup;
			children = (
				32CA4F630368D1EE00C91783 /* appSample-Prefix.pch */,
				29B97316FDCFA39411CA2CEA /* main.m */,
				ED33DF2A687741AEAF9F8254 /* Bridging-Header.h */,
			);
			name = "Other Sources";
			path = appSample;
			sourceTree = "<group>";
		};
		29B97317FDCFA39411CA2CEA /* Resources */ = {
			isa = PBXGroup;
			children = (
				0207DA571B56EA530066E2B4 /* Images.xcassets */,
				3047A50E1AB8057F00498E2A /* config */,
				8D1107310486CEB800E47090 /* appSample-Info.plist */,
				6AFF5BF81D6E424B00AB3073 /* CDVLaunchScreen.storyboard */,
				9325C89F92964A2BBDCF528C /* CDVNotification.bundle */,
				7F9A2825A9A6425E895B825F /* CDVCapture.bundle */,
			);
			name = Resources;
			path = appSample/Resources;
			sourceTree = "<group>";
		};
		29B97323FDCFA39411CA2CEA /* Frameworks */ = {
			isa = PBXGroup;
			children = (
				AE4E30ABB9DD43038F520E7D /* ImageIO.framework */,
				EDAA11F3DC5B4B68AA1F540F /* CoreLocation.framework */,
				B9844440ECD54974AD73AB90 /* AVFoundation.framework */,
				0CE1B7F2DC8242FD95A2FC0E /* AudioToolbox.framework */,
				5266E14C1DA14F618F5E0522 /* libz.tbd */,
				DB6A17AF0D3A42458383AA3F /* AddressBook.framework */,
				51745748B34A44F693A8A7E4 /* AddressBookUI.framework */,
				5F539151E05F477988A3CEDB /* CoreMotion.framework */,
				21975DEBE386458292154C26 /* SystemConfiguration.framework */,
				01BC5BED25F841768A6B2A2F /* CoreTelephony.framework */,
				96CBDF4A52F348B2A2F7AC24 /* libz.dylib */,
			);
			name = Frameworks;
			sourceTree = "<group>";
		};
		301BF52E109A57CC0062928A /* Products */ = {
			isa = PBXGroup;
			children = (
				301BF535109A57CC0062928A /* libCordova.a */,
				0027B49420B99A1D00B3D85D /* Cordova.framework */,
			);
			name = Products;
			sourceTree = "<group>";
		};
		3047A50E1AB8057F00498E2A /* config */ = {
			isa = PBXGroup;
			children = (
				3047A50F1AB8059700498E2A /* build-debug.xcconfig */,
				3047A5101AB8059700498E2A /* build-release.xcconfig */,
				3047A5111AB8059700498E2A /* build.xcconfig */,
			);
			name = config;
			sourceTree = "<group>";
		};
		307C750510C5A3420062BCA9 /* Plugins */ = {
			isa = PBXGroup;
			children = (
				F9991CBE089C44FF841C8129 /* CDVClipboard.m */,
				F574290CE46A49C8BEEC808A /* CDVClipboard.h */,
				A181B33CF34D415C849C1D26 /* CDVBattery.m */,
				FC3B0EBE5C6548DC8F3E445A /* CDVBattery.h */,
				8FD94F80CC3344C5AFDA65CA /* UIImage+CropScaleOrientation.m */,
				6BE2F9D2CA6B46839604882A /* CDVCamera.m */,
				2FB2776B4FAC4F58A08B69F6 /* CDVJpegHeaderWriter.m */,
				20C71D6C3EB0446EB5110219 /* UIImage+CropScaleOrientation.h */,
				44874F60FC02485BB7CC87C1 /* CDVCamera.h */,
				6C5EE7A1A50C486791CF3799 /* CDVJpegHeaderWriter.h */,
				6D02DC46237846ECBEF39DB5 /* CDVExif.h */,
				AA81BBAE1F70463C803EBE80 /* CDVNotification.m */,
				ABD353E53ACB4D3C93A0C60A /* CDVNotification.h */,
				614FF6E4D7444173AF299688 /* CDVDevice.m */,
				572C15166AF04431AE0D6CFE /* CDVDevice.h */,
				567207D1F219470B96398D08 /* CodePush.m */,
				C98CE58386CC4366B8E2BFA4 /* CodePushPackageMetadata.m */,
				7852F6AF9671471688CDA737 /* CodePushPackageManager.m */,
				FB2C687E6E2E4F4C8FF5C21E /* CodePushReportingManager.m */,
				8A35521E506141439DDDCA3C /* InstallOptions.m */,
				0C552EF7BFBB414CBF096F2D /* StatusReport.m */,
				0DD7A4890949427BBA0318F0 /* UpdateHashUtils.m */,
				C9CFDA48079D4D289B42886E /* Utilities.m */,
				3C66D1F5AE134436A2F28DDE /* CodePushJWTAlgorithmFactory.m */,
				C07A7DE790484A899C618547 /* CodePushJWTAlgorithmNone.m */,
				DF086BC448EE4533A0318E7E /* CodePushJWTAlgorithmESBase.m */,
				61CF4CA9ABA54EBAB0338BB8 /* CodePushJWTAlgorithmDataHolder.m */,
				90059003A22F47629DEF4DE6 /* CodePushJWTAlgorithmDataHolderChain.m */,
				77E1B21D4E9C4945BACEB44F /* CodePushJWTAlgorithmHSBase.m */,
				598025BC40B04E639BB3F56F /* CodePushJWTAlgorithmRSBase.m */,
				ECCD425B39A94B839228C19D /* CodePushJWTCryptoKey.m */,
				85330C26DF2C4D4098895545 /* CodePushJWTCryptoKeyExtractor.m */,
				1470B79A02A54474901903A0 /* CodePushJWTCryptoSecurity.m */,
				D9B218BB534140DF998AD588 /* CodePushJWTClaim.m */,
				C8DB4F3671934364B8C119AC /* CodePushJWTClaimsSet.m */,
				A61E41BD75734E3291CD07B4 /* CodePushJWTClaimsSetSerializer.m */,
				245894F6C2CC465F9B889196 /* CodePushJWTClaimsSetVerifier.m */,
				E0ECC528040D4363881A3939 /* CodePushJWTCoding+ResultTypes.m */,
				2B25BDD6E24D4023B03A81A7 /* CodePushJWTCoding+VersionOne.m */,
				6EDF891735324696A8DDA406 /* CodePushJWTCoding+VersionThree.m */,
				CCEB7369A5CC44EBA95A7213 /* CodePushJWTCoding+VersionTwo.m */,
				B907EA9B147A4C98BCE569C4 /* CodePushJWTCoding.m */,
				0DFEB8924D584845BF130D27 /* CodePushJWTBase64Coder.m */,
				E6346F2F78BC4D75BA515E57 /* CodePushJWTErrorDescription.m */,
				11698AB5762949FD9F6BAD47 /* CodePushMF_Base64Additions.m */,
				AC556A3DBF314509B3C97712 /* CodePush.h */,
				EF198199C57947018F16F980 /* CodePushPackageMetadata.h */,
				AA6728ACC1CF4A35813EF9FE /* CodePushPackageManager.h */,
				485FDF2A835B43E39F282872 /* CodePushReportingManager.h */,
				808FA1A7F39447D492573029 /* InstallOptions.h */,
				DF7717DEF6F14F0394E12FF7 /* InstallMode.h */,
				321FA8CF28204F2F99291BBE /* StatusReport.h */,
				3BE7EE6EDAAE42D19705EBF2 /* UpdateHashUtils.h */,
				ADD87B7AA1CB4F9A83794755 /* Utilities.h */,
				BDC5FCB7983A4CB68386E730 /* CodePushJWTAlgorithm.h */,
				784E7AAED3F34BA8B7969931 /* CodePushJWTAlgorithmFactory.h */,
				E673E3BACD364968B553D6A1 /* CodePushJWTAlgorithmNone.h */,
				14D3FCBE7F8F4F98B69536CC /* CodePushJWTAlgorithmESBase.h */,
				3B96EECEC0CE4F178FBDDD0B /* CodePushJWTAlgorithmDataHolder.h */,
				09E1ED9EC4694CE7A0D8818F /* CodePushJWTAlgorithmDataHolderChain.h */,
				F32361AF27474D65A20012F8 /* CodePushJWTAlgorithmHSBase.h */,
				E228F07D3ACE4A86B7395226 /* CodePushJWTAlgorithmRSBase.h */,
				F995F4047AAD42828182DCA7 /* CodePushJWTRSAlgorithm.h */,
				7AD4C82962424B49A83C4E9B /* CodePushJWTCryptoKey.h */,
				D45748A5627443AF9089D60A /* CodePushJWTCryptoKeyExtractor.h */,
				4B5E96A09DA6431EB651DDBE /* CodePushJWTCryptoSecurity.h */,
				03A336128D9946B1900990F7 /* CodePushJWTClaim.h */,
				4700E12126F343E4A5DBEB5C /* CodePushJWTClaimsSet.h */,
				A157B45101474862B489382F /* CodePushJWTClaimsSetSerializer.h */,
				91FA25D3B2C5498BADE19403 /* CodePushJWTClaimsSetVerifier.h */,
				F5E4EE6AF32E4AC094CC70AC /* CodePushJWTCoding+ResultTypes.h */,
				D3EC386703D5405B95710D84 /* CodePushJWTCoding+VersionOne.h */,
				E13529F8B4B34D8E9823ED1C /* CodePushJWTCoding+VersionThree.h */,
				156AEAA1D4F84D4FA8F6FD8F /* CodePushJWTCoding+VersionTwo.h */,
				4C2ABBC9BE544E37AC119617 /* CodePushJWTCoding.h */,
				3E0F88E35A20434B90D222B9 /* CodePushJWT.h */,
				4081E1E91B0C4DC3B4765B91 /* CodePushJWTBase64Coder.h */,
				A56CEE58F1954246BB93625E /* CodePushJWTDeprecations.h */,
				AB054AF04FF841479B03DB5C /* CodePushJWTErrorDescription.h */,
				B905B953F13D4FBFB2697F81 /* CodePushMF_Base64Additions.h */,
				9C4B3657686A4207BF381386 /* CDVContacts.m */,
				877D281172F3497FA655754D /* CDVContact.m */,
				4D8A423A423846C098E9D876 /* CDVContacts.h */,
				A74D776187E84478A3D4B61F /* CDVContact.h */,
				FBFDDC396D164DCC9E619A0F /* CDVAccelerometer.m */,
				3A115F04A8DB46A89144746A /* CDVAccelerometer.h */,
				16DE25AD18D549C096668517 /* CDVCompass.m */,
				E5CFC783FAEC46BFA5933778 /* CDVCompass.h */,
				24685DB05D75477C86B1AAFE /* CDVFile.m */,
				91E6B40A27894ACDA638BD9E /* CDVLocalFilesystem.m */,
				2D559E8DF85948C59E107DC6 /* CDVAssetLibraryFilesystem.m */,
				5650D853B768484F848EA035 /* CDVFile.h */,
				289AE4D3553F4D6F940CE296 /* CDVLocalFilesystem.h */,
				D2E93C248DE7417BBFE9EFBE /* CDVAssetLibraryFilesystem.h */,
				F48937A0EDD443ABAABEE05E /* CDVFileTransfer.m */,
				EDA7D85FA8A44C29BFC369B6 /* CDVFileTransfer.h */,
				414053D465EF425BBA3015A5 /* CDVLocation.m */,
				8E064361F2D24421A4CD513C /* CDVLocation.h */,
				5110A26A21EF4D218C178A68 /* CDVGlobalization.m */,
				14082784347D433C8D23B1BC /* CDVGlobalization.h */,
				3E38EDCE9A9E40BE9A37C434 /* CDVInAppBrowser.m */,
				3400B066A1C34C7CB2485429 /* CDVInAppBrowser.h */,
				A6B8CB5EE14A4FD7B6A9E2C2 /* CDVSound.m */,
				8B8C25EAE4CB489684627EB5 /* CDVSound.h */,
				A4754FE25817477290F9FE76 /* CDVCapture.m */,
				CF725FBB643C490BA5B025C0 /* CDVCapture.h */,
				0A4B500EA6C34B0591CF312E /* CDVConnection.m */,
				491454DFF16B4639BBB3C6DB /* CDVReachability.m */,
				43B1E9F68803446DBFDBE9E4 /* CDVConnection.h */,
				5AC88CE3389043C69DEE814C /* CDVReachability.h */,
				2C7B7AA58064431F80CD356B /* CDVSplashScreen.m */,
				2B25BB34653148D1A020678A /* CDVViewController+SplashScreen.m */,
				BB984219487C45D091DBC7AB /* CDVSplashScreen.h */,
				4BB84BCDA5364F31878055E7 /* CDVViewController+SplashScreen.h */,
				97D89FD58CE243F4A136EDCA /* CDVStatusBar.m */,
				5D925B38C2474AC1BCE4CFB8 /* CDVStatusBar.h */,
				56EA9189EEF147B58E3C9077 /* CDVVibration.m */,
				CC4EBB64725049EDA8A4C3DC /* CDVVibration.h */,
				2A57B370F9694C84A7D07B97 /* ZipPlugin.m */,
				40793FB795BC47B3BD469CD3 /* aescrypt.c */,
				6175ECF1EDEB468EBDF3E8F3 /* aeskey.c */,
				96BA6A2F47E64239AF2E8632 /* aestab.c */,
				F4B983603F24458FB1800C8D /* entropy.c */,
				43095CD21EDA49D8A33CC44F /* fileenc.c */,
				094D36F6EB174B8983EDABFD /* hmac.c */,
				1B44BC529ED343E6A4CEEE52 /* prng.c */,
				17EC77A5065F4698A4D6B230 /* pwd2key.c */,
				C92084F98855490B88C00D26 /* sha1.c */,
				EFF2B022C2F54081B5D99E2F /* SSZipArchive.m */,
				4CA721AA10474953B8C2157E /* zip.c */,
				8B2779049CFF483DA7E3BB2D /* unzip.c */,
				7B631F79BDAD40F99B5A195A /* mztools.c */,
				A70A70EFC44E4A2BA83C1828 /* ioapi.c */,
				0B853E779B4E409BB4137F01 /* ZipPlugin.h */,
				51FA57360CBB4D6CA775259B /* Common.h */,
				5CBFEF59FDD948798D6C3E18 /* aes.h */,
				B7C350FD078747958C248222 /* aes_via_ace.h */,
				47AB3192E1D84D4E9C037818 /* aesopt.h */,
				8F6377B3A84844F8B0BA1713 /* aestab.h */,
				307CA8B58F3B47218C836EDC /* brg_endian.h */,
				3F6CAD0623FC4FB6B310E4D4 /* brg_types.h */,
				B5082923D7E14815A1CA360D /* entropy.h */,
				9E27BD34313F4F28918A7889 /* fileenc.h */,
				2FEAE2CE4FD14C66A15EB2BD /* hmac.h */,
				0C03EF1F8CB7439E9EEAC8EA /* prng.h */,
				F7D5CBA1FFD741C2BAC83001 /* pwd2key.h */,
				C86DE58B7CC146438CFB6722 /* sha1.h */,
				1DD0645ED2614BAEBFF56D6A /* SSZipArchive.h */,
				280D6CE6F6F8452BB64379EB /* zip.h */,
				7C9E471105E04F6AB76CE2DC /* unzip.h */,
				F8F4DE0A4DCC416C92910CEC /* mztools.h */,
				1764663B009C472B8519D90A /* ioapi.h */,
				EA3C50BCE4244A0B84D0D873 /* crypt.h */,
			);
			name = Plugins;
			path = appSample/Plugins;
			sourceTree = SOURCE_ROOT;
		};
		EB87FDF11871DA420020F90C /* Staging */ = {
			isa = PBXGroup;
			children = (
				F840E1F0165FE0F500CFE078 /* config.xml */,
				301BF56E109A69640062928A /* www */,
			);
			name = Staging;
			sourceTree = "<group>";
		};
/* End PBXGroup section */

/* Begin PBXNativeTarget section */
		1D6058900D05DD3D006BFB54 /* appSample */ = {
			isa = PBXNativeTarget;
			buildConfigurationList = 1D6058960D05DD3E006BFB54 /* Build configuration list for PBXNativeTarget "appSample" */;
			buildPhases = (
				304B58A110DAC018002A0835 /* Copy www directory */,
				1D60588D0D05DD3D006BFB54 /* Resources */,
				1D60588E0D05DD3D006BFB54 /* Sources */,
				1D60588F0D05DD3D006BFB54 /* Frameworks */,
			);
			buildRules = (
			);
			dependencies = (
				301BF551109A68C00062928A /* PBXTargetDependency */,
			);
			name = appSample;
			productName = appSample;
			productReference = 1D6058910D05DD3D006BFB54 /* appSample.app */;
			productType = "com.apple.product-type.application";
		};
/* End PBXNativeTarget section */

/* Begin PBXProject section */
		29B97313FDCFA39411CA2CEA /* Project object */ = {
			isa = PBXProject;
			attributes = {
				LastUpgradeCheck = 510;
				TargetAttributes = {
					1D6058900D05DD3D006BFB54 = {
						DevelopmentTeam = 6Y52V6LHX3;
					};
				};
			};
			buildConfigurationList = C01FCF4E08A954540054247B /* Build configuration list for PBXProject "appSample" */;
			compatibilityVersion = "Xcode 3.2";
			developmentRegion = English;
			hasScannedForEncodings = 1;
			knownRegions = (
				en,
			);
			mainGroup = 29B97314FDCFA39411CA2CEA /* CustomTemplate */;
			projectDirPath = "";
			projectReferences = (
				{
					ProductGroup = 301BF52E109A57CC0062928A /* Products */;
					ProjectRef = 301BF52D109A57CC0062928A /* CordovaLib/CordovaLib.xcodeproj */;
				},
			);
			projectRoot = "";
			targets = (
				1D6058900D05DD3D006BFB54 /* appSample */,
			);
		};
/* End PBXProject section */

/* Begin PBXReferenceProxy section */
		0027B49420B99A1D00B3D85D /* Cordova.framework */ = {
			isa = PBXReferenceProxy;
			fileType = wrapper.framework;
			path = Cordova.framework;
			remoteRef = 0027B49320B99A1D00B3D85D /* PBXContainerItemProxy */;
			sourceTree = BUILT_PRODUCTS_DIR;
		};
		301BF535109A57CC0062928A /* libCordova.a */ = {
			isa = PBXReferenceProxy;
			fileType = archive.ar;
			path = libCordova.a;
			remoteRef = 301BF534109A57CC0062928A /* PBXContainerItemProxy */;
			sourceTree = BUILT_PRODUCTS_DIR;
		};
/* End PBXReferenceProxy section */

/* Begin PBXResourcesBuildPhase section */
		1D60588D0D05DD3D006BFB54 /* Resources */ = {
			isa = PBXResourcesBuildPhase;
			buildActionMask = 2147483647;
			files = (
				302D95F214D2391D003F00A1 /* MainViewController.xib in Resources */,
				0207DA581B56EA530066E2B4 /* Images.xcassets in Resources */,
				6AFF5BF91D6E424B00AB3073 /* CDVLaunchScreen.storyboard in Resources */,
				FEE8E255CCC44BA68C97FBFD /* CDVNotification.bundle in Resources */,
				9CBFC252BA614BD6BBF93A7E /* CDVCapture.bundle in Resources */,
			);
			runOnlyForDeploymentPostprocessing = 0;
		};
/* End PBXResourcesBuildPhase section */

/* Begin PBXShellScriptBuildPhase section */
		304B58A110DAC018002A0835 /* Copy www directory */ = {
			isa = PBXShellScriptBuildPhase;
			buildActionMask = 2147483647;
			files = (
			);
			inputPaths = (
			);
			name = "Copy www directory";
			outputPaths = (
			);
			runOnlyForDeploymentPostprocessing = 0;
			shellPath = /bin/sh;
			shellScript = "NODEJS_PATH=/usr/local/bin; NVM_NODE_PATH=~/.nvm/versions/node/`nvm version 2>/dev/null`/bin; N_NODE_PATH=`find /usr/local/n/versions/node/* -maxdepth 0 -type d 2>/dev/null | tail -1`/bin; XCODE_NODE_PATH=`xcode-select --print-path`/usr/share/xcs/Node/bin; PATH=$NODEJS_PATH:$NVM_NODE_PATH:$N_NODE_PATH:$XCODE_NODE_PATH:$PATH && node cordova/lib/copy-www-build-step.js";
			showEnvVarsInLog = 0;
		};
/* End PBXShellScriptBuildPhase section */

/* Begin PBXSourcesBuildPhase section */
		1D60588E0D05DD3D006BFB54 /* Sources */ = {
			isa = PBXSourcesBuildPhase;
			buildActionMask = 2147483647;
			files = (
				1D60589B0D05DD56006BFB54 /* main.m in Sources */,
				1D3623260D0F684500981E51 /* AppDelegate.m in Sources */,
				302D95F114D2391D003F00A1 /* MainViewController.m in Sources */,
				29DE2B4A854844F78AECA01F /* CDVClipboard.m in Sources */,
				43114BB8ECEA4E8DA683C622 /* CDVBattery.m in Sources */,
				F630322702584C8693DE94E3 /* UIImage+CropScaleOrientation.m in Sources */,
				009099A69C3F44A1926C1A62 /* CDVCamera.m in Sources */,
				653E03D540E244A497776367 /* CDVJpegHeaderWriter.m in Sources */,
				DD08D79E89334DD59F483D41 /* CDVNotification.m in Sources */,
				AA2376B5BF014629A3EB040A /* CDVDevice.m in Sources */,
				3525D52473F14F1DA0AF2E97 /* CodePush.m in Sources */,
				C64A97BE865941A3B20112A9 /* CodePushPackageMetadata.m in Sources */,
				F1673C00ABC3466BBB8A9F48 /* CodePushPackageManager.m in Sources */,
				B28A01C122254C5787921D82 /* CodePushReportingManager.m in Sources */,
				6CBF31EBD66C46019295DE82 /* InstallOptions.m in Sources */,
				83E758717EB74FB998F5BE58 /* StatusReport.m in Sources */,
				40EC038792FB460482AF1C78 /* UpdateHashUtils.m in Sources */,
				4F1E8CBC8E1D4B28A2C4CF81 /* Utilities.m in Sources */,
				CCBFB361C05E41B4BE2929C0 /* CodePushJWTAlgorithmFactory.m in Sources */,
				CB94DCAD1A83480CBC009674 /* CodePushJWTAlgorithmNone.m in Sources */,
				FD51BA6417114470A81BBD88 /* CodePushJWTAlgorithmESBase.m in Sources */,
				5834ED73BE4149EF9AFCDBF6 /* CodePushJWTAlgorithmDataHolder.m in Sources */,
				356C67AD5B7842B5A25A5D7B /* CodePushJWTAlgorithmDataHolderChain.m in Sources */,
				87B09D3637E144588AF19F26 /* CodePushJWTAlgorithmHSBase.m in Sources */,
				538DECE8EF754209A3185287 /* CodePushJWTAlgorithmRSBase.m in Sources */,
				13308AA2B0604E3FB78C1BEA /* CodePushJWTCryptoKey.m in Sources */,
				81AC3202FBD04A8F8841C211 /* CodePushJWTCryptoKeyExtractor.m in Sources */,
				BBC9193A69B24BE9891B19A9 /* CodePushJWTCryptoSecurity.m in Sources */,
				E5525AC87CA9457F9BD28433 /* CodePushJWTClaim.m in Sources */,
				F16394F8F9F84A25AF090923 /* CodePushJWTClaimsSet.m in Sources */,
				FADFC3598E864B8EBFE71A46 /* CodePushJWTClaimsSetSerializer.m in Sources */,
				760F4305A0724ACEBC5372CD /* CodePushJWTClaimsSetVerifier.m in Sources */,
				7D6D314F8F1946F883468C60 /* CodePushJWTCoding+ResultTypes.m in Sources */,
				337A7FA617C243619D659BB8 /* CodePushJWTCoding+VersionOne.m in Sources */,
				65382749CD724EF4BF0783BC /* CodePushJWTCoding+VersionThree.m in Sources */,
				DD37BF824F2E4AE0AC97981C /* CodePushJWTCoding+VersionTwo.m in Sources */,
				F0DA29C175834720999CD095 /* CodePushJWTCoding.m in Sources */,
				E64DBE868C1B48BC8F50990E /* CodePushJWTBase64Coder.m in Sources */,
				91148A7E91104F9986CC28E4 /* CodePushJWTErrorDescription.m in Sources */,
				2C1ADF5A0B8E40D491EE6E99 /* CodePushMF_Base64Additions.m in Sources */,
				316C419814104A9EAD527757 /* CDVContacts.m in Sources */,
				DCCEBA6E20B640008A4605B6 /* CDVContact.m in Sources */,
				72AA1B7286AB435BAE74D820 /* CDVAccelerometer.m in Sources */,
				793F7B45487146AF8B51C996 /* CDVCompass.m in Sources */,
				1FE164E006544A8BA20BB2C4 /* CDVFile.m in Sources */,
				282756885DB54979B402C6B3 /* CDVLocalFilesystem.m in Sources */,
				B8CDCCC72F73427EAB5A0660 /* CDVAssetLibraryFilesystem.m in Sources */,
				594ACD2422694549B15A64AB /* CDVFileTransfer.m in Sources */,
				1A4344D9C8144BFCA6C1B41C /* CDVLocation.m in Sources */,
				5C8EDE4800CE44AD8A3A635F /* CDVGlobalization.m in Sources */,
				26F4133C23FF408D846ECFA5 /* CDVInAppBrowser.m in Sources */,
				A8E8FBABC1B449E7B1205F77 /* CDVSound.m in Sources */,
				0E239017DA254E5589B9F335 /* CDVCapture.m in Sources */,
				3798BD8829F643058AC545DF /* CDVConnection.m in Sources */,
				C54B3DDC88BF4915B47BEA0D /* CDVReachability.m in Sources */,
				743EC3890CF94660B20B8D79 /* CDVSplashScreen.m in Sources */,
				4D7090797F724543B113AE6D /* CDVViewController+SplashScreen.m in Sources */,
				D7261F61F30A4C3992797F5B /* CDVStatusBar.m in Sources */,
				E5C7FF02B63A43A6B4B3BDB7 /* CDVVibration.m in Sources */,
				E5B305EC8810419FAA7EA406 /* ZipPlugin.m in Sources */,
				EC4D102C773641BA853E0961 /* aescrypt.c in Sources */,
				FC2848D54D1C4782AD25E579 /* aeskey.c in Sources */,
				508101EA8CB940C2B236972E /* aestab.c in Sources */,
				8D182EF7B5EB4D768A21B8CE /* entropy.c in Sources */,
				D302AF8F926D4F42A7FFADFF /* fileenc.c in Sources */,
				B434C4B8F332445F9A064F7C /* hmac.c in Sources */,
				11820E8EBBDD439FB4BF9C0C /* prng.c in Sources */,
				7EE17A4B0C264B9CB7783E50 /* pwd2key.c in Sources */,
				09C5E734B25E4E449D38D673 /* sha1.c in Sources */,
				8D4572C40B1247C6BC73DEC2 /* SSZipArchive.m in Sources */,
				D9766D45130C48D0BDEF191B /* zip.c in Sources */,
				1D5FC87BD3334106BBFA4FD4 /* unzip.c in Sources */,
				4196A29E17544DB3B35088DE /* mztools.c in Sources */,
				3721956C9297479490715A27 /* ioapi.c in Sources */,
			);
			runOnlyForDeploymentPostprocessing = 0;
		};
/* End PBXSourcesBuildPhase section */

/* Begin PBXTargetDependency section */
		301BF551109A68C00062928A /* PBXTargetDependency */ = {
			isa = PBXTargetDependency;
			name = CordovaLib;
			targetProxy = 301BF550109A68C00062928A /* PBXContainerItemProxy */;
		};
/* End PBXTargetDependency section */

/* Begin XCBuildConfiguration section */
		1D6058940D05DD3E006BFB54 /* Debug */ = {
			isa = XCBuildConfiguration;
			baseConfigurationReference = 3047A50F1AB8059700498E2A /* build-debug.xcconfig */;
			buildSettings = {
				ALWAYS_SEARCH_USER_PATHS = NO;
				ASSETCATALOG_COMPILER_APPICON_NAME = AppIcon;
				ASSETCATALOG_COMPILER_LAUNCHIMAGE_NAME = LaunchImage;
				CLANG_ENABLE_MODULES = YES;
				CLANG_ENABLE_OBJC_ARC = YES;
				COPY_PHASE_STRIP = NO;
				DEVELOPMENT_TEAM = 6Y52V6LHX3;
				GCC_DYNAMIC_NO_PIC = NO;
				GCC_OPTIMIZATION_LEVEL = 0;
				GCC_PRECOMPILE_PREFIX_HEADER = YES;
				GCC_PREFIX_HEADER = "appSample/appSample-Prefix.pch";
				GCC_THUMB_SUPPORT = NO;
				GCC_VERSION = "";
				INFOPLIST_FILE = "appSample/appSample-Info.plist";
				IPHONEOS_DEPLOYMENT_TARGET = 9.0;
				LD_RUNPATH_SEARCH_PATHS = "@executable_path/Frameworks";
				PRODUCT_BUNDLE_IDENTIFIER = org.myapp.samplee;
				PRODUCT_NAME = appSample;
				TARGETED_DEVICE_FAMILY = "1,2";
			};
			name = Debug;
		};
		1D6058950D05DD3E006BFB54 /* Release */ = {
			isa = XCBuildConfiguration;
			baseConfigurationReference = 3047A5101AB8059700498E2A /* build-release.xcconfig */;
			buildSettings = {
				ALWAYS_SEARCH_USER_PATHS = NO;
				ASSETCATALOG_COMPILER_APPICON_NAME = AppIcon;
				ASSETCATALOG_COMPILER_LAUNCHIMAGE_NAME = LaunchImage;
				CLANG_ENABLE_MODULES = YES;
				CLANG_ENABLE_OBJC_ARC = YES;
				COPY_PHASE_STRIP = YES;
				DEVELOPMENT_TEAM = 6Y52V6LHX3;
				GCC_PRECOMPILE_PREFIX_HEADER = YES;
				GCC_PREFIX_HEADER = "appSample/appSample-Prefix.pch";
				GCC_THUMB_SUPPORT = NO;
				GCC_VERSION = "";
				INFOPLIST_FILE = "appSample/appSample-Info.plist";
				IPHONEOS_DEPLOYMENT_TARGET = 9.0;
				LD_RUNPATH_SEARCH_PATHS = "@executable_path/Frameworks";
				PRODUCT_BUNDLE_IDENTIFIER = org.myapp.samplee;
				PRODUCT_NAME = appSample;
				TARGETED_DEVICE_FAMILY = "1,2";
			};
			name = Release;
		};
		C01FCF4F08A954540054247B /* Debug */ = {
			isa = XCBuildConfiguration;
			baseConfigurationReference = 3047A5111AB8059700498E2A /* build.xcconfig */;
			buildSettings = {
				ASSETCATALOG_COMPILER_LAUNCHIMAGE_NAME = LaunchImage;
				CLANG_ENABLE_MODULES = YES;
				CLANG_ENABLE_OBJC_ARC = YES;
				CLANG_WARN_BOOL_CONVERSION = YES;
				CLANG_WARN_CONSTANT_CONVERSION = YES;
				CLANG_WARN_EMPTY_BODY = YES;
				CLANG_WARN_ENUM_CONVERSION = YES;
				CLANG_WARN_INT_CONVERSION = YES;
				CLANG_WARN__DUPLICATE_METHOD_MATCH = YES;
				GCC_C_LANGUAGE_STANDARD = c99;
				GCC_THUMB_SUPPORT = NO;
				GCC_VERSION = "";
				GCC_WARN_ABOUT_RETURN_TYPE = YES;
				GCC_WARN_UNDECLARED_SELECTOR = YES;
				GCC_WARN_UNINITIALIZED_AUTOS = YES;
				GCC_WARN_UNUSED_FUNCTION = YES;
				GCC_WARN_UNUSED_VARIABLE = YES;
				ONLY_ACTIVE_ARCH = YES;
				SDKROOT = iphoneos;
				SKIP_INSTALL = NO;
			};
			name = Debug;
		};
		C01FCF5008A954540054247B /* Release */ = {
			isa = XCBuildConfiguration;
			baseConfigurationReference = 3047A5111AB8059700498E2A /* build.xcconfig */;
			buildSettings = {
				ASSETCATALOG_COMPILER_LAUNCHIMAGE_NAME = LaunchImage;
				CLANG_ENABLE_MODULES = YES;
				CLANG_ENABLE_OBJC_ARC = YES;
				CLANG_WARN_BOOL_CONVERSION = YES;
				CLANG_WARN_CONSTANT_CONVERSION = YES;
				CLANG_WARN_EMPTY_BODY = YES;
				CLANG_WARN_ENUM_CONVERSION = YES;
				CLANG_WARN_INT_CONVERSION = YES;
				CLANG_WARN__DUPLICATE_METHOD_MATCH = YES;
				GCC_C_LANGUAGE_STANDARD = c99;
				GCC_THUMB_SUPPORT = NO;
				GCC_VERSION = "";
				GCC_WARN_ABOUT_RETURN_TYPE = YES;
				GCC_WARN_UNDECLARED_SELECTOR = YES;
				GCC_WARN_UNINITIALIZED_AUTOS = YES;
				GCC_WARN_UNUSED_FUNCTION = YES;
				GCC_WARN_UNUSED_VARIABLE = YES;
				SDKROOT = iphoneos;
				SKIP_INSTALL = NO;
			};
			name = Release;
		};
/* End XCBuildConfiguration section */

/* Begin XCConfigurationList section */
		1D6058960D05DD3E006BFB54 /* Build configuration list for PBXNativeTarget "appSample" */ = {
			isa = XCConfigurationList;
			buildConfigurations = (
				1D6058940D05DD3E006BFB54 /* Debug */,
				1D6058950D05DD3E006BFB54 /* Release */,
			);
			defaultConfigurationIsVisible = 0;
			defaultConfigurationName = Release;
		};
		C01FCF4E08A954540054247B /* Build configuration list for PBXProject "appSample" */ = {
			isa = XCConfigurationList;
			buildConfigurations = (
				C01FCF4F08A954540054247B /* Debug */,
				C01FCF5008A954540054247B /* Release */,
			);
			defaultConfigurationIsVisible = 0;
			defaultConfigurationName = Release;
		};
/* End XCConfigurationList section */
	};
	rootObject = 29B97313FDCFA39411CA2CEA /* Project object */;
}
