// !$*UTF8*$!
{
	archiveVersion = 1;
	classes = {
	};
	objectVersion = 46;
	objects = {

/* Begin PBXBuildFile section */
		0207DA581B56EA530066E2B4 /* Images.xcassets in Resources */ = {isa = PBXBuildFile; fileRef = 0207DA571B56EA530066E2B4 /* Images.xcassets */; };
		02C249301F474AC99BB8B46E /* CDVCapture.bundle in Resources */ = {isa = PBXBuildFile; fileRef = 15614243091F4729BCBD68F1 /* CDVCapture.bundle */; };
		06C73410FD734731AE265D25 /* mztools.c in Sources */ = {isa = PBXBuildFile; fileRef = E39B90DCE3024C56B51000E3 /* mztools.c */; };
		07D43C0E681F4A8D9EE9DA74 /* pwd2key.c in Sources */ = {isa = PBXBuildFile; fileRef = 0831ECF0F5784982BD37582A /* pwd2key.c */; };
		082D7CC747E54BD9BDC33CE7 /* CodePushJWTCoding+ResultTypes.m in Sources */ = {isa = PBXBuildFile; fileRef = 0C14259BE9A14C80A4FAE3D0 /* CodePushJWTCoding+ResultTypes.m */; };
		09ED88E06EAD477483EE1565 /* CDVFile.m in Sources */ = {isa = PBXBuildFile; fileRef = 94F5D6A6F2CF4FE888A22D5D /* CDVFile.m */; };
		0B1A7204E072432AADBF5C5E /* CodePushJWTCryptoKeyExtractor.m in Sources */ = {isa = PBXBuildFile; fileRef = EF1008A5A7364E41B26429C1 /* CodePushJWTCryptoKeyExtractor.m */; };
		0D66C82685F9482899432493 /* CoreTelephony.framework in Frameworks */ = {isa = PBXBuildFile; fileRef = 5957AEE61D0440878741E343 /* CoreTelephony.framework */; };
		102C6412096642F79BAE3BD0 /* CDVContacts.m in Sources */ = {isa = PBXBuildFile; fileRef = 3348A647BC624E58B76CD31F /* CDVContacts.m */; };
		10C1C43A193C4AB4A55F2192 /* CDVVibration.m in Sources */ = {isa = PBXBuildFile; fileRef = 759A4BFBC70F4577B884E127 /* CDVVibration.m */; };
		11078061AB69401A8EEF3EC2 /* AVFoundation.framework in Frameworks */ = {isa = PBXBuildFile; fileRef = 9DB61A41C6174F56B5781FFB /* AVFoundation.framework */; };
		1421FD94A07D4A828F32C5D7 /* CDVNotification.bundle in Resources */ = {isa = PBXBuildFile; fileRef = 39D0F39BCC804FA1BEA9C418 /* CDVNotification.bundle */; };
		1462DC011FF94A5984D76472 /* CDVInAppBrowser.m in Sources */ = {isa = PBXBuildFile; fileRef = 97418333CEA7427497538AD2 /* CDVInAppBrowser.m */; };
		18BE5A523BBB44EDACBC3DA4 /* prng.c in Sources */ = {isa = PBXBuildFile; fileRef = 00A0B073005C4FFCBBA0504E /* prng.c */; };
		1D3623260D0F684500981E51 /* AppDelegate.m in Sources */ = {isa = PBXBuildFile; fileRef = 1D3623250D0F684500981E51 /* AppDelegate.m */; };
		1D60589B0D05DD56006BFB54 /* main.m in Sources */ = {isa = PBXBuildFile; fileRef = 29B97316FDCFA39411CA2CEA /* main.m */; };
		1DDA196CBE4E47C3A9CE8192 /* fileenc.c in Sources */ = {isa = PBXBuildFile; fileRef = 55716601F3CA46609229A7D3 /* fileenc.c */; };
		297E65AA3F4742BC86400DFF /* AddressBookUI.framework in Frameworks */ = {isa = PBXBuildFile; fileRef = D78AC62CFC4C4EE4BF5988E5 /* AddressBookUI.framework */; settings = {ATTRIBUTES = (Weak, ); }; };
		301BF552109A68D80062928A /* libCordova.a in Frameworks */ = {isa = PBXBuildFile; fileRef = 301BF535109A57CC0062928A /* libCordova.a */; };
		302D95F114D2391D003F00A1 /* MainViewController.m in Sources */ = {isa = PBXBuildFile; fileRef = 302D95EF14D2391D003F00A1 /* MainViewController.m */; };
		302D95F214D2391D003F00A1 /* MainViewController.xib in Resources */ = {isa = PBXBuildFile; fileRef = 302D95F014D2391D003F00A1 /* MainViewController.xib */; };
		3436D646A793400982D21618 /* CodePushJWTCryptoKey.m in Sources */ = {isa = PBXBuildFile; fileRef = E2E293874D2B4BC0A44B9EBD /* CodePushJWTCryptoKey.m */; };
		34BBF381156F4611B528BF77 /* CodePush.m in Sources */ = {isa = PBXBuildFile; fileRef = 0FE20B5F690A41B9B6D4EE88 /* CodePush.m */; };
		36763441A6A0462AB4C67DB2 /* CodePushReportingManager.m in Sources */ = {isa = PBXBuildFile; fileRef = 2D8873C1E7794A0D83D34A2F /* CodePushReportingManager.m */; };
		36B96E5DCEC44B688AC6E813 /* Utilities.m in Sources */ = {isa = PBXBuildFile; fileRef = 29BE8DB862994D91A0130B86 /* Utilities.m */; };
		37FA962B31CF4A929627D86D /* SystemConfiguration.framework in Frameworks */ = {isa = PBXBuildFile; fileRef = 0D4D3E164E5D4378A4E4A8DB /* SystemConfiguration.framework */; settings = {ATTRIBUTES = (Weak, ); }; };
		3BCA2B97F4914DA6A5699E19 /* CodePushJWTBase64Coder.m in Sources */ = {isa = PBXBuildFile; fileRef = 70159615A7004A5B934004F1 /* CodePushJWTBase64Coder.m */; };
		3ED633A729AB4C87962665D4 /* CDVContact.m in Sources */ = {isa = PBXBuildFile; fileRef = DC97D26797134B9DB49547D1 /* CDVContact.m */; };
		41E868A50CAA4663B6DBE210 /* CDVJpegHeaderWriter.m in Sources */ = {isa = PBXBuildFile; fileRef = B2C6287024734CE9B7BC1005 /* CDVJpegHeaderWriter.m */; };
		43AD025E71C5427883A6626B /* CodePushJWTCoding+VersionThree.m in Sources */ = {isa = PBXBuildFile; fileRef = 905CB343FFA34A25B4297C44 /* CodePushJWTCoding+VersionThree.m */; };
		4A055DC6AEBD45EFABB159AE /* CDVLocation.m in Sources */ = {isa = PBXBuildFile; fileRef = 173889B4CDC7417F9C55D6EB /* CDVLocation.m */; };
		4C49CBA85FB842E6AE62BFD5 /* ioapi.c in Sources */ = {isa = PBXBuildFile; fileRef = FECFFC950EA44F4E856F0D79 /* ioapi.c */; };
		5070CAEF56024AEBA981E311 /* CDVViewController+SplashScreen.m in Sources */ = {isa = PBXBuildFile; fileRef = 789F835C2D314E799FD1B4A2 /* CDVViewController+SplashScreen.m */; };
		511D90262A6E4CD9885E983F /* CDVFileTransfer.m in Sources */ = {isa = PBXBuildFile; fileRef = 34602D9FBAD342F488F8F408 /* CDVFileTransfer.m */; };
		564F7F9F49744D2BA4E7CB6E /* CDVDevice.m in Sources */ = {isa = PBXBuildFile; fileRef = E92DCEFA4D5D4F0495E06647 /* CDVDevice.m */; };
		570344182DC846F9983ADB0D /* hmac.c in Sources */ = {isa = PBXBuildFile; fileRef = A62EA77E86B84E9C88B0C0F7 /* hmac.c */; };
		5761360DD379472088534330 /* CDVStatusBar.m in Sources */ = {isa = PBXBuildFile; fileRef = A80DE5F95CB94702A9E9BEBF /* CDVStatusBar.m */; };
		5C8509AF57454761833B7A76 /* CDVLocalFilesystem.m in Sources */ = {isa = PBXBuildFile; fileRef = 0FE3323F1968498FB705C08A /* CDVLocalFilesystem.m */; };
		61CBBF9AA3BD4B4F867CB6B2 /* CDVBattery.m in Sources */ = {isa = PBXBuildFile; fileRef = 36435F3794C7475CA8CEF3E2 /* CDVBattery.m */; };
		628810AD4CE1468EA7D61043 /* CodePushMF_Base64Additions.m in Sources */ = {isa = PBXBuildFile; fileRef = ECD72576BE8B413CBE4A40A7 /* CodePushMF_Base64Additions.m */; };
		63517AF2DFE4429BA3A38E94 /* CDVClipboard.m in Sources */ = {isa = PBXBuildFile; fileRef = A9B0885C78F549F99B17B465 /* CDVClipboard.m */; };
		65EF2FCA12124C5FABF55C85 /* CodePushJWTAlgorithmHSBase.m in Sources */ = {isa = PBXBuildFile; fileRef = A945B502E0AD496D8AE515EE /* CodePushJWTAlgorithmHSBase.m */; };
		6627D07A420F4300B5873ED0 /* CodePushPackageManager.m in Sources */ = {isa = PBXBuildFile; fileRef = F441FD55BD9C4B5D871A64BB /* CodePushPackageManager.m */; };
		6AFF5BF91D6E424B00AB3073 /* CDVLaunchScreen.storyboard in Resources */ = {isa = PBXBuildFile; fileRef = 6AFF5BF81D6E424B00AB3073 /* CDVLaunchScreen.storyboard */; };
		6D848DC5C4DE434DA8AC158A /* CDVCompass.m in Sources */ = {isa = PBXBuildFile; fileRef = D5AA67011559475F91A4D641 /* CDVCompass.m */; };
		6E323484FE7349C9B5733F35 /* ImageIO.framework in Frameworks */ = {isa = PBXBuildFile; fileRef = 2FC80A63789447E790F245AA /* ImageIO.framework */; settings = {ATTRIBUTES = (Weak, ); }; };
		7090D6C731C24D9A8FD46BD0 /* CDVReachability.m in Sources */ = {isa = PBXBuildFile; fileRef = 749190428AD34456B6D906E3 /* CDVReachability.m */; };
		739A4720238041A68397EEF8 /* CodePushJWTAlgorithmNone.m in Sources */ = {isa = PBXBuildFile; fileRef = D5C7115F6C9D4551AC4BC50D /* CodePushJWTAlgorithmNone.m */; };
		766EDC127FA14831AB2E9BC7 /* CDVSplashScreen.m in Sources */ = {isa = PBXBuildFile; fileRef = 7C9E7ABE993E45489EB8A8AD /* CDVSplashScreen.m */; };
		7B1CADE096334FC8956AE3FB /* UpdateHashUtils.m in Sources */ = {isa = PBXBuildFile; fileRef = 7EAEB6F5CB4C48A9B8EA84E8 /* UpdateHashUtils.m */; };
		7F4C3C89A7714664BE3AD950 /* SSZipArchive.m in Sources */ = {isa = PBXBuildFile; fileRef = 47788B3D55124F64B3CCA8C5 /* SSZipArchive.m */; };
		7F6207411D0E4B1AABDDD569 /* zip.c in Sources */ = {isa = PBXBuildFile; fileRef = DB4B95ABAF5248DB8572C348 /* zip.c */; };
		88CFAE74DE19488989422F09 /* InstallOptions.m in Sources */ = {isa = PBXBuildFile; fileRef = 9FD9BB7B00AF4F0AA27428B3 /* InstallOptions.m */; };
		8D97274D1CF7454B89D054BF /* CodePushJWTClaimsSet.m in Sources */ = {isa = PBXBuildFile; fileRef = 9D33E1F33FD0433BBEE92ACD /* CodePushJWTClaimsSet.m */; };
		8EB2DC5A99D441CDB631717A /* CoreLocation.framework in Frameworks */ = {isa = PBXBuildFile; fileRef = 534E71F39E3B4C869A120574 /* CoreLocation.framework */; };
		9296E851108A4FBF8592D470 /* AddressBook.framework in Frameworks */ = {isa = PBXBuildFile; fileRef = 242A9365EC9540E9A4CA666A /* AddressBook.framework */; settings = {ATTRIBUTES = (Weak, ); }; };
		95219111D089437F8C752CC2 /* CodePushJWTAlgorithmDataHolder.m in Sources */ = {isa = PBXBuildFile; fileRef = 169735A78C4E4286893B7D0F /* CodePushJWTAlgorithmDataHolder.m */; };
		97F48CA98D2B4DA98888F923 /* CDVConnection.m in Sources */ = {isa = PBXBuildFile; fileRef = 2831B6EDE97F47D9A917F1C1 /* CDVConnection.m */; };
		98A271BDAC0F4745B0F0611A /* CDVSound.m in Sources */ = {isa = PBXBuildFile; fileRef = 35847907C0174AF4883EDB8F /* CDVSound.m */; };
		9A634991B90B456CBB8A78C0 /* CDVGlobalization.m in Sources */ = {isa = PBXBuildFile; fileRef = F7F77ADAE0FA478896F967DD /* CDVGlobalization.m */; };
		9CE68031E04F446F884547F9 /* CDVAccelerometer.m in Sources */ = {isa = PBXBuildFile; fileRef = F01342FD4826426082AF6FE1 /* CDVAccelerometer.m */; };
		A4D7B3F18A67499AAFEF0AF3 /* StatusReport.m in Sources */ = {isa = PBXBuildFile; fileRef = EB9FE6423E4C4B3EA2209894 /* StatusReport.m */; };
		A62BAB1FFFB347AD88E755D8 /* UIImage+CropScaleOrientation.m in Sources */ = {isa = PBXBuildFile; fileRef = 7981E07CD21C4C408B4DDE5D /* UIImage+CropScaleOrientation.m */; };
		A971CD4C95164023B27199A0 /* CodePushJWTAlgorithmESBase.m in Sources */ = {isa = PBXBuildFile; fileRef = A811FD1626DA4DEB9E7F4AE3 /* CodePushJWTAlgorithmESBase.m */; };
		AABB17F357C44BEE9B096A9D /* CodePushJWTAlgorithmDataHolderChain.m in Sources */ = {isa = PBXBuildFile; fileRef = B9D112E48B3E4AD8AB373B1C /* CodePushJWTAlgorithmDataHolderChain.m */; };
		AB6521D66B0643CF97FA97AD /* entropy.c in Sources */ = {isa = PBXBuildFile; fileRef = BA88814F32724EB6819ECD03 /* entropy.c */; };
		AEBE657453D843B8ACA3134F /* aeskey.c in Sources */ = {isa = PBXBuildFile; fileRef = C2B58967CCBA4F0DA4186354 /* aeskey.c */; };
		B0AC5FE6F0304F4D96F08C41 /* unzip.c in Sources */ = {isa = PBXBuildFile; fileRef = 315C594FCCC6431CAED79364 /* unzip.c */; };
		B31B995CFC7A4B41B6B24BE5 /* CodePushJWTAlgorithmRSBase.m in Sources */ = {isa = PBXBuildFile; fileRef = 8B8E5978F62B4EBFBF532B33 /* CodePushJWTAlgorithmRSBase.m */; };
		B54C9529A2E341B48AA19AAC /* CodePushJWTErrorDescription.m in Sources */ = {isa = PBXBuildFile; fileRef = DDBAA50F5A18427BB5C8FCFE /* CodePushJWTErrorDescription.m */; };
		BA9AA5519FF04707918112FD /* CDVCamera.m in Sources */ = {isa = PBXBuildFile; fileRef = B8F5C0E0860542089751D3BE /* CDVCamera.m */; };
		BC9F06B909C54B37A256CD3F /* CodePushJWTCryptoSecurity.m in Sources */ = {isa = PBXBuildFile; fileRef = 2D789E3F7F394DC6BDAA0D8C /* CodePushJWTCryptoSecurity.m */; };
		BD3060BE10C04452ADA8515B /* CodePushJWTClaimsSetVerifier.m in Sources */ = {isa = PBXBuildFile; fileRef = C2C47293B8C34FD3B417574F /* CodePushJWTClaimsSetVerifier.m */; };
		BDC23768829B488F96D0D0F6 /* libz.dylib in Frameworks */ = {isa = PBXBuildFile; fileRef = EE4423883DC1465BB79A1785 /* libz.dylib */; };
		BED27478F91B43528DA61D1B /* aescrypt.c in Sources */ = {isa = PBXBuildFile; fileRef = 412B179D375D4855B251BFDB /* aescrypt.c */; };
		C07BF8484DAE442898CC1978 /* CodePushJWTClaim.m in Sources */ = {isa = PBXBuildFile; fileRef = 95BBE5FD885B4F109D32EBB6 /* CodePushJWTClaim.m */; };
		C8ED56B9F6724008BF0C44B1 /* CodePushPackageMetadata.m in Sources */ = {isa = PBXBuildFile; fileRef = 15B8EEE6617E4CBF853BAEDC /* CodePushPackageMetadata.m */; };
		CAA9F108043C4817AD2CB6DF /* aestab.c in Sources */ = {isa = PBXBuildFile; fileRef = A07A1F0E495D43A7A856FAB9 /* aestab.c */; };
		CD39A5DED4264C18881E96A8 /* CodePushJWTCoding+VersionOne.m in Sources */ = {isa = PBXBuildFile; fileRef = 22ADD23F29774CEBAA15FC76 /* CodePushJWTCoding+VersionOne.m */; };
		D04FAC1631B144D3A7D8A7BC /* sha1.c in Sources */ = {isa = PBXBuildFile; fileRef = 9032334378004ECFAA9F8B9A /* sha1.c */; };
		D06DC7FC6F73461FBAA7C5B7 /* CodePushJWTCoding+VersionTwo.m in Sources */ = {isa = PBXBuildFile; fileRef = 306A12BF83A9428B89645642 /* CodePushJWTCoding+VersionTwo.m */; };
		D4238BDA916D4761A78D6EB4 /* CodePushJWTCoding.m in Sources */ = {isa = PBXBuildFile; fileRef = C7E9491F15B34C41891FEC93 /* CodePushJWTCoding.m */; };
		D5706FA800C24771A276FF6F /* CDVCapture.m in Sources */ = {isa = PBXBuildFile; fileRef = ECA0B6AD073D4B58957B8DC8 /* CDVCapture.m */; };
		D85F32FA55E64B60A72BD3DD /* CDVAssetLibraryFilesystem.m in Sources */ = {isa = PBXBuildFile; fileRef = A1DB299F4FC046E587F4989D /* CDVAssetLibraryFilesystem.m */; };
		E3DA81C476EF491FA4826356 /* CoreMotion.framework in Frameworks */ = {isa = PBXBuildFile; fileRef = 681C14CC9F534367A0F4191F /* CoreMotion.framework */; };
		E79CD3244C8F40CA96E41738 /* CodePushJWTAlgorithmFactory.m in Sources */ = {isa = PBXBuildFile; fileRef = 27A2B9977AB24EF9A385FAE1 /* CodePushJWTAlgorithmFactory.m */; };
		EE58DFA5EAB44F6A803C12CE /* libz.tbd in Frameworks */ = {isa = PBXBuildFile; fileRef = C0BE8BF96F584F2D8C647CEC /* libz.tbd */; };
		F0BFFA18EE144DD18D1F7D37 /* CDVNotification.m in Sources */ = {isa = PBXBuildFile; fileRef = 93DB387689F340A0AD783AB0 /* CDVNotification.m */; };
		F2AA98DCDE964881891DAD88 /* ZipPlugin.m in Sources */ = {isa = PBXBuildFile; fileRef = 6F97B35E331B418FA56E81B0 /* ZipPlugin.m */; };
		F37B00725A9E42ACB42A7803 /* AudioToolbox.framework in Frameworks */ = {isa = PBXBuildFile; fileRef = 6A45FE5D068840CD816FD29F /* AudioToolbox.framework */; settings = {ATTRIBUTES = (Weak, ); }; };
		FB15479CBF374D8287F99ADE /* CodePushJWTClaimsSetSerializer.m in Sources */ = {isa = PBXBuildFile; fileRef = CF2679D97B4F406A914C7B1D /* CodePushJWTClaimsSetSerializer.m */; };
/* End PBXBuildFile section */

/* Begin PBXContainerItemProxy section */
		003C639F20B6BF23008014CA /* PBXContainerItemProxy */ = {
			isa = PBXContainerItemProxy;
			containerPortal = 301BF52D109A57CC0062928A /* CordovaLib/CordovaLib.xcodeproj */;
			proxyType = 2;
			remoteGlobalIDString = C0C01EB21E3911D50056E6CB;
			remoteInfo = Cordova;
		};
		301BF534109A57CC0062928A /* PBXContainerItemProxy */ = {
			isa = PBXContainerItemProxy;
			containerPortal = 301BF52D109A57CC0062928A /* CordovaLib/CordovaLib.xcodeproj */;
			proxyType = 2;
			remoteGlobalIDString = D2AAC07E0554694100DB518D;
			remoteInfo = CordovaLib;
		};
		301BF550109A68C00062928A /* PBXContainerItemProxy */ = {
			isa = PBXContainerItemProxy;
			containerPortal = 301BF52D109A57CC0062928A /* CordovaLib/CordovaLib.xcodeproj */;
			proxyType = 1;
			remoteGlobalIDString = D2AAC07D0554694100DB518D;
			remoteInfo = CordovaLib;
		};
/* End PBXContainerItemProxy section */

/* Begin PBXFileReference section */
		009F30F631AC45018DA5BE3F /* brg_endian.h */ = {isa = PBXFileReference; explicitFileType = undefined; fileEncoding = 4; includeInIndex = 0; lastKnownFileType = sourcecode.c.h; name = brg_endian.h; path = "cordova-plugin-zip/Plugins/aes/brg_endian.h"; sourceTree = "<group>"; };
		00A0B073005C4FFCBBA0504E /* prng.c */ = {isa = PBXFileReference; explicitFileType = undefined; fileEncoding = 9; includeInIndex = 0; lastKnownFileType = unknown; name = prng.c; path = "cordova-plugin-zip/Plugins/aes/prng.c"; sourceTree = "<group>"; };
		0207DA571B56EA530066E2B4 /* Images.xcassets */ = {isa = PBXFileReference; lastKnownFileType = folder.assetcatalog; name = Images.xcassets; path = appSample/Images.xcassets; sourceTree = SOURCE_ROOT; };
		021F64C9DB604E78B3EA07FB /* pwd2key.h */ = {isa = PBXFileReference; explicitFileType = undefined; fileEncoding = 4; includeInIndex = 0; lastKnownFileType = sourcecode.c.h; name = pwd2key.h; path = "cordova-plugin-zip/Plugins/aes/pwd2key.h"; sourceTree = "<group>"; };
		036C8438D2B04E1392C1E619 /* aes_via_ace.h */ = {isa = PBXFileReference; explicitFileType = undefined; fileEncoding = 4; includeInIndex = 0; lastKnownFileType = sourcecode.c.h; name = aes_via_ace.h; path = "cordova-plugin-zip/Plugins/aes/aes_via_ace.h"; sourceTree = "<group>"; };
		050D0B01AE9E4B34AD97D85B /* CodePushJWT.h */ = {isa = PBXFileReference; explicitFileType = undefined; fileEncoding = 4; includeInIndex = 0; lastKnownFileType = sourcecode.c.h; name = CodePushJWT.h; path = "cordova-plugin-code-push/CodePushJWT.h"; sourceTree = "<group>"; };
		0681CA7DFDF04604ABB48676 /* unzip.h */ = {isa = PBXFileReference; explicitFileType = undefined; fileEncoding = 4; includeInIndex = 0; lastKnownFileType = sourcecode.c.h; name = unzip.h; path = "cordova-plugin-zip/Plugins/minizip/unzip.h"; sourceTree = "<group>"; };
		0831ECF0F5784982BD37582A /* pwd2key.c */ = {isa = PBXFileReference; explicitFileType = undefined; fileEncoding = 9; includeInIndex = 0; lastKnownFileType = unknown; name = pwd2key.c; path = "cordova-plugin-zip/Plugins/aes/pwd2key.c"; sourceTree = "<group>"; };
		0960C43399BF49E392E11C72 /* CDVInAppBrowser.h */ = {isa = PBXFileReference; explicitFileType = undefined; fileEncoding = 4; includeInIndex = 0; lastKnownFileType = sourcecode.c.h; name = CDVInAppBrowser.h; path = "cordova-plugin-inappbrowser/CDVInAppBrowser.h"; sourceTree = "<group>"; };
		097C6642BF13484580442989 /* UIImage+CropScaleOrientation.h */ = {isa = PBXFileReference; explicitFileType = undefined; fileEncoding = 4; includeInIndex = 0; lastKnownFileType = sourcecode.c.h; name = "UIImage+CropScaleOrientation.h"; path = "cordova-plugin-camera/UIImage+CropScaleOrientation.h"; sourceTree = "<group>"; };
		0C14259BE9A14C80A4FAE3D0 /* CodePushJWTCoding+ResultTypes.m */ = {isa = PBXFileReference; explicitFileType = undefined; fileEncoding = 4; includeInIndex = 0; lastKnownFileType = sourcecode.c.objc; name = "CodePushJWTCoding+ResultTypes.m"; path = "cordova-plugin-code-push/CodePushJWTCoding+ResultTypes.m"; sourceTree = "<group>"; };
		0D4D3E164E5D4378A4E4A8DB /* SystemConfiguration.framework */ = {isa = PBXFileReference; explicitFileType = undefined; fileEncoding = 9; includeInIndex = 0; lastKnownFileType = wrapper.framework; name = SystemConfiguration.framework; path = System/Library/Frameworks/SystemConfiguration.framework; sourceTree = SDKROOT; };
		0F95FEC7C7CE41038019D54E /* zip.h */ = {isa = PBXFileReference; explicitFileType = undefined; fileEncoding = 4; includeInIndex = 0; lastKnownFileType = sourcecode.c.h; name = zip.h; path = "cordova-plugin-zip/Plugins/minizip/zip.h"; sourceTree = "<group>"; };
		0FE20B5F690A41B9B6D4EE88 /* CodePush.m */ = {isa = PBXFileReference; explicitFileType = undefined; fileEncoding = 4; includeInIndex = 0; lastKnownFileType = sourcecode.c.objc; name = CodePush.m; path = "cordova-plugin-code-push/CodePush.m"; sourceTree = "<group>"; };
		0FE3323F1968498FB705C08A /* CDVLocalFilesystem.m */ = {isa = PBXFileReference; explicitFileType = undefined; fileEncoding = 4; includeInIndex = 0; lastKnownFileType = sourcecode.c.objc; name = CDVLocalFilesystem.m; path = "cordova-plugin-file/CDVLocalFilesystem.m"; sourceTree = "<group>"; };
		112A9A51238143EFB0CCC6F9 /* CodePushPackageMetadata.h */ = {isa = PBXFileReference; explicitFileType = undefined; fileEncoding = 4; includeInIndex = 0; lastKnownFileType = sourcecode.c.h; name = CodePushPackageMetadata.h; path = "cordova-plugin-code-push/CodePushPackageMetadata.h"; sourceTree = "<group>"; };
		15614243091F4729BCBD68F1 /* CDVCapture.bundle */ = {isa = PBXFileReference; explicitFileType = undefined; fileEncoding = 9; includeInIndex = 0; lastKnownFileType = "wrapper.plug-in"; path = CDVCapture.bundle; sourceTree = "<group>"; };
		15B8EEE6617E4CBF853BAEDC /* CodePushPackageMetadata.m */ = {isa = PBXFileReference; explicitFileType = undefined; fileEncoding = 4; includeInIndex = 0; lastKnownFileType = sourcecode.c.objc; name = CodePushPackageMetadata.m; path = "cordova-plugin-code-push/CodePushPackageMetadata.m"; sourceTree = "<group>"; };
		16860C4EB3934FED986F0065 /* aestab.h */ = {isa = PBXFileReference; explicitFileType = undefined; fileEncoding = 4; includeInIndex = 0; lastKnownFileType = sourcecode.c.h; name = aestab.h; path = "cordova-plugin-zip/Plugins/aes/aestab.h"; sourceTree = "<group>"; };
		169735A78C4E4286893B7D0F /* CodePushJWTAlgorithmDataHolder.m */ = {isa = PBXFileReference; explicitFileType = undefined; fileEncoding = 4; includeInIndex = 0; lastKnownFileType = sourcecode.c.objc; name = CodePushJWTAlgorithmDataHolder.m; path = "cordova-plugin-code-push/CodePushJWTAlgorithmDataHolder.m"; sourceTree = "<group>"; };
		173889B4CDC7417F9C55D6EB /* CDVLocation.m */ = {isa = PBXFileReference; explicitFileType = undefined; fileEncoding = 4; includeInIndex = 0; lastKnownFileType = sourcecode.c.objc; name = CDVLocation.m; path = "cordova-plugin-geolocation/CDVLocation.m"; sourceTree = "<group>"; };
		180863348297416FB44C6E2C /* CDVGlobalization.h */ = {isa = PBXFileReference; explicitFileType = undefined; fileEncoding = 4; includeInIndex = 0; lastKnownFileType = sourcecode.c.h; name = CDVGlobalization.h; path = "cordova-plugin-globalization/CDVGlobalization.h"; sourceTree = "<group>"; };
		19C3DF040BC84F1EB471062D /* CDVViewController+SplashScreen.h */ = {isa = PBXFileReference; explicitFileType = undefined; fileEncoding = 4; includeInIndex = 0; lastKnownFileType = sourcecode.c.h; name = "CDVViewController+SplashScreen.h"; path = "cordova-plugin-splashscreen/CDVViewController+SplashScreen.h"; sourceTree = "<group>"; };
		1B67EA7B09724684A584DEE9 /* CDVFileTransfer.h */ = {isa = PBXFileReference; explicitFileType = undefined; fileEncoding = 4; includeInIndex = 0; lastKnownFileType = sourcecode.c.h; name = CDVFileTransfer.h; path = "cordova-plugin-file-transfer/CDVFileTransfer.h"; sourceTree = "<group>"; };
		1D3623240D0F684500981E51 /* AppDelegate.h */ = {isa = PBXFileReference; fileEncoding = 4; lastKnownFileType = sourcecode.c.h; path = AppDelegate.h; sourceTree = "<group>"; };
		1D3623250D0F684500981E51 /* AppDelegate.m */ = {isa = PBXFileReference; fileEncoding = 4; lastKnownFileType = sourcecode.c.objc; path = AppDelegate.m; sourceTree = "<group>"; };
		1D6058910D05DD3D006BFB54 /* appSample.app */ = {isa = PBXFileReference; explicitFileType = wrapper.application; includeInIndex = 0; path = appSample.app; sourceTree = BUILT_PRODUCTS_DIR; };
		22ADD23F29774CEBAA15FC76 /* CodePushJWTCoding+VersionOne.m */ = {isa = PBXFileReference; explicitFileType = undefined; fileEncoding = 4; includeInIndex = 0; lastKnownFileType = sourcecode.c.objc; name = "CodePushJWTCoding+VersionOne.m"; path = "cordova-plugin-code-push/CodePushJWTCoding+VersionOne.m"; sourceTree = "<group>"; };
		242A9365EC9540E9A4CA666A /* AddressBook.framework */ = {isa = PBXFileReference; explicitFileType = undefined; fileEncoding = 9; includeInIndex = 0; lastKnownFileType = wrapper.framework; name = AddressBook.framework; path = System/Library/Frameworks/AddressBook.framework; sourceTree = SDKROOT; };
		27A2B9977AB24EF9A385FAE1 /* CodePushJWTAlgorithmFactory.m */ = {isa = PBXFileReference; explicitFileType = undefined; fileEncoding = 4; includeInIndex = 0; lastKnownFileType = sourcecode.c.objc; name = CodePushJWTAlgorithmFactory.m; path = "cordova-plugin-code-push/CodePushJWTAlgorithmFactory.m"; sourceTree = "<group>"; };
		2831B6EDE97F47D9A917F1C1 /* CDVConnection.m */ = {isa = PBXFileReference; explicitFileType = undefined; fileEncoding = 4; includeInIndex = 0; lastKnownFileType = sourcecode.c.objc; name = CDVConnection.m; path = "cordova-plugin-network-information/CDVConnection.m"; sourceTree = "<group>"; };
		28D25C58E1E848ACA63BE139 /* UpdateHashUtils.h */ = {isa = PBXFileReference; explicitFileType = undefined; fileEncoding = 4; includeInIndex = 0; lastKnownFileType = sourcecode.c.h; name = UpdateHashUtils.h; path = "cordova-plugin-code-push/UpdateHashUtils.h"; sourceTree = "<group>"; };
		298528190F2841E7ACAAA312 /* ZipPlugin.h */ = {isa = PBXFileReference; explicitFileType = undefined; fileEncoding = 4; includeInIndex = 0; lastKnownFileType = sourcecode.c.h; name = ZipPlugin.h; path = "cordova-plugin-zip/ZipPlugin.h"; sourceTree = "<group>"; };
		29B97316FDCFA39411CA2CEA /* main.m */ = {isa = PBXFileReference; fileEncoding = 4; lastKnownFileType = sourcecode.c.objc; path = main.m; sourceTree = "<group>"; };
		29BE8DB862994D91A0130B86 /* Utilities.m */ = {isa = PBXFileReference; explicitFileType = undefined; fileEncoding = 4; includeInIndex = 0; lastKnownFileType = sourcecode.c.objc; name = Utilities.m; path = "cordova-plugin-code-push/Utilities.m"; sourceTree = "<group>"; };
		2CD7ED77D26642F39E74F132 /* CDVClipboard.h */ = {isa = PBXFileReference; explicitFileType = undefined; fileEncoding = 4; includeInIndex = 0; lastKnownFileType = sourcecode.c.h; name = CDVClipboard.h; path = "cordova-clipboard/CDVClipboard.h"; sourceTree = "<group>"; };
		2D789E3F7F394DC6BDAA0D8C /* CodePushJWTCryptoSecurity.m */ = {isa = PBXFileReference; explicitFileType = undefined; fileEncoding = 4; includeInIndex = 0; lastKnownFileType = sourcecode.c.objc; name = CodePushJWTCryptoSecurity.m; path = "cordova-plugin-code-push/CodePushJWTCryptoSecurity.m"; sourceTree = "<group>"; };
		2D8873C1E7794A0D83D34A2F /* CodePushReportingManager.m */ = {isa = PBXFileReference; explicitFileType = undefined; fileEncoding = 4; includeInIndex = 0; lastKnownFileType = sourcecode.c.objc; name = CodePushReportingManager.m; path = "cordova-plugin-code-push/CodePushReportingManager.m"; sourceTree = "<group>"; };
		2FC80A63789447E790F245AA /* ImageIO.framework */ = {isa = PBXFileReference; explicitFileType = undefined; fileEncoding = 9; includeInIndex = 0; lastKnownFileType = wrapper.framework; name = ImageIO.framework; path = System/Library/Frameworks/ImageIO.framework; sourceTree = SDKROOT; };
		30023D71590944F89DA1C5C5 /* SSZipArchive.h */ = {isa = PBXFileReference; explicitFileType = undefined; fileEncoding = 4; includeInIndex = 0; lastKnownFileType = sourcecode.c.h; name = SSZipArchive.h; path = "cordova-plugin-zip/Plugins/minizip/SSZipArchive.h"; sourceTree = "<group>"; };
		301BF52D109A57CC0062928A /* CordovaLib/CordovaLib.xcodeproj */ = {isa = PBXFileReference; lastKnownFileType = "wrapper.pb-project"; path = CordovaLib/CordovaLib.xcodeproj; sourceTree = "<group>"; };
		301BF56E109A69640062928A /* www */ = {isa = PBXFileReference; lastKnownFileType = folder; path = www; sourceTree = SOURCE_ROOT; };
		3020B48848A34220971F19F4 /* CodePushJWTDeprecations.h */ = {isa = PBXFileReference; explicitFileType = undefined; fileEncoding = 4; includeInIndex = 0; lastKnownFileType = sourcecode.c.h; name = CodePushJWTDeprecations.h; path = "cordova-plugin-code-push/CodePushJWTDeprecations.h"; sourceTree = "<group>"; };
		302D95EE14D2391D003F00A1 /* MainViewController.h */ = {isa = PBXFileReference; fileEncoding = 4; lastKnownFileType = sourcecode.c.h; path = MainViewController.h; sourceTree = "<group>"; };
		302D95EF14D2391D003F00A1 /* MainViewController.m */ = {isa = PBXFileReference; fileEncoding = 4; lastKnownFileType = sourcecode.c.objc; path = MainViewController.m; sourceTree = "<group>"; };
		302D95F014D2391D003F00A1 /* MainViewController.xib */ = {isa = PBXFileReference; fileEncoding = 4; lastKnownFileType = file.xib; path = MainViewController.xib; sourceTree = "<group>"; };
		3047A50F1AB8059700498E2A /* build-debug.xcconfig */ = {isa = PBXFileReference; fileEncoding = 4; lastKnownFileType = text.xcconfig; name = "build-debug.xcconfig"; path = "cordova/build-debug.xcconfig"; sourceTree = SOURCE_ROOT; };
		3047A5101AB8059700498E2A /* build-release.xcconfig */ = {isa = PBXFileReference; fileEncoding = 4; lastKnownFileType = text.xcconfig; name = "build-release.xcconfig"; path = "cordova/build-release.xcconfig"; sourceTree = SOURCE_ROOT; };
		3047A5111AB8059700498E2A /* build.xcconfig */ = {isa = PBXFileReference; fileEncoding = 4; lastKnownFileType = text.xcconfig; name = build.xcconfig; path = cordova/build.xcconfig; sourceTree = SOURCE_ROOT; };
		306A12BF83A9428B89645642 /* CodePushJWTCoding+VersionTwo.m */ = {isa = PBXFileReference; explicitFileType = undefined; fileEncoding = 4; includeInIndex = 0; lastKnownFileType = sourcecode.c.objc; name = "CodePushJWTCoding+VersionTwo.m"; path = "cordova-plugin-code-push/CodePushJWTCoding+VersionTwo.m"; sourceTree = "<group>"; };
		315C594FCCC6431CAED79364 /* unzip.c */ = {isa = PBXFileReference; explicitFileType = undefined; fileEncoding = 9; includeInIndex = 0; lastKnownFileType = unknown; name = unzip.c; path = "cordova-plugin-zip/Plugins/minizip/unzip.c"; sourceTree = "<group>"; };
		32CA4F630368D1EE00C91783 /* appSample-Prefix.pch */ = {isa = PBXFileReference; fileEncoding = 4; lastKnownFileType = sourcecode.c.h; path = "appSample-Prefix.pch"; sourceTree = "<group>"; };
		3348A647BC624E58B76CD31F /* CDVContacts.m */ = {isa = PBXFileReference; explicitFileType = undefined; fileEncoding = 4; includeInIndex = 0; lastKnownFileType = sourcecode.c.objc; name = CDVContacts.m; path = "cordova-plugin-contacts/CDVContacts.m"; sourceTree = "<group>"; };
		33DCC6E9F63D4D1CA66E97C4 /* InstallOptions.h */ = {isa = PBXFileReference; explicitFileType = undefined; fileEncoding = 4; includeInIndex = 0; lastKnownFileType = sourcecode.c.h; name = InstallOptions.h; path = "cordova-plugin-code-push/InstallOptions.h"; sourceTree = "<group>"; };
		34602D9FBAD342F488F8F408 /* CDVFileTransfer.m */ = {isa = PBXFileReference; explicitFileType = undefined; fileEncoding = 4; includeInIndex = 0; lastKnownFileType = sourcecode.c.objc; name = CDVFileTransfer.m; path = "cordova-plugin-file-transfer/CDVFileTransfer.m"; sourceTree = "<group>"; };
		35847907C0174AF4883EDB8F /* CDVSound.m */ = {isa = PBXFileReference; explicitFileType = undefined; fileEncoding = 4; includeInIndex = 0; lastKnownFileType = sourcecode.c.objc; name = CDVSound.m; path = "cordova-plugin-media/CDVSound.m"; sourceTree = "<group>"; };
		36435F3794C7475CA8CEF3E2 /* CDVBattery.m */ = {isa = PBXFileReference; explicitFileType = undefined; fileEncoding = 4; includeInIndex = 0; lastKnownFileType = sourcecode.c.objc; name = CDVBattery.m; path = "cordova-plugin-battery-status/CDVBattery.m"; sourceTree = "<group>"; };
		38764B4A47304C5FB5E70842 /* CDVAssetLibraryFilesystem.h */ = {isa = PBXFileReference; explicitFileType = undefined; fileEncoding = 4; includeInIndex = 0; lastKnownFileType = sourcecode.c.h; name = CDVAssetLibraryFilesystem.h; path = "cordova-plugin-file/CDVAssetLibraryFilesystem.h"; sourceTree = "<group>"; };
		39D0F39BCC804FA1BEA9C418 /* CDVNotification.bundle */ = {isa = PBXFileReference; explicitFileType = undefined; fileEncoding = 9; includeInIndex = 0; lastKnownFileType = "wrapper.plug-in"; path = CDVNotification.bundle; sourceTree = "<group>"; };
		3D2ECFB743B746A9868FFBFD /* CDVCapture.h */ = {isa = PBXFileReference; explicitFileType = undefined; fileEncoding = 4; includeInIndex = 0; lastKnownFileType = sourcecode.c.h; name = CDVCapture.h; path = "cordova-plugin-media-capture/CDVCapture.h"; sourceTree = "<group>"; };
		3E054CE1B2BB4A5EB59CE9DB /* CodePushJWTCryptoKeyExtractor.h */ = {isa = PBXFileReference; explicitFileType = undefined; fileEncoding = 4; includeInIndex = 0; lastKnownFileType = sourcecode.c.h; name = CodePushJWTCryptoKeyExtractor.h; path = "cordova-plugin-code-push/CodePushJWTCryptoKeyExtractor.h"; sourceTree = "<group>"; };
		4022347899874878B8E1E574 /* CodePushJWTClaimsSetSerializer.h */ = {isa = PBXFileReference; explicitFileType = undefined; fileEncoding = 4; includeInIndex = 0; lastKnownFileType = sourcecode.c.h; name = CodePushJWTClaimsSetSerializer.h; path = "cordova-plugin-code-push/CodePushJWTClaimsSetSerializer.h"; sourceTree = "<group>"; };
		4042E15F0B0E40A09E683918 /* fileenc.h */ = {isa = PBXFileReference; explicitFileType = undefined; fileEncoding = 4; includeInIndex = 0; lastKnownFileType = sourcecode.c.h; name = fileenc.h; path = "cordova-plugin-zip/Plugins/aes/fileenc.h"; sourceTree = "<group>"; };
		412B179D375D4855B251BFDB /* aescrypt.c */ = {isa = PBXFileReference; explicitFileType = undefined; fileEncoding = 9; includeInIndex = 0; lastKnownFileType = unknown; name = aescrypt.c; path = "cordova-plugin-zip/Plugins/aes/aescrypt.c"; sourceTree = "<group>"; };
		44A2955A5EBC47DA98FD4B05 /* InstallMode.h */ = {isa = PBXFileReference; explicitFileType = undefined; fileEncoding = 4; includeInIndex = 0; lastKnownFileType = sourcecode.c.h; name = InstallMode.h; path = "cordova-plugin-code-push/InstallMode.h"; sourceTree = "<group>"; };
		47788B3D55124F64B3CCA8C5 /* SSZipArchive.m */ = {isa = PBXFileReference; explicitFileType = undefined; fileEncoding = 4; includeInIndex = 0; lastKnownFileType = sourcecode.c.objc; name = SSZipArchive.m; path = "cordova-plugin-zip/Plugins/minizip/SSZipArchive.m"; sourceTree = "<group>"; };
		48F7142F5AE74D848A851C64 /* CodePushJWTAlgorithmHSBase.h */ = {isa = PBXFileReference; explicitFileType = undefined; fileEncoding = 4; includeInIndex = 0; lastKnownFileType = sourcecode.c.h; name = CodePushJWTAlgorithmHSBase.h; path = "cordova-plugin-code-push/CodePushJWTAlgorithmHSBase.h"; sourceTree = "<group>"; };
		496DF9F824C74BD0A2E90F68 /* mztools.h */ = {isa = PBXFileReference; explicitFileType = undefined; fileEncoding = 4; includeInIndex = 0; lastKnownFileType = sourcecode.c.h; name = mztools.h; path = "cordova-plugin-zip/Plugins/minizip/mztools.h"; sourceTree = "<group>"; };
		49B2B9B011814555AAA1BE9B /* CDVDevice.h */ = {isa = PBXFileReference; explicitFileType = undefined; fileEncoding = 4; includeInIndex = 0; lastKnownFileType = sourcecode.c.h; name = CDVDevice.h; path = "cordova-plugin-device/CDVDevice.h"; sourceTree = "<group>"; };
		534E71F39E3B4C869A120574 /* CoreLocation.framework */ = {isa = PBXFileReference; explicitFileType = undefined; fileEncoding = 9; includeInIndex = 0; lastKnownFileType = wrapper.framework; name = CoreLocation.framework; path = System/Library/Frameworks/CoreLocation.framework; sourceTree = SDKROOT; };
		55716601F3CA46609229A7D3 /* fileenc.c */ = {isa = PBXFileReference; explicitFileType = undefined; fileEncoding = 9; includeInIndex = 0; lastKnownFileType = unknown; name = fileenc.c; path = "cordova-plugin-zip/Plugins/aes/fileenc.c"; sourceTree = "<group>"; };
		5957AEE61D0440878741E343 /* CoreTelephony.framework */ = {isa = PBXFileReference; explicitFileType = undefined; fileEncoding = 9; includeInIndex = 0; lastKnownFileType = wrapper.framework; name = CoreTelephony.framework; path = System/Library/Frameworks/CoreTelephony.framework; sourceTree = SDKROOT; };
		5C6D54B0CC2B44AF9B08A614 /* CodePushJWTAlgorithm.h */ = {isa = PBXFileReference; explicitFileType = undefined; fileEncoding = 4; includeInIndex = 0; lastKnownFileType = sourcecode.c.h; name = CodePushJWTAlgorithm.h; path = "cordova-plugin-code-push/CodePushJWTAlgorithm.h"; sourceTree = "<group>"; };
		6416E68D0AE547F59F33F316 /* CDVStatusBar.h */ = {isa = PBXFileReference; explicitFileType = undefined; fileEncoding = 4; includeInIndex = 0; lastKnownFileType = sourcecode.c.h; name = CDVStatusBar.h; path = "cordova-plugin-statusbar/CDVStatusBar.h"; sourceTree = "<group>"; };
		6622D7803F1B4C38BF8437F2 /* crypt.h */ = {isa = PBXFileReference; explicitFileType = undefined; fileEncoding = 4; includeInIndex = 0; lastKnownFileType = sourcecode.c.h; name = crypt.h; path = "cordova-plugin-zip/Plugins/minizip/crypt.h"; sourceTree = "<group>"; };
		681C14CC9F534367A0F4191F /* CoreMotion.framework */ = {isa = PBXFileReference; explicitFileType = undefined; fileEncoding = 9; includeInIndex = 0; lastKnownFileType = wrapper.framework; name = CoreMotion.framework; path = System/Library/Frameworks/CoreMotion.framework; sourceTree = SDKROOT; };
		686FD4E749FF41AAB6E510B8 /* CodePushJWTCoding+VersionTwo.h */ = {isa = PBXFileReference; explicitFileType = undefined; fileEncoding = 4; includeInIndex = 0; lastKnownFileType = sourcecode.c.h; name = "CodePushJWTCoding+VersionTwo.h"; path = "cordova-plugin-code-push/CodePushJWTCoding+VersionTwo.h"; sourceTree = "<group>"; };
		695DB166AEF74E7AB92A73BE /* CodePushJWTErrorDescription.h */ = {isa = PBXFileReference; explicitFileType = undefined; fileEncoding = 4; includeInIndex = 0; lastKnownFileType = sourcecode.c.h; name = CodePushJWTErrorDescription.h; path = "cordova-plugin-code-push/CodePushJWTErrorDescription.h"; sourceTree = "<group>"; };
		6A45FE5D068840CD816FD29F /* AudioToolbox.framework */ = {isa = PBXFileReference; explicitFileType = undefined; fileEncoding = 9; includeInIndex = 0; lastKnownFileType = wrapper.framework; name = AudioToolbox.framework; path = System/Library/Frameworks/AudioToolbox.framework; sourceTree = SDKROOT; };
		6AFF5BF81D6E424B00AB3073 /* CDVLaunchScreen.storyboard */ = {isa = PBXFileReference; fileEncoding = 4; lastKnownFileType = file.storyboard; name = CDVLaunchScreen.storyboard; path = appSample/CDVLaunchScreen.storyboard; sourceTree = SOURCE_ROOT; };
		6EB6752765A348C58392981F /* brg_types.h */ = {isa = PBXFileReference; explicitFileType = undefined; fileEncoding = 4; includeInIndex = 0; lastKnownFileType = sourcecode.c.h; name = brg_types.h; path = "cordova-plugin-zip/Plugins/aes/brg_types.h"; sourceTree = "<group>"; };
		6F79DD21EE9E484FB9193B7C /* CodePushJWTCoding+VersionOne.h */ = {isa = PBXFileReference; explicitFileType = undefined; fileEncoding = 4; includeInIndex = 0; lastKnownFileType = sourcecode.c.h; name = "CodePushJWTCoding+VersionOne.h"; path = "cordova-plugin-code-push/CodePushJWTCoding+VersionOne.h"; sourceTree = "<group>"; };
		6F97B35E331B418FA56E81B0 /* ZipPlugin.m */ = {isa = PBXFileReference; explicitFileType = undefined; fileEncoding = 4; includeInIndex = 0; lastKnownFileType = sourcecode.c.objc; name = ZipPlugin.m; path = "cordova-plugin-zip/ZipPlugin.m"; sourceTree = "<group>"; };
		70159615A7004A5B934004F1 /* CodePushJWTBase64Coder.m */ = {isa = PBXFileReference; explicitFileType = undefined; fileEncoding = 4; includeInIndex = 0; lastKnownFileType = sourcecode.c.objc; name = CodePushJWTBase64Coder.m; path = "cordova-plugin-code-push/CodePushJWTBase64Coder.m"; sourceTree = "<group>"; };
		70272BEC177D4B5CBC4CD1ED /* Common.h */ = {isa = PBXFileReference; explicitFileType = undefined; fileEncoding = 4; includeInIndex = 0; lastKnownFileType = sourcecode.c.h; name = Common.h; path = "cordova-plugin-zip/Common.h"; sourceTree = "<group>"; };
		7087031A111A44A48133E701 /* CDVLocalFilesystem.h */ = {isa = PBXFileReference; explicitFileType = undefined; fileEncoding = 4; includeInIndex = 0; lastKnownFileType = sourcecode.c.h; name = CDVLocalFilesystem.h; path = "cordova-plugin-file/CDVLocalFilesystem.h"; sourceTree = "<group>"; };
		729E7F45A99B4737A415B15B /* CDVFile.h */ = {isa = PBXFileReference; explicitFileType = undefined; fileEncoding = 4; includeInIndex = 0; lastKnownFileType = sourcecode.c.h; name = CDVFile.h; path = "cordova-plugin-file/CDVFile.h"; sourceTree = "<group>"; };
		749190428AD34456B6D906E3 /* CDVReachability.m */ = {isa = PBXFileReference; explicitFileType = undefined; fileEncoding = 4; includeInIndex = 0; lastKnownFileType = sourcecode.c.objc; name = CDVReachability.m; path = "cordova-plugin-network-information/CDVReachability.m"; sourceTree = "<group>"; };
		759A4BFBC70F4577B884E127 /* CDVVibration.m */ = {isa = PBXFileReference; explicitFileType = undefined; fileEncoding = 4; includeInIndex = 0; lastKnownFileType = sourcecode.c.objc; name = CDVVibration.m; path = "cordova-plugin-vibration/CDVVibration.m"; sourceTree = "<group>"; };
		789F835C2D314E799FD1B4A2 /* CDVViewController+SplashScreen.m */ = {isa = PBXFileReference; explicitFileType = undefined; fileEncoding = 4; includeInIndex = 0; lastKnownFileType = sourcecode.c.objc; name = "CDVViewController+SplashScreen.m"; path = "cordova-plugin-splashscreen/CDVViewController+SplashScreen.m"; sourceTree = "<group>"; };
		7981E07CD21C4C408B4DDE5D /* UIImage+CropScaleOrientation.m */ = {isa = PBXFileReference; explicitFileType = undefined; fileEncoding = 4; includeInIndex = 0; lastKnownFileType = sourcecode.c.objc; name = "UIImage+CropScaleOrientation.m"; path = "cordova-plugin-camera/UIImage+CropScaleOrientation.m"; sourceTree = "<group>"; };
		799FF5DC96974D958F7B2C56 /* CodePushJWTAlgorithmESBase.h */ = {isa = PBXFileReference; explicitFileType = undefined; fileEncoding = 4; includeInIndex = 0; lastKnownFileType = sourcecode.c.h; name = CodePushJWTAlgorithmESBase.h; path = "cordova-plugin-code-push/CodePushJWTAlgorithmESBase.h"; sourceTree = "<group>"; };
		7C35774F9C82406B994E3E3D /* CodePushJWTAlgorithmRSBase.h */ = {isa = PBXFileReference; explicitFileType = undefined; fileEncoding = 4; includeInIndex = 0; lastKnownFileType = sourcecode.c.h; name = CodePushJWTAlgorithmRSBase.h; path = "cordova-plugin-code-push/CodePushJWTAlgorithmRSBase.h"; sourceTree = "<group>"; };
		7C9E7ABE993E45489EB8A8AD /* CDVSplashScreen.m */ = {isa = PBXFileReference; explicitFileType = undefined; fileEncoding = 4; includeInIndex = 0; lastKnownFileType = sourcecode.c.objc; name = CDVSplashScreen.m; path = "cordova-plugin-splashscreen/CDVSplashScreen.m"; sourceTree = "<group>"; };
		7EAEB6F5CB4C48A9B8EA84E8 /* UpdateHashUtils.m */ = {isa = PBXFileReference; explicitFileType = undefined; fileEncoding = 4; includeInIndex = 0; lastKnownFileType = sourcecode.c.objc; name = UpdateHashUtils.m; path = "cordova-plugin-code-push/UpdateHashUtils.m"; sourceTree = "<group>"; };
		83802511DB244B68B86979F9 /* CodePushReportingManager.h */ = {isa = PBXFileReference; explicitFileType = undefined; fileEncoding = 4; includeInIndex = 0; lastKnownFileType = sourcecode.c.h; name = CodePushReportingManager.h; path = "cordova-plugin-code-push/CodePushReportingManager.h"; sourceTree = "<group>"; };
		86C0EDB247A24EA087C6DED1 /* CodePushJWTCoding+VersionThree.h */ = {isa = PBXFileReference; explicitFileType = undefined; fileEncoding = 4; includeInIndex = 0; lastKnownFileType = sourcecode.c.h; name = "CodePushJWTCoding+VersionThree.h"; path = "cordova-plugin-code-push/CodePushJWTCoding+VersionThree.h"; sourceTree = "<group>"; };
		874BB806ABD74532BDAAE085 /* aesopt.h */ = {isa = PBXFileReference; explicitFileType = undefined; fileEncoding = 4; includeInIndex = 0; lastKnownFileType = sourcecode.c.h; name = aesopt.h; path = "cordova-plugin-zip/Plugins/aes/aesopt.h"; sourceTree = "<group>"; };
		8AEF98F00056411C9C860A2C /* CDVAccelerometer.h */ = {isa = PBXFileReference; explicitFileType = undefined; fileEncoding = 4; includeInIndex = 0; lastKnownFileType = sourcecode.c.h; name = CDVAccelerometer.h; path = "cordova-plugin-device-motion/CDVAccelerometer.h"; sourceTree = "<group>"; };
		8B8E5978F62B4EBFBF532B33 /* CodePushJWTAlgorithmRSBase.m */ = {isa = PBXFileReference; explicitFileType = undefined; fileEncoding = 4; includeInIndex = 0; lastKnownFileType = sourcecode.c.objc; name = CodePushJWTAlgorithmRSBase.m; path = "cordova-plugin-code-push/CodePushJWTAlgorithmRSBase.m"; sourceTree = "<group>"; };
		8D1107310486CEB800E47090 /* appSample-Info.plist */ = {isa = PBXFileReference; fileEncoding = 4; lastKnownFileType = text.plist.xml; name = "appSample-Info.plist"; path = "appSample/appSample-Info.plist"; plistStructureDefinitionIdentifier = "com.apple.xcode.plist.structure-definition.iphone.info-plist"; sourceTree = SOURCE_ROOT; };
		8D6F69A8DA4D470EA5FDAE00 /* ioapi.h */ = {isa = PBXFileReference; explicitFileType = undefined; fileEncoding = 4; includeInIndex = 0; lastKnownFileType = sourcecode.c.h; name = ioapi.h; path = "cordova-plugin-zip/Plugins/minizip/ioapi.h"; sourceTree = "<group>"; };
		8EB2D9837413404EBE28E445 /* CodePushJWTAlgorithmFactory.h */ = {isa = PBXFileReference; explicitFileType = undefined; fileEncoding = 4; includeInIndex = 0; lastKnownFileType = sourcecode.c.h; name = CodePushJWTAlgorithmFactory.h; path = "cordova-plugin-code-push/CodePushJWTAlgorithmFactory.h"; sourceTree = "<group>"; };
		8EFF91D1EB3A4E5EBF371F19 /* prng.h */ = {isa = PBXFileReference; explicitFileType = undefined; fileEncoding = 4; includeInIndex = 0; lastKnownFileType = sourcecode.c.h; name = prng.h; path = "cordova-plugin-zip/Plugins/aes/prng.h"; sourceTree = "<group>"; };
		9032334378004ECFAA9F8B9A /* sha1.c */ = {isa = PBXFileReference; explicitFileType = undefined; fileEncoding = 9; includeInIndex = 0; lastKnownFileType = unknown; name = sha1.c; path = "cordova-plugin-zip/Plugins/aes/sha1.c"; sourceTree = "<group>"; };
		905CB343FFA34A25B4297C44 /* CodePushJWTCoding+VersionThree.m */ = {isa = PBXFileReference; explicitFileType = undefined; fileEncoding = 4; includeInIndex = 0; lastKnownFileType = sourcecode.c.objc; name = "CodePushJWTCoding+VersionThree.m"; path = "cordova-plugin-code-push/CodePushJWTCoding+VersionThree.m"; sourceTree = "<group>"; };
		93DB387689F340A0AD783AB0 /* CDVNotification.m */ = {isa = PBXFileReference; explicitFileType = undefined; fileEncoding = 4; includeInIndex = 0; lastKnownFileType = sourcecode.c.objc; name = CDVNotification.m; path = "cordova-plugin-dialogs/CDVNotification.m"; sourceTree = "<group>"; };
		942AC11573C945F4A83464C1 /* sha1.h */ = {isa = PBXFileReference; explicitFileType = undefined; fileEncoding = 4; includeInIndex = 0; lastKnownFileType = sourcecode.c.h; name = sha1.h; path = "cordova-plugin-zip/Plugins/aes/sha1.h"; sourceTree = "<group>"; };
		94F5D6A6F2CF4FE888A22D5D /* CDVFile.m */ = {isa = PBXFileReference; explicitFileType = undefined; fileEncoding = 4; includeInIndex = 0; lastKnownFileType = sourcecode.c.objc; name = CDVFile.m; path = "cordova-plugin-file/CDVFile.m"; sourceTree = "<group>"; };
		95BBE5FD885B4F109D32EBB6 /* CodePushJWTClaim.m */ = {isa = PBXFileReference; explicitFileType = undefined; fileEncoding = 4; includeInIndex = 0; lastKnownFileType = sourcecode.c.objc; name = CodePushJWTClaim.m; path = "cordova-plugin-code-push/CodePushJWTClaim.m"; sourceTree = "<group>"; };
		97418333CEA7427497538AD2 /* CDVInAppBrowser.m */ = {isa = PBXFileReference; explicitFileType = undefined; fileEncoding = 4; includeInIndex = 0; lastKnownFileType = sourcecode.c.objc; name = CDVInAppBrowser.m; path = "cordova-plugin-inappbrowser/CDVInAppBrowser.m"; sourceTree = "<group>"; };
		9981D863864242B9800B342D /* Utilities.h */ = {isa = PBXFileReference; explicitFileType = undefined; fileEncoding = 4; includeInIndex = 0; lastKnownFileType = sourcecode.c.h; name = Utilities.h; path = "cordova-plugin-code-push/Utilities.h"; sourceTree = "<group>"; };
		9BDEAD0408BF4B0CA27556B4 /* CDVJpegHeaderWriter.h */ = {isa = PBXFileReference; explicitFileType = undefined; fileEncoding = 4; includeInIndex = 0; lastKnownFileType = sourcecode.c.h; name = CDVJpegHeaderWriter.h; path = "cordova-plugin-camera/CDVJpegHeaderWriter.h"; sourceTree = "<group>"; };
		9D33E1F33FD0433BBEE92ACD /* CodePushJWTClaimsSet.m */ = {isa = PBXFileReference; explicitFileType = undefined; fileEncoding = 4; includeInIndex = 0; lastKnownFileType = sourcecode.c.objc; name = CodePushJWTClaimsSet.m; path = "cordova-plugin-code-push/CodePushJWTClaimsSet.m"; sourceTree = "<group>"; };
		9DB61A41C6174F56B5781FFB /* AVFoundation.framework */ = {isa = PBXFileReference; explicitFileType = undefined; fileEncoding = 9; includeInIndex = 0; lastKnownFileType = wrapper.framework; name = AVFoundation.framework; path = System/Library/Frameworks/AVFoundation.framework; sourceTree = SDKROOT; };
		9FD9BB7B00AF4F0AA27428B3 /* InstallOptions.m */ = {isa = PBXFileReference; explicitFileType = undefined; fileEncoding = 4; includeInIndex = 0; lastKnownFileType = sourcecode.c.objc; name = InstallOptions.m; path = "cordova-plugin-code-push/InstallOptions.m"; sourceTree = "<group>"; };
		A01ACB17CCC44466B4750622 /* CDVCamera.h */ = {isa = PBXFileReference; explicitFileType = undefined; fileEncoding = 4; includeInIndex = 0; lastKnownFileType = sourcecode.c.h; name = CDVCamera.h; path = "cordova-plugin-camera/CDVCamera.h"; sourceTree = "<group>"; };
		A07A1F0E495D43A7A856FAB9 /* aestab.c */ = {isa = PBXFileReference; explicitFileType = undefined; fileEncoding = 9; includeInIndex = 0; lastKnownFileType = unknown; name = aestab.c; path = "cordova-plugin-zip/Plugins/aes/aestab.c"; sourceTree = "<group>"; };
		A162379A34D145778993166A /* CodePushJWTCryptoSecurity.h */ = {isa = PBXFileReference; explicitFileType = undefined; fileEncoding = 4; includeInIndex = 0; lastKnownFileType = sourcecode.c.h; name = CodePushJWTCryptoSecurity.h; path = "cordova-plugin-code-push/CodePushJWTCryptoSecurity.h"; sourceTree = "<group>"; };
		A1DB299F4FC046E587F4989D /* CDVAssetLibraryFilesystem.m */ = {isa = PBXFileReference; explicitFileType = undefined; fileEncoding = 4; includeInIndex = 0; lastKnownFileType = sourcecode.c.objc; name = CDVAssetLibraryFilesystem.m; path = "cordova-plugin-file/CDVAssetLibraryFilesystem.m"; sourceTree = "<group>"; };
		A53C0C2ACDA443DD8D053F86 /* CodePushPackageManager.h */ = {isa = PBXFileReference; explicitFileType = undefined; fileEncoding = 4; includeInIndex = 0; lastKnownFileType = sourcecode.c.h; name = CodePushPackageManager.h; path = "cordova-plugin-code-push/CodePushPackageManager.h"; sourceTree = "<group>"; };
		A62EA77E86B84E9C88B0C0F7 /* hmac.c */ = {isa = PBXFileReference; explicitFileType = undefined; fileEncoding = 9; includeInIndex = 0; lastKnownFileType = unknown; name = hmac.c; path = "cordova-plugin-zip/Plugins/aes/hmac.c"; sourceTree = "<group>"; };
		A6976BE5E2F342EA940EC705 /* CDVReachability.h */ = {isa = PBXFileReference; explicitFileType = undefined; fileEncoding = 4; includeInIndex = 0; lastKnownFileType = sourcecode.c.h; name = CDVReachability.h; path = "cordova-plugin-network-information/CDVReachability.h"; sourceTree = "<group>"; };
		A80DE5F95CB94702A9E9BEBF /* CDVStatusBar.m */ = {isa = PBXFileReference; explicitFileType = undefined; fileEncoding = 4; includeInIndex = 0; lastKnownFileType = sourcecode.c.objc; name = CDVStatusBar.m; path = "cordova-plugin-statusbar/CDVStatusBar.m"; sourceTree = "<group>"; };
		A811FD1626DA4DEB9E7F4AE3 /* CodePushJWTAlgorithmESBase.m */ = {isa = PBXFileReference; explicitFileType = undefined; fileEncoding = 4; includeInIndex = 0; lastKnownFileType = sourcecode.c.objc; name = CodePushJWTAlgorithmESBase.m; path = "cordova-plugin-code-push/CodePushJWTAlgorithmESBase.m"; sourceTree = "<group>"; };
		A945B502E0AD496D8AE515EE /* CodePushJWTAlgorithmHSBase.m */ = {isa = PBXFileReference; explicitFileType = undefined; fileEncoding = 4; includeInIndex = 0; lastKnownFileType = sourcecode.c.objc; name = CodePushJWTAlgorithmHSBase.m; path = "cordova-plugin-code-push/CodePushJWTAlgorithmHSBase.m"; sourceTree = "<group>"; };
		A9B0885C78F549F99B17B465 /* CDVClipboard.m */ = {isa = PBXFileReference; explicitFileType = undefined; fileEncoding = 4; includeInIndex = 0; lastKnownFileType = sourcecode.c.objc; name = CDVClipboard.m; path = "cordova-clipboard/CDVClipboard.m"; sourceTree = "<group>"; };
		A9F6661F0DA94F878AE93308 /* CDVSplashScreen.h */ = {isa = PBXFileReference; explicitFileType = undefined; fileEncoding = 4; includeInIndex = 0; lastKnownFileType = sourcecode.c.h; name = CDVSplashScreen.h; path = "cordova-plugin-splashscreen/CDVSplashScreen.h"; sourceTree = "<group>"; };
		AC206912689349318421208B /* CodePushJWTClaim.h */ = {isa = PBXFileReference; explicitFileType = undefined; fileEncoding = 4; includeInIndex = 0; lastKnownFileType = sourcecode.c.h; name = CodePushJWTClaim.h; path = "cordova-plugin-code-push/CodePushJWTClaim.h"; sourceTree = "<group>"; };
		AE2E68C26D464A82A1B1A81D /* CDVConnection.h */ = {isa = PBXFileReference; explicitFileType = undefined; fileEncoding = 4; includeInIndex = 0; lastKnownFileType = sourcecode.c.h; name = CDVConnection.h; path = "cordova-plugin-network-information/CDVConnection.h"; sourceTree = "<group>"; };
		AFA9F596014F4ACEB1399F00 /* CodePush.h */ = {isa = PBXFileReference; explicitFileType = undefined; fileEncoding = 4; includeInIndex = 0; lastKnownFileType = sourcecode.c.h; name = CodePush.h; path = "cordova-plugin-code-push/CodePush.h"; sourceTree = "<group>"; };
		B2C6287024734CE9B7BC1005 /* CDVJpegHeaderWriter.m */ = {isa = PBXFileReference; explicitFileType = undefined; fileEncoding = 4; includeInIndex = 0; lastKnownFileType = sourcecode.c.objc; name = CDVJpegHeaderWriter.m; path = "cordova-plugin-camera/CDVJpegHeaderWriter.m"; sourceTree = "<group>"; };
		B8F5C0E0860542089751D3BE /* CDVCamera.m */ = {isa = PBXFileReference; explicitFileType = undefined; fileEncoding = 4; includeInIndex = 0; lastKnownFileType = sourcecode.c.objc; name = CDVCamera.m; path = "cordova-plugin-camera/CDVCamera.m"; sourceTree = "<group>"; };
		B96CC2A290954BD2B82940D4 /* CDVLocation.h */ = {isa = PBXFileReference; explicitFileType = undefined; fileEncoding = 4; includeInIndex = 0; lastKnownFileType = sourcecode.c.h; name = CDVLocation.h; path = "cordova-plugin-geolocation/CDVLocation.h"; sourceTree = "<group>"; };
		B9D112E48B3E4AD8AB373B1C /* CodePushJWTAlgorithmDataHolderChain.m */ = {isa = PBXFileReference; explicitFileType = undefined; fileEncoding = 4; includeInIndex = 0; lastKnownFileType = sourcecode.c.objc; name = CodePushJWTAlgorithmDataHolderChain.m; path = "cordova-plugin-code-push/CodePushJWTAlgorithmDataHolderChain.m"; sourceTree = "<group>"; };
		BA88814F32724EB6819ECD03 /* entropy.c */ = {isa = PBXFileReference; explicitFileType = undefined; fileEncoding = 9; includeInIndex = 0; lastKnownFileType = unknown; name = entropy.c; path = "cordova-plugin-zip/Plugins/aes/entropy.c"; sourceTree = "<group>"; };
		BBC0A7E1846B46D2BC8588B5 /* CDVContacts.h */ = {isa = PBXFileReference; explicitFileType = undefined; fileEncoding = 4; includeInIndex = 0; lastKnownFileType = sourcecode.c.h; name = CDVContacts.h; path = "cordova-plugin-contacts/CDVContacts.h"; sourceTree = "<group>"; };
		BD6F831BCF6348B4A4CC4256 /* aes.h */ = {isa = PBXFileReference; explicitFileType = undefined; fileEncoding = 4; includeInIndex = 0; lastKnownFileType = sourcecode.c.h; name = aes.h; path = "cordova-plugin-zip/Plugins/aes/aes.h"; sourceTree = "<group>"; };
		BFEF315490F347BEA5CF9CD7 /* CDVVibration.h */ = {isa = PBXFileReference; explicitFileType = undefined; fileEncoding = 4; includeInIndex = 0; lastKnownFileType = sourcecode.c.h; name = CDVVibration.h; path = "cordova-plugin-vibration/CDVVibration.h"; sourceTree = "<group>"; };
		C0BE8BF96F584F2D8C647CEC /* libz.tbd */ = {isa = PBXFileReference; explicitFileType = undefined; fileEncoding = 9; includeInIndex = 0; lastKnownFileType = "sourcecode.text-based-dylib-definition"; name = libz.tbd; path = usr/lib/libz.tbd; sourceTree = SDKROOT; };
		C2B58967CCBA4F0DA4186354 /* aeskey.c */ = {isa = PBXFileReference; explicitFileType = undefined; fileEncoding = 9; includeInIndex = 0; lastKnownFileType = unknown; name = aeskey.c; path = "cordova-plugin-zip/Plugins/aes/aeskey.c"; sourceTree = "<group>"; };
		C2C47293B8C34FD3B417574F /* CodePushJWTClaimsSetVerifier.m */ = {isa = PBXFileReference; explicitFileType = undefined; fileEncoding = 4; includeInIndex = 0; lastKnownFileType = sourcecode.c.objc; name = CodePushJWTClaimsSetVerifier.m; path = "cordova-plugin-code-push/CodePushJWTClaimsSetVerifier.m"; sourceTree = "<group>"; };
		C341FE5A185346F2BCD8331E /* CodePushJWTAlgorithmNone.h */ = {isa = PBXFileReference; explicitFileType = undefined; fileEncoding = 4; includeInIndex = 0; lastKnownFileType = sourcecode.c.h; name = CodePushJWTAlgorithmNone.h; path = "cordova-plugin-code-push/CodePushJWTAlgorithmNone.h"; sourceTree = "<group>"; };
		C54F926D47DD4E499FFB8705 /* CodePushJWTCoding.h */ = {isa = PBXFileReference; explicitFileType = undefined; fileEncoding = 4; includeInIndex = 0; lastKnownFileType = sourcecode.c.h; name = CodePushJWTCoding.h; path = "cordova-plugin-code-push/CodePushJWTCoding.h"; sourceTree = "<group>"; };
		C7E9491F15B34C41891FEC93 /* CodePushJWTCoding.m */ = {isa = PBXFileReference; explicitFileType = undefined; fileEncoding = 4; includeInIndex = 0; lastKnownFileType = sourcecode.c.objc; name = CodePushJWTCoding.m; path = "cordova-plugin-code-push/CodePushJWTCoding.m"; sourceTree = "<group>"; };
		C88FC7B0969B47A88B17520B /* CDVNotification.h */ = {isa = PBXFileReference; explicitFileType = undefined; fileEncoding = 4; includeInIndex = 0; lastKnownFileType = sourcecode.c.h; name = CDVNotification.h; path = "cordova-plugin-dialogs/CDVNotification.h"; sourceTree = "<group>"; };
		CDB0812B8EB44951952F7BA6 /* hmac.h */ = {isa = PBXFileReference; explicitFileType = undefined; fileEncoding = 4; includeInIndex = 0; lastKnownFileType = sourcecode.c.h; name = hmac.h; path = "cordova-plugin-zip/Plugins/aes/hmac.h"; sourceTree = "<group>"; };
		CE1F91AF706F40399DD155A7 /* CodePushJWTAlgorithmDataHolderChain.h */ = {isa = PBXFileReference; explicitFileType = undefined; fileEncoding = 4; includeInIndex = 0; lastKnownFileType = sourcecode.c.h; name = CodePushJWTAlgorithmDataHolderChain.h; path = "cordova-plugin-code-push/CodePushJWTAlgorithmDataHolderChain.h"; sourceTree = "<group>"; };
		CE60B676C36C4C67BE37BBB3 /* entropy.h */ = {isa = PBXFileReference; explicitFileType = undefined; fileEncoding = 4; includeInIndex = 0; lastKnownFileType = sourcecode.c.h; name = entropy.h; path = "cordova-plugin-zip/Plugins/aes/entropy.h"; sourceTree = "<group>"; };
		CF2679D97B4F406A914C7B1D /* CodePushJWTClaimsSetSerializer.m */ = {isa = PBXFileReference; explicitFileType = undefined; fileEncoding = 4; includeInIndex = 0; lastKnownFileType = sourcecode.c.objc; name = CodePushJWTClaimsSetSerializer.m; path = "cordova-plugin-code-push/CodePushJWTClaimsSetSerializer.m"; sourceTree = "<group>"; };
		D3D10AA3994D45F294217686 /* CodePushJWTCryptoKey.h */ = {isa = PBXFileReference; explicitFileType = undefined; fileEncoding = 4; includeInIndex = 0; lastKnownFileType = sourcecode.c.h; name = CodePushJWTCryptoKey.h; path = "cordova-plugin-code-push/CodePushJWTCryptoKey.h"; sourceTree = "<group>"; };
		D4E4D3769707419799F5BC9C /* CodePushJWTRSAlgorithm.h */ = {isa = PBXFileReference; explicitFileType = undefined; fileEncoding = 4; includeInIndex = 0; lastKnownFileType = sourcecode.c.h; name = CodePushJWTRSAlgorithm.h; path = "cordova-plugin-code-push/CodePushJWTRSAlgorithm.h"; sourceTree = "<group>"; };
		D5AA67011559475F91A4D641 /* CDVCompass.m */ = {isa = PBXFileReference; explicitFileType = undefined; fileEncoding = 4; includeInIndex = 0; lastKnownFileType = sourcecode.c.objc; name = CDVCompass.m; path = "cordova-plugin-device-orientation/CDVCompass.m"; sourceTree = "<group>"; };
		D5BD8EFB143B4E51BA11BBB6 /* StatusReport.h */ = {isa = PBXFileReference; explicitFileType = undefined; fileEncoding = 4; includeInIndex = 0; lastKnownFileType = sourcecode.c.h; name = StatusReport.h; path = "cordova-plugin-code-push/StatusReport.h"; sourceTree = "<group>"; };
		D5C7115F6C9D4551AC4BC50D /* CodePushJWTAlgorithmNone.m */ = {isa = PBXFileReference; explicitFileType = undefined; fileEncoding = 4; includeInIndex = 0; lastKnownFileType = sourcecode.c.objc; name = CodePushJWTAlgorithmNone.m; path = "cordova-plugin-code-push/CodePushJWTAlgorithmNone.m"; sourceTree = "<group>"; };
		D78AC62CFC4C4EE4BF5988E5 /* AddressBookUI.framework */ = {isa = PBXFileReference; explicitFileType = undefined; fileEncoding = 9; includeInIndex = 0; lastKnownFileType = wrapper.framework; name = AddressBookUI.framework; path = System/Library/Frameworks/AddressBookUI.framework; sourceTree = SDKROOT; };
		DB4B95ABAF5248DB8572C348 /* zip.c */ = {isa = PBXFileReference; explicitFileType = undefined; fileEncoding = 9; includeInIndex = 0; lastKnownFileType = unknown; name = zip.c; path = "cordova-plugin-zip/Plugins/minizip/zip.c"; sourceTree = "<group>"; };
		DC97D26797134B9DB49547D1 /* CDVContact.m */ = {isa = PBXFileReference; explicitFileType = undefined; fileEncoding = 4; includeInIndex = 0; lastKnownFileType = sourcecode.c.objc; name = CDVContact.m; path = "cordova-plugin-contacts/CDVContact.m"; sourceTree = "<group>"; };
		DD3F22F513CC4A46A6A113CF /* CDVExif.h */ = {isa = PBXFileReference; explicitFileType = undefined; fileEncoding = 4; includeInIndex = 0; lastKnownFileType = sourcecode.c.h; name = CDVExif.h; path = "cordova-plugin-camera/CDVExif.h"; sourceTree = "<group>"; };
		DDBAA50F5A18427BB5C8FCFE /* CodePushJWTErrorDescription.m */ = {isa = PBXFileReference; explicitFileType = undefined; fileEncoding = 4; includeInIndex = 0; lastKnownFileType = sourcecode.c.objc; name = CodePushJWTErrorDescription.m; path = "cordova-plugin-code-push/CodePushJWTErrorDescription.m"; sourceTree = "<group>"; };
		E1B0B37E050A4F568325FD32 /* CodePushJWTAlgorithmDataHolder.h */ = {isa = PBXFileReference; explicitFileType = undefined; fileEncoding = 4; includeInIndex = 0; lastKnownFileType = sourcecode.c.h; name = CodePushJWTAlgorithmDataHolder.h; path = "cordova-plugin-code-push/CodePushJWTAlgorithmDataHolder.h"; sourceTree = "<group>"; };
		E2E293874D2B4BC0A44B9EBD /* CodePushJWTCryptoKey.m */ = {isa = PBXFileReference; explicitFileType = undefined; fileEncoding = 4; includeInIndex = 0; lastKnownFileType = sourcecode.c.objc; name = CodePushJWTCryptoKey.m; path = "cordova-plugin-code-push/CodePushJWTCryptoKey.m"; sourceTree = "<group>"; };
		E39B90DCE3024C56B51000E3 /* mztools.c */ = {isa = PBXFileReference; explicitFileType = undefined; fileEncoding = 9; includeInIndex = 0; lastKnownFileType = unknown; name = mztools.c; path = "cordova-plugin-zip/Plugins/minizip/mztools.c"; sourceTree = "<group>"; };
		E462A003913B4B26A0B6A0AC /* CodePushJWTClaimsSet.h */ = {isa = PBXFileReference; explicitFileType = undefined; fileEncoding = 4; includeInIndex = 0; lastKnownFileType = sourcecode.c.h; name = CodePushJWTClaimsSet.h; path = "cordova-plugin-code-push/CodePushJWTClaimsSet.h"; sourceTree = "<group>"; };
		E92DCEFA4D5D4F0495E06647 /* CDVDevice.m */ = {isa = PBXFileReference; explicitFileType = undefined; fileEncoding = 4; includeInIndex = 0; lastKnownFileType = sourcecode.c.objc; name = CDVDevice.m; path = "cordova-plugin-device/CDVDevice.m"; sourceTree = "<group>"; };
		EA5418A0574C4FA596B39A6E /* CDVSound.h */ = {isa = PBXFileReference; explicitFileType = undefined; fileEncoding = 4; includeInIndex = 0; lastKnownFileType = sourcecode.c.h; name = CDVSound.h; path = "cordova-plugin-media/CDVSound.h"; sourceTree = "<group>"; };
		EB87FDF31871DA8E0020F90C /* www */ = {isa = PBXFileReference; lastKnownFileType = folder; name = www; path = ../../www; sourceTree = "<group>"; };
		EB87FDF41871DAF40020F90C /* config.xml */ = {isa = PBXFileReference; lastKnownFileType = text.xml; name = config.xml; path = ../../config.xml; sourceTree = "<group>"; };
		EB9FE6423E4C4B3EA2209894 /* StatusReport.m */ = {isa = PBXFileReference; explicitFileType = undefined; fileEncoding = 4; includeInIndex = 0; lastKnownFileType = sourcecode.c.objc; name = StatusReport.m; path = "cordova-plugin-code-push/StatusReport.m"; sourceTree = "<group>"; };
		EC13B68EBCE0466A88140087 /* CDVCompass.h */ = {isa = PBXFileReference; explicitFileType = undefined; fileEncoding = 4; includeInIndex = 0; lastKnownFileType = sourcecode.c.h; name = CDVCompass.h; path = "cordova-plugin-device-orientation/CDVCompass.h"; sourceTree = "<group>"; };
		EC67E413F4E2406091A3C078 /* CodePushJWTCoding+ResultTypes.h */ = {isa = PBXFileReference; explicitFileType = undefined; fileEncoding = 4; includeInIndex = 0; lastKnownFileType = sourcecode.c.h; name = "CodePushJWTCoding+ResultTypes.h"; path = "cordova-plugin-code-push/CodePushJWTCoding+ResultTypes.h"; sourceTree = "<group>"; };
		ECA0B6AD073D4B58957B8DC8 /* CDVCapture.m */ = {isa = PBXFileReference; explicitFileType = undefined; fileEncoding = 4; includeInIndex = 0; lastKnownFileType = sourcecode.c.objc; name = CDVCapture.m; path = "cordova-plugin-media-capture/CDVCapture.m"; sourceTree = "<group>"; };
		ECD72576BE8B413CBE4A40A7 /* CodePushMF_Base64Additions.m */ = {isa = PBXFileReference; explicitFileType = undefined; fileEncoding = 4; includeInIndex = 0; lastKnownFileType = sourcecode.c.objc; name = CodePushMF_Base64Additions.m; path = "cordova-plugin-code-push/CodePushMF_Base64Additions.m"; sourceTree = "<group>"; };
		ED33DF2A687741AEAF9F8254 /* Bridging-Header.h */ = {isa = PBXFileReference; fileEncoding = 4; lastKnownFileType = sourcecode.c.h; path = "Bridging-Header.h"; sourceTree = "<group>"; };
		EE4423883DC1465BB79A1785 /* libz.dylib */ = {isa = PBXFileReference; explicitFileType = undefined; fileEncoding = 9; includeInIndex = 0; lastKnownFileType = "compiled.mach-o.dylib"; name = libz.dylib; path = usr/lib/libz.dylib; sourceTree = SDKROOT; };
		EF1008A5A7364E41B26429C1 /* CodePushJWTCryptoKeyExtractor.m */ = {isa = PBXFileReference; explicitFileType = undefined; fileEncoding = 4; includeInIndex = 0; lastKnownFileType = sourcecode.c.objc; name = CodePushJWTCryptoKeyExtractor.m; path = "cordova-plugin-code-push/CodePushJWTCryptoKeyExtractor.m"; sourceTree = "<group>"; };
		F01342FD4826426082AF6FE1 /* CDVAccelerometer.m */ = {isa = PBXFileReference; explicitFileType = undefined; fileEncoding = 4; includeInIndex = 0; lastKnownFileType = sourcecode.c.objc; name = CDVAccelerometer.m; path = "cordova-plugin-device-motion/CDVAccelerometer.m"; sourceTree = "<group>"; };
		F08BBB8E41AC4268889F847A /* CDVBattery.h */ = {isa = PBXFileReference; explicitFileType = undefined; fileEncoding = 4; includeInIndex = 0; lastKnownFileType = sourcecode.c.h; name = CDVBattery.h; path = "cordova-plugin-battery-status/CDVBattery.h"; sourceTree = "<group>"; };
		F3D475C997B947E4A40389C0 /* CodePushJWTBase64Coder.h */ = {isa = PBXFileReference; explicitFileType = undefined; fileEncoding = 4; includeInIndex = 0; lastKnownFileType = sourcecode.c.h; name = CodePushJWTBase64Coder.h; path = "cordova-plugin-code-push/CodePushJWTBase64Coder.h"; sourceTree = "<group>"; };
		F441FD55BD9C4B5D871A64BB /* CodePushPackageManager.m */ = {isa = PBXFileReference; explicitFileType = undefined; fileEncoding = 4; includeInIndex = 0; lastKnownFileType = sourcecode.c.objc; name = CodePushPackageManager.m; path = "cordova-plugin-code-push/CodePushPackageManager.m"; sourceTree = "<group>"; };
		F5A0E980DB0F48CE92F1DC75 /* CDVContact.h */ = {isa = PBXFileReference; explicitFileType = undefined; fileEncoding = 4; includeInIndex = 0; lastKnownFileType = sourcecode.c.h; name = CDVContact.h; path = "cordova-plugin-contacts/CDVContact.h"; sourceTree = "<group>"; };
		F7B8D30E4FF4493A8685FF6D /* CodePushJWTClaimsSetVerifier.h */ = {isa = PBXFileReference; explicitFileType = undefined; fileEncoding = 4; includeInIndex = 0; lastKnownFileType = sourcecode.c.h; name = CodePushJWTClaimsSetVerifier.h; path = "cordova-plugin-code-push/CodePushJWTClaimsSetVerifier.h"; sourceTree = "<group>"; };
		F7F77ADAE0FA478896F967DD /* CDVGlobalization.m */ = {isa = PBXFileReference; explicitFileType = undefined; fileEncoding = 4; includeInIndex = 0; lastKnownFileType = sourcecode.c.objc; name = CDVGlobalization.m; path = "cordova-plugin-globalization/CDVGlobalization.m"; sourceTree = "<group>"; };
		F840E1F0165FE0F500CFE078 /* config.xml */ = {isa = PBXFileReference; lastKnownFileType = text.xml; name = config.xml; path = appSample/config.xml; sourceTree = "<group>"; };
		FACCB0E9BC604D5FA43E0BE0 /* CodePushMF_Base64Additions.h */ = {isa = PBXFileReference; explicitFileType = undefined; fileEncoding = 4; includeInIndex = 0; lastKnownFileType = sourcecode.c.h; name = CodePushMF_Base64Additions.h; path = "cordova-plugin-code-push/CodePushMF_Base64Additions.h"; sourceTree = "<group>"; };
		FECFFC950EA44F4E856F0D79 /* ioapi.c */ = {isa = PBXFileReference; explicitFileType = undefined; fileEncoding = 9; includeInIndex = 0; lastKnownFileType = unknown; name = ioapi.c; path = "cordova-plugin-zip/Plugins/minizip/ioapi.c"; sourceTree = "<group>"; };
/* End PBXFileReference section */

/* Begin PBXFrameworksBuildPhase section */
		1D60588F0D05DD3D006BFB54 /* Frameworks */ = {
			isa = PBXFrameworksBuildPhase;
			buildActionMask = 2147483647;
			files = (
				301BF552109A68D80062928A /* libCordova.a in Frameworks */,
				6E323484FE7349C9B5733F35 /* ImageIO.framework in Frameworks */,
				8EB2DC5A99D441CDB631717A /* CoreLocation.framework in Frameworks */,
				11078061AB69401A8EEF3EC2 /* AVFoundation.framework in Frameworks */,
				F37B00725A9E42ACB42A7803 /* AudioToolbox.framework in Frameworks */,
				EE58DFA5EAB44F6A803C12CE /* libz.tbd in Frameworks */,
				9296E851108A4FBF8592D470 /* AddressBook.framework in Frameworks */,
				297E65AA3F4742BC86400DFF /* AddressBookUI.framework in Frameworks */,
				E3DA81C476EF491FA4826356 /* CoreMotion.framework in Frameworks */,
				37FA962B31CF4A929627D86D /* SystemConfiguration.framework in Frameworks */,
				0D66C82685F9482899432493 /* CoreTelephony.framework in Frameworks */,
				BDC23768829B488F96D0D0F6 /* libz.dylib in Frameworks */,
			);
			runOnlyForDeploymentPostprocessing = 0;
		};
/* End PBXFrameworksBuildPhase section */

/* Begin PBXGroup section */
		080E96DDFE201D6D7F000001 /* Classes */ = {
			isa = PBXGroup;
			children = (
				302D95EE14D2391D003F00A1 /* MainViewController.h */,
				302D95EF14D2391D003F00A1 /* MainViewController.m */,
				302D95F014D2391D003F00A1 /* MainViewController.xib */,
				1D3623240D0F684500981E51 /* AppDelegate.h */,
				1D3623250D0F684500981E51 /* AppDelegate.m */,
			);
			name = Classes;
			path = appSample/Classes;
			sourceTree = SOURCE_ROOT;
		};
		19C28FACFE9D520D11CA2CBB /* Products */ = {
			isa = PBXGroup;
			children = (
				1D6058910D05DD3D006BFB54 /* appSample.app */,
			);
			name = Products;
			sourceTree = "<group>";
		};
		29B97314FDCFA39411CA2CEA /* CustomTemplate */ = {
			isa = PBXGroup;
			children = (
				EB87FDF41871DAF40020F90C /* config.xml */,
				EB87FDF31871DA8E0020F90C /* www */,
				EB87FDF11871DA420020F90C /* Staging */,
				301BF52D109A57CC0062928A /* CordovaLib/CordovaLib.xcodeproj */,
				080E96DDFE201D6D7F000001 /* Classes */,
				307C750510C5A3420062BCA9 /* Plugins */,
				29B97315FDCFA39411CA2CEA /* Other Sources */,
				29B97317FDCFA39411CA2CEA /* Resources */,
				29B97323FDCFA39411CA2CEA /* Frameworks */,
				19C28FACFE9D520D11CA2CBB /* Products */,
			);
			name = CustomTemplate;
			sourceTree = "<group>";
		};
		29B97315FDCFA39411CA2CEA /* Other Sources */ = {
			isa = PBXGroup;
			children = (
				32CA4F630368D1EE00C91783 /* appSample-Prefix.pch */,
				29B97316FDCFA39411CA2CEA /* main.m */,
				ED33DF2A687741AEAF9F8254 /* Bridging-Header.h */,
			);
			name = "Other Sources";
			path = appSample;
			sourceTree = "<group>";
		};
		29B97317FDCFA39411CA2CEA /* Resources */ = {
			isa = PBXGroup;
			children = (
				0207DA571B56EA530066E2B4 /* Images.xcassets */,
				3047A50E1AB8057F00498E2A /* config */,
				8D1107310486CEB800E47090 /* appSample-Info.plist */,
				6AFF5BF81D6E424B00AB3073 /* CDVLaunchScreen.storyboard */,
				39D0F39BCC804FA1BEA9C418 /* CDVNotification.bundle */,
				15614243091F4729BCBD68F1 /* CDVCapture.bundle */,
			);
			name = Resources;
			path = appSample/Resources;
			sourceTree = "<group>";
		};
		29B97323FDCFA39411CA2CEA /* Frameworks */ = {
			isa = PBXGroup;
			children = (
				2FC80A63789447E790F245AA /* ImageIO.framework */,
				534E71F39E3B4C869A120574 /* CoreLocation.framework */,
				9DB61A41C6174F56B5781FFB /* AVFoundation.framework */,
				6A45FE5D068840CD816FD29F /* AudioToolbox.framework */,
				C0BE8BF96F584F2D8C647CEC /* libz.tbd */,
				242A9365EC9540E9A4CA666A /* AddressBook.framework */,
				D78AC62CFC4C4EE4BF5988E5 /* AddressBookUI.framework */,
				681C14CC9F534367A0F4191F /* CoreMotion.framework */,
				0D4D3E164E5D4378A4E4A8DB /* SystemConfiguration.framework */,
				5957AEE61D0440878741E343 /* CoreTelephony.framework */,
				EE4423883DC1465BB79A1785 /* libz.dylib */,
			);
			name = Frameworks;
			sourceTree = "<group>";
		};
		301BF52E109A57CC0062928A /* Products */ = {
			isa = PBXGroup;
			children = (
				301BF535109A57CC0062928A /* libCordova.a */,
				003C63A020B6BF23008014CA /* Cordova.framework */,
			);
			name = Products;
			sourceTree = "<group>";
		};
		3047A50E1AB8057F00498E2A /* config */ = {
			isa = PBXGroup;
			children = (
				3047A50F1AB8059700498E2A /* build-debug.xcconfig */,
				3047A5101AB8059700498E2A /* build-release.xcconfig */,
				3047A5111AB8059700498E2A /* build.xcconfig */,
			);
			name = config;
			sourceTree = "<group>";
		};
		307C750510C5A3420062BCA9 /* Plugins */ = {
			isa = PBXGroup;
			children = (
				A9B0885C78F549F99B17B465 /* CDVClipboard.m */,
				2CD7ED77D26642F39E74F132 /* CDVClipboard.h */,
				36435F3794C7475CA8CEF3E2 /* CDVBattery.m */,
				F08BBB8E41AC4268889F847A /* CDVBattery.h */,
				7981E07CD21C4C408B4DDE5D /* UIImage+CropScaleOrientation.m */,
				B8F5C0E0860542089751D3BE /* CDVCamera.m */,
				B2C6287024734CE9B7BC1005 /* CDVJpegHeaderWriter.m */,
				097C6642BF13484580442989 /* UIImage+CropScaleOrientation.h */,
				A01ACB17CCC44466B4750622 /* CDVCamera.h */,
				9BDEAD0408BF4B0CA27556B4 /* CDVJpegHeaderWriter.h */,
				DD3F22F513CC4A46A6A113CF /* CDVExif.h */,
				93DB387689F340A0AD783AB0 /* CDVNotification.m */,
				C88FC7B0969B47A88B17520B /* CDVNotification.h */,
				E92DCEFA4D5D4F0495E06647 /* CDVDevice.m */,
				49B2B9B011814555AAA1BE9B /* CDVDevice.h */,
				0FE20B5F690A41B9B6D4EE88 /* CodePush.m */,
				15B8EEE6617E4CBF853BAEDC /* CodePushPackageMetadata.m */,
				F441FD55BD9C4B5D871A64BB /* CodePushPackageManager.m */,
				2D8873C1E7794A0D83D34A2F /* CodePushReportingManager.m */,
				9FD9BB7B00AF4F0AA27428B3 /* InstallOptions.m */,
				EB9FE6423E4C4B3EA2209894 /* StatusReport.m */,
				7EAEB6F5CB4C48A9B8EA84E8 /* UpdateHashUtils.m */,
				29BE8DB862994D91A0130B86 /* Utilities.m */,
				27A2B9977AB24EF9A385FAE1 /* CodePushJWTAlgorithmFactory.m */,
				D5C7115F6C9D4551AC4BC50D /* CodePushJWTAlgorithmNone.m */,
				A811FD1626DA4DEB9E7F4AE3 /* CodePushJWTAlgorithmESBase.m */,
				169735A78C4E4286893B7D0F /* CodePushJWTAlgorithmDataHolder.m */,
				B9D112E48B3E4AD8AB373B1C /* CodePushJWTAlgorithmDataHolderChain.m */,
				A945B502E0AD496D8AE515EE /* CodePushJWTAlgorithmHSBase.m */,
				8B8E5978F62B4EBFBF532B33 /* CodePushJWTAlgorithmRSBase.m */,
				E2E293874D2B4BC0A44B9EBD /* CodePushJWTCryptoKey.m */,
				EF1008A5A7364E41B26429C1 /* CodePushJWTCryptoKeyExtractor.m */,
				2D789E3F7F394DC6BDAA0D8C /* CodePushJWTCryptoSecurity.m */,
				95BBE5FD885B4F109D32EBB6 /* CodePushJWTClaim.m */,
				9D33E1F33FD0433BBEE92ACD /* CodePushJWTClaimsSet.m */,
				CF2679D97B4F406A914C7B1D /* CodePushJWTClaimsSetSerializer.m */,
				C2C47293B8C34FD3B417574F /* CodePushJWTClaimsSetVerifier.m */,
				0C14259BE9A14C80A4FAE3D0 /* CodePushJWTCoding+ResultTypes.m */,
				22ADD23F29774CEBAA15FC76 /* CodePushJWTCoding+VersionOne.m */,
				905CB343FFA34A25B4297C44 /* CodePushJWTCoding+VersionThree.m */,
				306A12BF83A9428B89645642 /* CodePushJWTCoding+VersionTwo.m */,
				C7E9491F15B34C41891FEC93 /* CodePushJWTCoding.m */,
				70159615A7004A5B934004F1 /* CodePushJWTBase64Coder.m */,
				DDBAA50F5A18427BB5C8FCFE /* CodePushJWTErrorDescription.m */,
				ECD72576BE8B413CBE4A40A7 /* CodePushMF_Base64Additions.m */,
				AFA9F596014F4ACEB1399F00 /* CodePush.h */,
				112A9A51238143EFB0CCC6F9 /* CodePushPackageMetadata.h */,
				A53C0C2ACDA443DD8D053F86 /* CodePushPackageManager.h */,
				83802511DB244B68B86979F9 /* CodePushReportingManager.h */,
				33DCC6E9F63D4D1CA66E97C4 /* InstallOptions.h */,
				44A2955A5EBC47DA98FD4B05 /* InstallMode.h */,
				D5BD8EFB143B4E51BA11BBB6 /* StatusReport.h */,
				28D25C58E1E848ACA63BE139 /* UpdateHashUtils.h */,
				9981D863864242B9800B342D /* Utilities.h */,
				5C6D54B0CC2B44AF9B08A614 /* CodePushJWTAlgorithm.h */,
				8EB2D9837413404EBE28E445 /* CodePushJWTAlgorithmFactory.h */,
				C341FE5A185346F2BCD8331E /* CodePushJWTAlgorithmNone.h */,
				799FF5DC96974D958F7B2C56 /* CodePushJWTAlgorithmESBase.h */,
				E1B0B37E050A4F568325FD32 /* CodePushJWTAlgorithmDataHolder.h */,
				CE1F91AF706F40399DD155A7 /* CodePushJWTAlgorithmDataHolderChain.h */,
				48F7142F5AE74D848A851C64 /* CodePushJWTAlgorithmHSBase.h */,
				7C35774F9C82406B994E3E3D /* CodePushJWTAlgorithmRSBase.h */,
				D4E4D3769707419799F5BC9C /* CodePushJWTRSAlgorithm.h */,
				D3D10AA3994D45F294217686 /* CodePushJWTCryptoKey.h */,
				3E054CE1B2BB4A5EB59CE9DB /* CodePushJWTCryptoKeyExtractor.h */,
				A162379A34D145778993166A /* CodePushJWTCryptoSecurity.h */,
				AC206912689349318421208B /* CodePushJWTClaim.h */,
				E462A003913B4B26A0B6A0AC /* CodePushJWTClaimsSet.h */,
				4022347899874878B8E1E574 /* CodePushJWTClaimsSetSerializer.h */,
				F7B8D30E4FF4493A8685FF6D /* CodePushJWTClaimsSetVerifier.h */,
				EC67E413F4E2406091A3C078 /* CodePushJWTCoding+ResultTypes.h */,
				6F79DD21EE9E484FB9193B7C /* CodePushJWTCoding+VersionOne.h */,
				86C0EDB247A24EA087C6DED1 /* CodePushJWTCoding+VersionThree.h */,
				686FD4E749FF41AAB6E510B8 /* CodePushJWTCoding+VersionTwo.h */,
				C54F926D47DD4E499FFB8705 /* CodePushJWTCoding.h */,
				050D0B01AE9E4B34AD97D85B /* CodePushJWT.h */,
				F3D475C997B947E4A40389C0 /* CodePushJWTBase64Coder.h */,
				3020B48848A34220971F19F4 /* CodePushJWTDeprecations.h */,
				695DB166AEF74E7AB92A73BE /* CodePushJWTErrorDescription.h */,
				FACCB0E9BC604D5FA43E0BE0 /* CodePushMF_Base64Additions.h */,
				3348A647BC624E58B76CD31F /* CDVContacts.m */,
				DC97D26797134B9DB49547D1 /* CDVContact.m */,
				BBC0A7E1846B46D2BC8588B5 /* CDVContacts.h */,
				F5A0E980DB0F48CE92F1DC75 /* CDVContact.h */,
				F01342FD4826426082AF6FE1 /* CDVAccelerometer.m */,
				8AEF98F00056411C9C860A2C /* CDVAccelerometer.h */,
				D5AA67011559475F91A4D641 /* CDVCompass.m */,
				EC13B68EBCE0466A88140087 /* CDVCompass.h */,
				94F5D6A6F2CF4FE888A22D5D /* CDVFile.m */,
				0FE3323F1968498FB705C08A /* CDVLocalFilesystem.m */,
				A1DB299F4FC046E587F4989D /* CDVAssetLibraryFilesystem.m */,
				729E7F45A99B4737A415B15B /* CDVFile.h */,
				7087031A111A44A48133E701 /* CDVLocalFilesystem.h */,
				38764B4A47304C5FB5E70842 /* CDVAssetLibraryFilesystem.h */,
				34602D9FBAD342F488F8F408 /* CDVFileTransfer.m */,
				1B67EA7B09724684A584DEE9 /* CDVFileTransfer.h */,
				173889B4CDC7417F9C55D6EB /* CDVLocation.m */,
				B96CC2A290954BD2B82940D4 /* CDVLocation.h */,
				F7F77ADAE0FA478896F967DD /* CDVGlobalization.m */,
				180863348297416FB44C6E2C /* CDVGlobalization.h */,
				97418333CEA7427497538AD2 /* CDVInAppBrowser.m */,
				0960C43399BF49E392E11C72 /* CDVInAppBrowser.h */,
				35847907C0174AF4883EDB8F /* CDVSound.m */,
				EA5418A0574C4FA596B39A6E /* CDVSound.h */,
				ECA0B6AD073D4B58957B8DC8 /* CDVCapture.m */,
				3D2ECFB743B746A9868FFBFD /* CDVCapture.h */,
				2831B6EDE97F47D9A917F1C1 /* CDVConnection.m */,
				749190428AD34456B6D906E3 /* CDVReachability.m */,
				AE2E68C26D464A82A1B1A81D /* CDVConnection.h */,
				A6976BE5E2F342EA940EC705 /* CDVReachability.h */,
				7C9E7ABE993E45489EB8A8AD /* CDVSplashScreen.m */,
				789F835C2D314E799FD1B4A2 /* CDVViewController+SplashScreen.m */,
				A9F6661F0DA94F878AE93308 /* CDVSplashScreen.h */,
				19C3DF040BC84F1EB471062D /* CDVViewController+SplashScreen.h */,
				A80DE5F95CB94702A9E9BEBF /* CDVStatusBar.m */,
				6416E68D0AE547F59F33F316 /* CDVStatusBar.h */,
				759A4BFBC70F4577B884E127 /* CDVVibration.m */,
				BFEF315490F347BEA5CF9CD7 /* CDVVibration.h */,
				6F97B35E331B418FA56E81B0 /* ZipPlugin.m */,
				412B179D375D4855B251BFDB /* aescrypt.c */,
				C2B58967CCBA4F0DA4186354 /* aeskey.c */,
				A07A1F0E495D43A7A856FAB9 /* aestab.c */,
				BA88814F32724EB6819ECD03 /* entropy.c */,
				55716601F3CA46609229A7D3 /* fileenc.c */,
				A62EA77E86B84E9C88B0C0F7 /* hmac.c */,
				00A0B073005C4FFCBBA0504E /* prng.c */,
				0831ECF0F5784982BD37582A /* pwd2key.c */,
				9032334378004ECFAA9F8B9A /* sha1.c */,
				47788B3D55124F64B3CCA8C5 /* SSZipArchive.m */,
				DB4B95ABAF5248DB8572C348 /* zip.c */,
				315C594FCCC6431CAED79364 /* unzip.c */,
				E39B90DCE3024C56B51000E3 /* mztools.c */,
				FECFFC950EA44F4E856F0D79 /* ioapi.c */,
				298528190F2841E7ACAAA312 /* ZipPlugin.h */,
				70272BEC177D4B5CBC4CD1ED /* Common.h */,
				BD6F831BCF6348B4A4CC4256 /* aes.h */,
				036C8438D2B04E1392C1E619 /* aes_via_ace.h */,
				874BB806ABD74532BDAAE085 /* aesopt.h */,
				16860C4EB3934FED986F0065 /* aestab.h */,
				009F30F631AC45018DA5BE3F /* brg_endian.h */,
				6EB6752765A348C58392981F /* brg_types.h */,
				CE60B676C36C4C67BE37BBB3 /* entropy.h */,
				4042E15F0B0E40A09E683918 /* fileenc.h */,
				CDB0812B8EB44951952F7BA6 /* hmac.h */,
				8EFF91D1EB3A4E5EBF371F19 /* prng.h */,
				021F64C9DB604E78B3EA07FB /* pwd2key.h */,
				942AC11573C945F4A83464C1 /* sha1.h */,
				30023D71590944F89DA1C5C5 /* SSZipArchive.h */,
				0F95FEC7C7CE41038019D54E /* zip.h */,
				0681CA7DFDF04604ABB48676 /* unzip.h */,
				496DF9F824C74BD0A2E90F68 /* mztools.h */,
				8D6F69A8DA4D470EA5FDAE00 /* ioapi.h */,
				6622D7803F1B4C38BF8437F2 /* crypt.h */,
			);
			name = Plugins;
			path = appSample/Plugins;
			sourceTree = SOURCE_ROOT;
		};
		EB87FDF11871DA420020F90C /* Staging */ = {
			isa = PBXGroup;
			children = (
				F840E1F0165FE0F500CFE078 /* config.xml */,
				301BF56E109A69640062928A /* www */,
			);
			name = Staging;
			sourceTree = "<group>";
		};
/* End PBXGroup section */

/* Begin PBXNativeTarget section */
		1D6058900D05DD3D006BFB54 /* appSample */ = {
			isa = PBXNativeTarget;
			buildConfigurationList = 1D6058960D05DD3E006BFB54 /* Build configuration list for PBXNativeTarget "appSample" */;
			buildPhases = (
				304B58A110DAC018002A0835 /* Copy www directory */,
				1D60588D0D05DD3D006BFB54 /* Resources */,
				1D60588E0D05DD3D006BFB54 /* Sources */,
				1D60588F0D05DD3D006BFB54 /* Frameworks */,
			);
			buildRules = (
			);
			dependencies = (
				301BF551109A68C00062928A /* PBXTargetDependency */,
			);
			name = appSample;
			productName = appSample;
			productReference = 1D6058910D05DD3D006BFB54 /* appSample.app */;
			productType = "com.apple.product-type.application";
		};
/* End PBXNativeTarget section */

/* Begin PBXProject section */
		29B97313FDCFA39411CA2CEA /* Project object */ = {
			isa = PBXProject;
			attributes = {
				LastUpgradeCheck = 510;
				TargetAttributes = {
					1D6058900D05DD3D006BFB54 = {
						DevelopmentTeam = 6Y52V6LHX3;
					};
				};
			};
			buildConfigurationList = C01FCF4E08A954540054247B /* Build configuration list for PBXProject "appSample" */;
			compatibilityVersion = "Xcode 3.2";
			developmentRegion = English;
			hasScannedForEncodings = 1;
			knownRegions = (
				en,
			);
			mainGroup = 29B97314FDCFA39411CA2CEA /* CustomTemplate */;
			projectDirPath = "";
			projectReferences = (
				{
					ProductGroup = 301BF52E109A57CC0062928A /* Products */;
					ProjectRef = 301BF52D109A57CC0062928A /* CordovaLib/CordovaLib.xcodeproj */;
				},
			);
			projectRoot = "";
			targets = (
				1D6058900D05DD3D006BFB54 /* appSample */,
			);
		};
/* End PBXProject section */

/* Begin PBXReferenceProxy section */
		003C63A020B6BF23008014CA /* Cordova.framework */ = {
			isa = PBXReferenceProxy;
			fileType = wrapper.framework;
			path = Cordova.framework;
			remoteRef = 003C639F20B6BF23008014CA /* PBXContainerItemProxy */;
			sourceTree = BUILT_PRODUCTS_DIR;
		};
		301BF535109A57CC0062928A /* libCordova.a */ = {
			isa = PBXReferenceProxy;
			fileType = archive.ar;
			path = libCordova.a;
			remoteRef = 301BF534109A57CC0062928A /* PBXContainerItemProxy */;
			sourceTree = BUILT_PRODUCTS_DIR;
		};
/* End PBXReferenceProxy section */

/* Begin PBXResourcesBuildPhase section */
		1D60588D0D05DD3D006BFB54 /* Resources */ = {
			isa = PBXResourcesBuildPhase;
			buildActionMask = 2147483647;
			files = (
				302D95F214D2391D003F00A1 /* MainViewController.xib in Resources */,
				0207DA581B56EA530066E2B4 /* Images.xcassets in Resources */,
				6AFF5BF91D6E424B00AB3073 /* CDVLaunchScreen.storyboard in Resources */,
				1421FD94A07D4A828F32C5D7 /* CDVNotification.bundle in Resources */,
				02C249301F474AC99BB8B46E /* CDVCapture.bundle in Resources */,
			);
			runOnlyForDeploymentPostprocessing = 0;
		};
/* End PBXResourcesBuildPhase section */

/* Begin PBXShellScriptBuildPhase section */
		304B58A110DAC018002A0835 /* Copy www directory */ = {
			isa = PBXShellScriptBuildPhase;
			buildActionMask = 2147483647;
			files = (
			);
			inputPaths = (
			);
			name = "Copy www directory";
			outputPaths = (
			);
			runOnlyForDeploymentPostprocessing = 0;
			shellPath = /bin/sh;
			shellScript = "NODEJS_PATH=/usr/local/bin; NVM_NODE_PATH=~/.nvm/versions/node/`nvm version 2>/dev/null`/bin; N_NODE_PATH=`find /usr/local/n/versions/node/* -maxdepth 0 -type d 2>/dev/null | tail -1`/bin; XCODE_NODE_PATH=`xcode-select --print-path`/usr/share/xcs/Node/bin; PATH=$NODEJS_PATH:$NVM_NODE_PATH:$N_NODE_PATH:$XCODE_NODE_PATH:$PATH && node cordova/lib/copy-www-build-step.js";
			showEnvVarsInLog = 0;
		};
/* End PBXShellScriptBuildPhase section */

/* Begin PBXSourcesBuildPhase section */
		1D60588E0D05DD3D006BFB54 /* Sources */ = {
			isa = PBXSourcesBuildPhase;
			buildActionMask = 2147483647;
			files = (
				1D60589B0D05DD56006BFB54 /* main.m in Sources */,
				1D3623260D0F684500981E51 /* AppDelegate.m in Sources */,
				302D95F114D2391D003F00A1 /* MainViewController.m in Sources */,
				63517AF2DFE4429BA3A38E94 /* CDVClipboard.m in Sources */,
				61CBBF9AA3BD4B4F867CB6B2 /* CDVBattery.m in Sources */,
				A62BAB1FFFB347AD88E755D8 /* UIImage+CropScaleOrientation.m in Sources */,
				BA9AA5519FF04707918112FD /* CDVCamera.m in Sources */,
				41E868A50CAA4663B6DBE210 /* CDVJpegHeaderWriter.m in Sources */,
				F0BFFA18EE144DD18D1F7D37 /* CDVNotification.m in Sources */,
				564F7F9F49744D2BA4E7CB6E /* CDVDevice.m in Sources */,
				34BBF381156F4611B528BF77 /* CodePush.m in Sources */,
				C8ED56B9F6724008BF0C44B1 /* CodePushPackageMetadata.m in Sources */,
				6627D07A420F4300B5873ED0 /* CodePushPackageManager.m in Sources */,
				36763441A6A0462AB4C67DB2 /* CodePushReportingManager.m in Sources */,
				88CFAE74DE19488989422F09 /* InstallOptions.m in Sources */,
				A4D7B3F18A67499AAFEF0AF3 /* StatusReport.m in Sources */,
				7B1CADE096334FC8956AE3FB /* UpdateHashUtils.m in Sources */,
				36B96E5DCEC44B688AC6E813 /* Utilities.m in Sources */,
				E79CD3244C8F40CA96E41738 /* CodePushJWTAlgorithmFactory.m in Sources */,
				739A4720238041A68397EEF8 /* CodePushJWTAlgorithmNone.m in Sources */,
				A971CD4C95164023B27199A0 /* CodePushJWTAlgorithmESBase.m in Sources */,
				95219111D089437F8C752CC2 /* CodePushJWTAlgorithmDataHolder.m in Sources */,
				AABB17F357C44BEE9B096A9D /* CodePushJWTAlgorithmDataHolderChain.m in Sources */,
				65EF2FCA12124C5FABF55C85 /* CodePushJWTAlgorithmHSBase.m in Sources */,
				B31B995CFC7A4B41B6B24BE5 /* CodePushJWTAlgorithmRSBase.m in Sources */,
				3436D646A793400982D21618 /* CodePushJWTCryptoKey.m in Sources */,
				0B1A7204E072432AADBF5C5E /* CodePushJWTCryptoKeyExtractor.m in Sources */,
				BC9F06B909C54B37A256CD3F /* CodePushJWTCryptoSecurity.m in Sources */,
				C07BF8484DAE442898CC1978 /* CodePushJWTClaim.m in Sources */,
				8D97274D1CF7454B89D054BF /* CodePushJWTClaimsSet.m in Sources */,
				FB15479CBF374D8287F99ADE /* CodePushJWTClaimsSetSerializer.m in Sources */,
				BD3060BE10C04452ADA8515B /* CodePushJWTClaimsSetVerifier.m in Sources */,
				082D7CC747E54BD9BDC33CE7 /* CodePushJWTCoding+ResultTypes.m in Sources */,
				CD39A5DED4264C18881E96A8 /* CodePushJWTCoding+VersionOne.m in Sources */,
				43AD025E71C5427883A6626B /* CodePushJWTCoding+VersionThree.m in Sources */,
				D06DC7FC6F73461FBAA7C5B7 /* CodePushJWTCoding+VersionTwo.m in Sources */,
				D4238BDA916D4761A78D6EB4 /* CodePushJWTCoding.m in Sources */,
				3BCA2B97F4914DA6A5699E19 /* CodePushJWTBase64Coder.m in Sources */,
				B54C9529A2E341B48AA19AAC /* CodePushJWTErrorDescription.m in Sources */,
				628810AD4CE1468EA7D61043 /* CodePushMF_Base64Additions.m in Sources */,
				102C6412096642F79BAE3BD0 /* CDVContacts.m in Sources */,
				3ED633A729AB4C87962665D4 /* CDVContact.m in Sources */,
				9CE68031E04F446F884547F9 /* CDVAccelerometer.m in Sources */,
				6D848DC5C4DE434DA8AC158A /* CDVCompass.m in Sources */,
				09ED88E06EAD477483EE1565 /* CDVFile.m in Sources */,
				5C8509AF57454761833B7A76 /* CDVLocalFilesystem.m in Sources */,
				D85F32FA55E64B60A72BD3DD /* CDVAssetLibraryFilesystem.m in Sources */,
				511D90262A6E4CD9885E983F /* CDVFileTransfer.m in Sources */,
				4A055DC6AEBD45EFABB159AE /* CDVLocation.m in Sources */,
				9A634991B90B456CBB8A78C0 /* CDVGlobalization.m in Sources */,
				1462DC011FF94A5984D76472 /* CDVInAppBrowser.m in Sources */,
				98A271BDAC0F4745B0F0611A /* CDVSound.m in Sources */,
				D5706FA800C24771A276FF6F /* CDVCapture.m in Sources */,
				97F48CA98D2B4DA98888F923 /* CDVConnection.m in Sources */,
				7090D6C731C24D9A8FD46BD0 /* CDVReachability.m in Sources */,
				766EDC127FA14831AB2E9BC7 /* CDVSplashScreen.m in Sources */,
				5070CAEF56024AEBA981E311 /* CDVViewController+SplashScreen.m in Sources */,
				5761360DD379472088534330 /* CDVStatusBar.m in Sources */,
				10C1C43A193C4AB4A55F2192 /* CDVVibration.m in Sources */,
				F2AA98DCDE964881891DAD88 /* ZipPlugin.m in Sources */,
				BED27478F91B43528DA61D1B /* aescrypt.c in Sources */,
				AEBE657453D843B8ACA3134F /* aeskey.c in Sources */,
				CAA9F108043C4817AD2CB6DF /* aestab.c in Sources */,
				AB6521D66B0643CF97FA97AD /* entropy.c in Sources */,
				1DDA196CBE4E47C3A9CE8192 /* fileenc.c in Sources */,
				570344182DC846F9983ADB0D /* hmac.c in Sources */,
				18BE5A523BBB44EDACBC3DA4 /* prng.c in Sources */,
				07D43C0E681F4A8D9EE9DA74 /* pwd2key.c in Sources */,
				D04FAC1631B144D3A7D8A7BC /* sha1.c in Sources */,
				7F4C3C89A7714664BE3AD950 /* SSZipArchive.m in Sources */,
				7F6207411D0E4B1AABDDD569 /* zip.c in Sources */,
				B0AC5FE6F0304F4D96F08C41 /* unzip.c in Sources */,
				06C73410FD734731AE265D25 /* mztools.c in Sources */,
				4C49CBA85FB842E6AE62BFD5 /* ioapi.c in Sources */,
			);
			runOnlyForDeploymentPostprocessing = 0;
		};
/* End PBXSourcesBuildPhase section */

/* Begin PBXTargetDependency section */
		301BF551109A68C00062928A /* PBXTargetDependency */ = {
			isa = PBXTargetDependency;
			name = CordovaLib;
			targetProxy = 301BF550109A68C00062928A /* PBXContainerItemProxy */;
		};
/* End PBXTargetDependency section */

/* Begin XCBuildConfiguration section */
		1D6058940D05DD3E006BFB54 /* Debug */ = {
			isa = XCBuildConfiguration;
			baseConfigurationReference = 3047A50F1AB8059700498E2A /* build-debug.xcconfig */;
			buildSettings = {
				ALWAYS_SEARCH_USER_PATHS = NO;
				ASSETCATALOG_COMPILER_APPICON_NAME = AppIcon;
				ASSETCATALOG_COMPILER_LAUNCHIMAGE_NAME = LaunchImage;
				CLANG_ENABLE_MODULES = YES;
				CLANG_ENABLE_OBJC_ARC = YES;
				COPY_PHASE_STRIP = NO;
				DEVELOPMENT_TEAM = 6Y52V6LHX3;
				GCC_DYNAMIC_NO_PIC = NO;
				GCC_OPTIMIZATION_LEVEL = 0;
				GCC_PRECOMPILE_PREFIX_HEADER = YES;
				GCC_PREFIX_HEADER = "appSample/appSample-Prefix.pch";
				GCC_THUMB_SUPPORT = NO;
				GCC_VERSION = "";
				INFOPLIST_FILE = "appSample/appSample-Info.plist";
				IPHONEOS_DEPLOYMENT_TARGET = 9.0;
				LD_RUNPATH_SEARCH_PATHS = "@executable_path/Frameworks";
				PRODUCT_BUNDLE_IDENTIFIER = org.myapp.samplee;
				PRODUCT_NAME = appSample;
				TARGETED_DEVICE_FAMILY = "1,2";
			};
			name = Debug;
		};
		1D6058950D05DD3E006BFB54 /* Release */ = {
			isa = XCBuildConfiguration;
			baseConfigurationReference = 3047A5101AB8059700498E2A /* build-release.xcconfig */;
			buildSettings = {
				ALWAYS_SEARCH_USER_PATHS = NO;
				ASSETCATALOG_COMPILER_APPICON_NAME = AppIcon;
				ASSETCATALOG_COMPILER_LAUNCHIMAGE_NAME = LaunchImage;
				CLANG_ENABLE_MODULES = YES;
				CLANG_ENABLE_OBJC_ARC = YES;
				COPY_PHASE_STRIP = YES;
				DEVELOPMENT_TEAM = 6Y52V6LHX3;
				GCC_PRECOMPILE_PREFIX_HEADER = YES;
				GCC_PREFIX_HEADER = "appSample/appSample-Prefix.pch";
				GCC_THUMB_SUPPORT = NO;
				GCC_VERSION = "";
				INFOPLIST_FILE = "appSample/appSample-Info.plist";
				IPHONEOS_DEPLOYMENT_TARGET = 9.0;
				LD_RUNPATH_SEARCH_PATHS = "@executable_path/Frameworks";
				PRODUCT_BUNDLE_IDENTIFIER = org.myapp.samplee;
				PRODUCT_NAME = appSample;
				TARGETED_DEVICE_FAMILY = "1,2";
			};
			name = Release;
		};
		C01FCF4F08A954540054247B /* Debug */ = {
			isa = XCBuildConfiguration;
			baseConfigurationReference = 3047A5111AB8059700498E2A /* build.xcconfig */;
			buildSettings = {
				ASSETCATALOG_COMPILER_LAUNCHIMAGE_NAME = LaunchImage;
				CLANG_ENABLE_MODULES = YES;
				CLANG_ENABLE_OBJC_ARC = YES;
				CLANG_WARN_BOOL_CONVERSION = YES;
				CLANG_WARN_CONSTANT_CONVERSION = YES;
				CLANG_WARN_EMPTY_BODY = YES;
				CLANG_WARN_ENUM_CONVERSION = YES;
				CLANG_WARN_INT_CONVERSION = YES;
				CLANG_WARN__DUPLICATE_METHOD_MATCH = YES;
				GCC_C_LANGUAGE_STANDARD = c99;
				GCC_THUMB_SUPPORT = NO;
				GCC_VERSION = "";
				GCC_WARN_ABOUT_RETURN_TYPE = YES;
				GCC_WARN_UNDECLARED_SELECTOR = YES;
				GCC_WARN_UNINITIALIZED_AUTOS = YES;
				GCC_WARN_UNUSED_FUNCTION = YES;
				GCC_WARN_UNUSED_VARIABLE = YES;
				ONLY_ACTIVE_ARCH = YES;
				SDKROOT = iphoneos;
				SKIP_INSTALL = NO;
			};
			name = Debug;
		};
		C01FCF5008A954540054247B /* Release */ = {
			isa = XCBuildConfiguration;
			baseConfigurationReference = 3047A5111AB8059700498E2A /* build.xcconfig */;
			buildSettings = {
				ASSETCATALOG_COMPILER_LAUNCHIMAGE_NAME = LaunchImage;
				CLANG_ENABLE_MODULES = YES;
				CLANG_ENABLE_OBJC_ARC = YES;
				CLANG_WARN_BOOL_CONVERSION = YES;
				CLANG_WARN_CONSTANT_CONVERSION = YES;
				CLANG_WARN_EMPTY_BODY = YES;
				CLANG_WARN_ENUM_CONVERSION = YES;
				CLANG_WARN_INT_CONVERSION = YES;
				CLANG_WARN__DUPLICATE_METHOD_MATCH = YES;
				GCC_C_LANGUAGE_STANDARD = c99;
				GCC_THUMB_SUPPORT = NO;
				GCC_VERSION = "";
				GCC_WARN_ABOUT_RETURN_TYPE = YES;
				GCC_WARN_UNDECLARED_SELECTOR = YES;
				GCC_WARN_UNINITIALIZED_AUTOS = YES;
				GCC_WARN_UNUSED_FUNCTION = YES;
				GCC_WARN_UNUSED_VARIABLE = YES;
				SDKROOT = iphoneos;
				SKIP_INSTALL = NO;
			};
			name = Release;
		};
/* End XCBuildConfiguration section */

/* Begin XCConfigurationList section */
		1D6058960D05DD3E006BFB54 /* Build configuration list for PBXNativeTarget "appSample" */ = {
			isa = XCConfigurationList;
			buildConfigurations = (
				1D6058940D05DD3E006BFB54 /* Debug */,
				1D6058950D05DD3E006BFB54 /* Release */,
			);
			defaultConfigurationIsVisible = 0;
			defaultConfigurationName = Release;
		};
		C01FCF4E08A954540054247B /* Build configuration list for PBXProject "appSample" */ = {
			isa = XCConfigurationList;
			buildConfigurations = (
				C01FCF4F08A954540054247B /* Debug */,
				C01FCF5008A954540054247B /* Release */,
			);
			defaultConfigurationIsVisible = 0;
			defaultConfigurationName = Release;
		};
/* End XCConfigurationList section */
	};
	rootObject = 29B97313FDCFA39411CA2CEA /* Project object */;
}
